{
  "version": 4,
  "terraform_version": "0.14.3",
  "serial": 411,
  "lineage": "e43e447a-bf86-9729-9858-87b39de506f4",
  "outputs": {},
  "resources": [
    {
      "mode": "data",
      "type": "azurerm_client_config",
      "name": "current",
      "provider": "provider[\"registry.terraform.io/hashicorp/azurerm\"]",
      "instances": [
        {
          "schema_version": 0,
          "attributes": {
            "client_id": "04b07795-8ddb-461a-bbee-02f9e1bf7b46",
            "id": "2021-10-15 17:54:51.325536372 +0000 UTC",
            "object_id": "6f2b0c2c-5b93-4ee7-b6d6-57cad1d038e3",
            "subscription_id": "0cbfc5fe-8f57-4f7f-a5f4-cc9b1feb4bc0",
            "tenant_id": "40656ed8-88a4-4578-87e8-04444b36a28f",
            "timeouts": null
          },
          "sensitive_attributes": []
        }
      ]
    },
    {
      "mode": "data",
      "type": "azurerm_subscription",
      "name": "current",
      "provider": "provider[\"registry.terraform.io/hashicorp/azurerm\"]",
      "instances": [
        {
          "schema_version": 0,
          "attributes": {
            "display_name": "Azure subscription 1",
            "id": "/subscriptions/0cbfc5fe-8f57-4f7f-a5f4-cc9b1feb4bc0",
            "location_placement_id": "Public_2014-09-01",
            "quota_id": "PayAsYouGo_2014-09-01",
            "spending_limit": "Off",
            "state": "Enabled",
            "subscription_id": "0cbfc5fe-8f57-4f7f-a5f4-cc9b1feb4bc0",
            "tags": {},
            "tenant_id": "40656ed8-88a4-4578-87e8-04444b36a28f",
            "timeouts": null
          },
          "sensitive_attributes": []
        }
      ]
    },
    {
      "mode": "managed",
      "type": "azurerm_application_insights",
      "name": "appI",
      "provider": "provider[\"registry.terraform.io/hashicorp/azurerm\"]",
      "instances": [
        {
          "schema_version": 0,
          "attributes": {
            "app_id": "54699af2-e319-4fdd-8059-2de24eba4287",
            "application_type": "web",
            "connection_string": "InstrumentationKey=9ba3b232-ba37-4b46-94a9-f2668b84e892;IngestionEndpoint=https://eastus-1.in.applicationinsights.azure.com/",
            "daily_data_cap_in_gb": 100,
            "daily_data_cap_notifications_disabled": false,
            "disable_ip_masking": false,
            "id": "/subscriptions/0cbfc5fe-8f57-4f7f-a5f4-cc9b1feb4bc0/resourceGroups/ejxs8-global-unreal-rg/providers/microsoft.insights/components/ejxs8-appinsights-eastus",
            "instrumentation_key": "9ba3b232-ba37-4b46-94a9-f2668b84e892",
            "location": "eastus",
            "name": "ejxs8-appinsights-eastus",
            "resource_group_name": "ejxs8-global-unreal-rg",
            "retention_in_days": 30,
            "sampling_percentage": 100,
            "tags": null,
            "timeouts": null
          },
          "sensitive_attributes": [],
          "private": "eyJlMmJmYjczMC1lY2FhLTExZTYtOGY4OC0zNDM2M2JjN2M0YzAiOnsiY3JlYXRlIjoxODAwMDAwMDAwMDAwLCJkZWxldGUiOjE4MDAwMDAwMDAwMDAsInJlYWQiOjMwMDAwMDAwMDAwMCwidXBkYXRlIjoxODAwMDAwMDAwMDAwfX0=",
          "dependencies": [
            "azurerm_resource_group.rg_global",
            "data.azurerm_client_config.current",
            "random_string.base_id"
          ]
        }
      ]
    },
    {
      "mode": "managed",
      "type": "azurerm_key_vault",
      "name": "akv",
      "provider": "provider[\"registry.terraform.io/hashicorp/azurerm\"]",
      "instances": [
        {
          "schema_version": 2,
          "attributes": {
            "access_policy": [
              {
                "application_id": "",
                "certificate_permissions": [
                  "get",
                  "delete",
                  "list",
                  "import",
                  "update"
                ],
                "key_permissions": [
                  "create",
                  "get",
                  "list",
                  "verify"
                ],
                "object_id": "6f2b0c2c-5b93-4ee7-b6d6-57cad1d038e3",
                "secret_permissions": [
                  "set",
                  "get",
                  "delete",
                  "list",
                  "recover"
                ],
                "storage_permissions": null,
                "tenant_id": "40656ed8-88a4-4578-87e8-04444b36a28f"
              }
            ],
            "contact": [],
            "enable_rbac_authorization": false,
            "enabled_for_deployment": false,
            "enabled_for_disk_encryption": false,
            "enabled_for_template_deployment": false,
            "id": "/subscriptions/0cbfc5fe-8f57-4f7f-a5f4-cc9b1feb4bc0/resourceGroups/ejxs8-global-unreal-rg/providers/Microsoft.KeyVault/vaults/akv-ejxs8-eastus",
            "location": "eastus",
            "name": "akv-ejxs8-eastus",
            "network_acls": [
              {
                "bypass": "AzureServices",
                "default_action": "Allow",
                "ip_rules": [],
                "virtual_network_subnet_ids": []
              }
            ],
            "purge_protection_enabled": false,
            "resource_group_name": "ejxs8-global-unreal-rg",
            "sku_name": "premium",
            "soft_delete_enabled": true,
            "soft_delete_retention_days": 7,
            "tags": null,
            "tenant_id": "40656ed8-88a4-4578-87e8-04444b36a28f",
            "timeouts": null,
            "vault_uri": "https://akv-ejxs8-eastus.vault.azure.net/"
          },
          "sensitive_attributes": [],
          "private": "eyJlMmJmYjczMC1lY2FhLTExZTYtOGY4OC0zNDM2M2JjN2M0YzAiOnsiY3JlYXRlIjoxODAwMDAwMDAwMDAwLCJkZWxldGUiOjE4MDAwMDAwMDAwMDAsInJlYWQiOjMwMDAwMDAwMDAwMCwidXBkYXRlIjoxODAwMDAwMDAwMDAwfSwic2NoZW1hX3ZlcnNpb24iOiIyIn0=",
          "dependencies": [
            "azurerm_resource_group.rg_global",
            "data.azurerm_client_config.current",
            "random_string.base_id"
          ]
        }
      ]
    },
    {
      "mode": "managed",
      "type": "azurerm_resource_group",
      "name": "rg_global",
      "provider": "provider[\"registry.terraform.io/hashicorp/azurerm\"]",
      "instances": [
        {
          "schema_version": 0,
          "attributes": {
            "id": "/subscriptions/0cbfc5fe-8f57-4f7f-a5f4-cc9b1feb4bc0/resourceGroups/ejxs8-global-unreal-rg",
            "location": "eastus",
            "name": "ejxs8-global-unreal-rg",
            "tags": {
              "client_id": "04b07795-8ddb-461a-bbee-02f9e1bf7b46"
            },
            "timeouts": null
          },
          "sensitive_attributes": [],
          "private": "eyJlMmJmYjczMC1lY2FhLTExZTYtOGY4OC0zNDM2M2JjN2M0YzAiOnsiY3JlYXRlIjo1NDAwMDAwMDAwMDAwLCJkZWxldGUiOjU0MDAwMDAwMDAwMDAsInJlYWQiOjMwMDAwMDAwMDAwMCwidXBkYXRlIjo1NDAwMDAwMDAwMDAwfX0=",
          "dependencies": [
            "data.azurerm_client_config.current",
            "random_string.base_id"
          ]
        }
      ]
    },
    {
      "mode": "managed",
      "type": "azurerm_storage_account",
      "name": "storageaccount",
      "provider": "provider[\"registry.terraform.io/hashicorp/azurerm\"]",
      "instances": [
        {
          "schema_version": 2,
          "attributes": {
            "access_tier": "Hot",
            "account_kind": "StorageV2",
            "account_replication_type": "LRS",
            "account_tier": "Standard",
            "allow_blob_public_access": false,
            "blob_properties": [],
            "custom_domain": [],
            "enable_https_traffic_only": true,
            "id": "/subscriptions/0cbfc5fe-8f57-4f7f-a5f4-cc9b1feb4bc0/resourceGroups/ejxs8-global-unreal-rg/providers/Microsoft.Storage/storageAccounts/ejxs8storacct",
            "identity": [],
            "is_hns_enabled": false,
            "large_file_share_enabled": null,
            "location": "eastus",
            "min_tls_version": "TLS1_0",
            "name": "ejxs8storacct",
            "network_rules": [
              {
                "bypass": [
                  "AzureServices"
                ],
                "default_action": "Allow",
                "ip_rules": [],
                "virtual_network_subnet_ids": []
              }
            ],
            "primary_access_key": "otlRcnfcGf+OAduw27Q53M6Orcd+p0Hu0n6XUkGeFncgYkARZKHw92vRaHLWR7MAMBGa6YrYuOuFRsKK8yy4vQ==",
            "primary_blob_connection_string": "DefaultEndpointsProtocol=https;BlobEndpoint=https://ejxs8storacct.blob.core.windows.net/;AccountName=ejxs8storacct;AccountKey=otlRcnfcGf+OAduw27Q53M6Orcd+p0Hu0n6XUkGeFncgYkARZKHw92vRaHLWR7MAMBGa6YrYuOuFRsKK8yy4vQ==",
            "primary_blob_endpoint": "https://ejxs8storacct.blob.core.windows.net/",
            "primary_blob_host": "ejxs8storacct.blob.core.windows.net",
            "primary_connection_string": "DefaultEndpointsProtocol=https;AccountName=ejxs8storacct;AccountKey=otlRcnfcGf+OAduw27Q53M6Orcd+p0Hu0n6XUkGeFncgYkARZKHw92vRaHLWR7MAMBGa6YrYuOuFRsKK8yy4vQ==;EndpointSuffix=core.windows.net",
            "primary_dfs_endpoint": "https://ejxs8storacct.dfs.core.windows.net/",
            "primary_dfs_host": "ejxs8storacct.dfs.core.windows.net",
            "primary_file_endpoint": "https://ejxs8storacct.file.core.windows.net/",
            "primary_file_host": "ejxs8storacct.file.core.windows.net",
            "primary_location": "eastus",
            "primary_queue_endpoint": "https://ejxs8storacct.queue.core.windows.net/",
            "primary_queue_host": "ejxs8storacct.queue.core.windows.net",
            "primary_table_endpoint": "https://ejxs8storacct.table.core.windows.net/",
            "primary_table_host": "ejxs8storacct.table.core.windows.net",
            "primary_web_endpoint": "https://ejxs8storacct.z13.web.core.windows.net/",
            "primary_web_host": "ejxs8storacct.z13.web.core.windows.net",
            "queue_properties": [
              {
                "cors_rule": [],
                "hour_metrics": [
                  {
                    "enabled": true,
                    "include_apis": true,
                    "retention_policy_days": 7,
                    "version": "1.0"
                  }
                ],
                "logging": [
                  {
                    "delete": false,
                    "read": false,
                    "retention_policy_days": 0,
                    "version": "1.0",
                    "write": false
                  }
                ],
                "minute_metrics": [
                  {
                    "enabled": false,
                    "include_apis": false,
                    "retention_policy_days": 0,
                    "version": "1.0"
                  }
                ]
              }
            ],
            "resource_group_name": "ejxs8-global-unreal-rg",
            "secondary_access_key": "LNBT1E4EWQ+SUHtwBCZQ//Din/6qviMPFf10FoQsHTf5yoAKlHCiQUtqGTp/VazE5muEc3YWpZUp30jS+XeDJA==",
            "secondary_blob_connection_string": "",
            "secondary_blob_endpoint": null,
            "secondary_blob_host": null,
            "secondary_connection_string": "DefaultEndpointsProtocol=https;AccountName=ejxs8storacct;AccountKey=LNBT1E4EWQ+SUHtwBCZQ//Din/6qviMPFf10FoQsHTf5yoAKlHCiQUtqGTp/VazE5muEc3YWpZUp30jS+XeDJA==;EndpointSuffix=core.windows.net",
            "secondary_dfs_endpoint": null,
            "secondary_dfs_host": null,
            "secondary_file_endpoint": null,
            "secondary_file_host": null,
            "secondary_location": "",
            "secondary_queue_endpoint": null,
            "secondary_queue_host": null,
            "secondary_table_endpoint": null,
            "secondary_table_host": null,
            "secondary_web_endpoint": null,
            "secondary_web_host": null,
            "static_website": [],
            "tags": null,
            "timeouts": null
          },
          "sensitive_attributes": [],
          "private": "eyJlMmJmYjczMC1lY2FhLTExZTYtOGY4OC0zNDM2M2JjN2M0YzAiOnsiY3JlYXRlIjozNjAwMDAwMDAwMDAwLCJkZWxldGUiOjM2MDAwMDAwMDAwMDAsInJlYWQiOjMwMDAwMDAwMDAwMCwidXBkYXRlIjozNjAwMDAwMDAwMDAwfSwic2NoZW1hX3ZlcnNpb24iOiIyIn0=",
          "dependencies": [
            "azurerm_resource_group.rg_global",
            "data.azurerm_client_config.current",
            "random_string.base_id"
          ]
        }
      ]
    },
    {
      "mode": "managed",
      "type": "azurerm_traffic_manager_profile",
      "name": "traffic_manager_profile",
      "provider": "provider[\"registry.terraform.io/hashicorp/azurerm\"]",
      "instances": [
        {
          "schema_version": 0,
          "attributes": {
            "dns_config": [
              {
                "relative_name": "ejxs8",
                "ttl": 100
              }
            ],
            "fqdn": "ejxs8.trafficmanager.net",
            "id": "/subscriptions/0cbfc5fe-8f57-4f7f-a5f4-cc9b1feb4bc0/resourceGroups/ejxs8-global-unreal-rg/providers/Microsoft.Network/trafficManagerProfiles/ejxs8-trafficmgr",
            "max_return": 0,
            "monitor_config": [
              {
                "custom_header": [],
                "expected_status_code_ranges": null,
                "interval_in_seconds": 30,
                "path": "",
                "port": 80,
                "protocol": "TCP",
                "timeout_in_seconds": 10,
                "tolerated_number_of_failures": 3
              }
            ],
            "name": "ejxs8-trafficmgr",
            "profile_status": "Enabled",
            "resource_group_name": "ejxs8-global-unreal-rg",
            "tags": null,
            "timeouts": null,
            "traffic_routing_method": "Performance",
            "traffic_view_enabled": false
          },
          "sensitive_attributes": [],
          "private": "eyJlMmJmYjczMC1lY2FhLTExZTYtOGY4OC0zNDM2M2JjN2M0YzAiOnsiY3JlYXRlIjoxODAwMDAwMDAwMDAwLCJkZWxldGUiOjE4MDAwMDAwMDAwMDAsInJlYWQiOjMwMDAwMDAwMDAwMCwidXBkYXRlIjoxODAwMDAwMDAwMDAwfX0=",
          "dependencies": [
            "azurerm_resource_group.rg_global",
            "data.azurerm_client_config.current",
            "random_string.base_id"
          ]
        }
      ]
    },
    {
      "mode": "managed",
      "type": "random_string",
      "name": "base_id",
      "provider": "provider[\"registry.terraform.io/hashicorp/random\"]",
      "instances": [
        {
          "schema_version": 1,
          "attributes": {
            "id": "ejxs8",
            "keepers": null,
            "length": 5,
            "lower": true,
            "min_lower": 0,
            "min_numeric": 0,
            "min_special": 0,
            "min_upper": 0,
            "number": true,
            "override_special": null,
            "result": "ejxs8",
            "special": false,
            "upper": false
          },
          "sensitive_attributes": [],
          "private": "eyJzY2hlbWFfdmVyc2lvbiI6IjEifQ=="
        }
      ]
    },
    {
      "module": "module.region_deployment[\"eastus-unreal-rg\"]",
      "mode": "data",
      "type": "azurerm_client_config",
      "name": "regional-current",
      "provider": "provider[\"registry.terraform.io/hashicorp/azurerm\"]",
      "instances": [
        {
          "schema_version": 0,
          "attributes": {
            "client_id": "04b07795-8ddb-461a-bbee-02f9e1bf7b46",
            "id": "2021-10-15 17:54:51.325440044 +0000 UTC",
            "object_id": "6f2b0c2c-5b93-4ee7-b6d6-57cad1d038e3",
            "subscription_id": "0cbfc5fe-8f57-4f7f-a5f4-cc9b1feb4bc0",
            "tenant_id": "40656ed8-88a4-4578-87e8-04444b36a28f",
            "timeouts": null
          },
          "sensitive_attributes": []
        }
      ]
    },
    {
      "module": "module.region_deployment[\"eastus-unreal-rg\"]",
      "mode": "data",
      "type": "azurerm_subscription",
      "name": "primary",
      "provider": "provider[\"registry.terraform.io/hashicorp/azurerm\"]",
      "instances": [
        {
          "schema_version": 0,
          "attributes": {
            "display_name": "Azure subscription 1",
            "id": "/subscriptions/0cbfc5fe-8f57-4f7f-a5f4-cc9b1feb4bc0",
            "location_placement_id": "Public_2014-09-01",
            "quota_id": "PayAsYouGo_2014-09-01",
            "spending_limit": "Off",
            "state": "Enabled",
            "subscription_id": "0cbfc5fe-8f57-4f7f-a5f4-cc9b1feb4bc0",
            "tags": {},
            "tenant_id": "40656ed8-88a4-4578-87e8-04444b36a28f",
            "timeouts": null
          },
          "sensitive_attributes": []
        }
      ]
    },
    {
      "module": "module.region_deployment[\"eastus-unreal-rg\"]",
      "mode": "managed",
      "type": "azurerm_key_vault_access_policy",
      "name": "vmss-identity-ap",
      "provider": "provider[\"registry.terraform.io/hashicorp/azurerm\"]",
      "instances": [
        {
          "schema_version": 0,
          "attributes": {
            "application_id": null,
            "certificate_permissions": [
              "get",
              "list"
            ],
            "id": "/subscriptions/0cbfc5fe-8f57-4f7f-a5f4-cc9b1feb4bc0/resourceGroups/ejxs8-global-unreal-rg/providers/Microsoft.KeyVault/vaults/akv-ejxs8-eastus/objectId/33677016-11b5-4173-ae0c-6e4d30c4ff51",
            "key_permissions": null,
            "key_vault_id": "/subscriptions/0cbfc5fe-8f57-4f7f-a5f4-cc9b1feb4bc0/resourceGroups/ejxs8-global-unreal-rg/providers/Microsoft.KeyVault/vaults/akv-ejxs8-eastus",
            "object_id": "33677016-11b5-4173-ae0c-6e4d30c4ff51",
            "secret_permissions": null,
            "storage_permissions": null,
            "tenant_id": "40656ed8-88a4-4578-87e8-04444b36a28f",
            "timeouts": null
          },
          "sensitive_attributes": [],
          "private": "eyJlMmJmYjczMC1lY2FhLTExZTYtOGY4OC0zNDM2M2JjN2M0YzAiOnsiY3JlYXRlIjoxODAwMDAwMDAwMDAwLCJkZWxldGUiOjE4MDAwMDAwMDAwMDAsInJlYWQiOjMwMDAwMDAwMDAwMCwidXBkYXRlIjoxODAwMDAwMDAwMDAwfX0=",
          "dependencies": [
            "azurerm_key_vault.akv",
            "azurerm_resource_group.rg_global",
            "data.azurerm_client_config.current",
            "module.region_deployment.azurerm_network_security_group.backend-nsg",
            "module.region_deployment.azurerm_resource_group.region-rg",
            "module.region_deployment.azurerm_subnet.subnet",
            "module.region_deployment.azurerm_virtual_network.vnet",
            "module.region_deployment.azurerm_windows_virtual_machine_scale_set.vmss",
            "module.region_deployment.data.azurerm_client_config.regional-current",
            "module.region_deployment.random_string.admin_password",
            "random_string.base_id"
          ]
        }
      ]
    },
    {
      "module": "module.region_deployment[\"eastus-unreal-rg\"]",
      "mode": "managed",
      "type": "azurerm_key_vault_secret",
      "name": "pwd_secret",
      "provider": "provider[\"registry.terraform.io/hashicorp/azurerm\"]",
      "instances": [
        {
          "schema_version": 0,
          "attributes": {
            "content_type": "",
            "expiration_date": null,
            "id": "https://akv-ejxs8-eastus.vault.azure.net/secrets/ejxs8-eastus-password/bed67de5cc02475c956054474814b528",
            "key_vault_id": "/subscriptions/0cbfc5fe-8f57-4f7f-a5f4-cc9b1feb4bc0/resourceGroups/ejxs8-global-unreal-rg/providers/Microsoft.KeyVault/vaults/akv-ejxs8-eastus",
            "name": "ejxs8-eastus-password",
            "not_before_date": null,
            "tags": null,
            "timeouts": null,
            "value": "]o=)FT+VSM6w%!$",
            "version": "bed67de5cc02475c956054474814b528"
          },
          "sensitive_attributes": [],
          "private": "eyJlMmJmYjczMC1lY2FhLTExZTYtOGY4OC0zNDM2M2JjN2M0YzAiOnsiY3JlYXRlIjoxODAwMDAwMDAwMDAwLCJkZWxldGUiOjE4MDAwMDAwMDAwMDAsInJlYWQiOjMwMDAwMDAwMDAwMCwidXBkYXRlIjoxODAwMDAwMDAwMDAwfX0=",
          "dependencies": [
            "azurerm_key_vault.akv",
            "azurerm_resource_group.rg_global",
            "data.azurerm_client_config.current",
            "module.region_deployment.random_string.admin_password",
            "random_string.base_id"
          ]
        }
      ]
    },
    {
      "module": "module.region_deployment[\"eastus-unreal-rg\"]",
      "mode": "managed",
      "type": "azurerm_network_interface",
      "name": "nic",
      "provider": "provider[\"registry.terraform.io/hashicorp/azurerm\"]",
      "instances": [
        {
          "schema_version": 0,
          "attributes": {
            "applied_dns_servers": [],
            "dns_servers": [],
            "enable_accelerated_networking": false,
            "enable_ip_forwarding": false,
            "id": "/subscriptions/0cbfc5fe-8f57-4f7f-a5f4-cc9b1feb4bc0/resourceGroups/ejxs8-eastus-unreal-rg/providers/Microsoft.Network/networkInterfaces/mm-nic-eastus",
            "internal_dns_name_label": "mm-ejxs8-local",
            "internal_domain_name_suffix": "bap1rofr1rke1aq1d2kbdf4zxf.bx.internal.cloudapp.net",
            "ip_configuration": [
              {
                "name": "ejxs8-mm-config",
                "primary": true,
                "private_ip_address": "10.100.0.4",
                "private_ip_address_allocation": "Dynamic",
                "private_ip_address_version": "IPv4",
                "public_ip_address_id": "/subscriptions/0cbfc5fe-8f57-4f7f-a5f4-cc9b1feb4bc0/resourceGroups/ejxs8-eastus-unreal-rg/providers/Microsoft.Network/publicIPAddresses/ejxs8-mmvm-eastus-pip",
                "subnet_id": "/subscriptions/0cbfc5fe-8f57-4f7f-a5f4-cc9b1feb4bc0/resourceGroups/ejxs8-eastus-unreal-rg/providers/Microsoft.Network/virtualNetworks/ejxs8-vnet-eastus/subnets/ejxs8-subnet-eastus"
              }
            ],
            "location": "eastus",
            "mac_address": "",
            "name": "mm-nic-eastus",
            "private_ip_address": "10.100.0.4",
            "private_ip_addresses": [
              "10.100.0.4"
            ],
            "resource_group_name": "ejxs8-eastus-unreal-rg",
            "tags": null,
            "timeouts": null,
            "virtual_machine_id": ""
          },
          "sensitive_attributes": [],
          "private": "eyJlMmJmYjczMC1lY2FhLTExZTYtOGY4OC0zNDM2M2JjN2M0YzAiOnsiY3JlYXRlIjoxODAwMDAwMDAwMDAwLCJkZWxldGUiOjE4MDAwMDAwMDAwMDAsInJlYWQiOjMwMDAwMDAwMDAwMCwidXBkYXRlIjoxODAwMDAwMDAwMDAwfX0=",
          "dependencies": [
            "module.region_deployment.azurerm_public_ip.pip",
            "module.region_deployment.azurerm_resource_group.region-rg",
            "module.region_deployment.azurerm_subnet.subnet",
            "module.region_deployment.azurerm_virtual_network.vnet",
            "module.region_deployment.data.azurerm_client_config.regional-current",
            "random_string.base_id"
          ]
        }
      ]
    },
    {
      "module": "module.region_deployment[\"eastus-unreal-rg\"]",
      "mode": "managed",
      "type": "azurerm_network_interface_security_group_association",
      "name": "mm_nsg_association",
      "provider": "provider[\"registry.terraform.io/hashicorp/azurerm\"]",
      "instances": [
        {
          "schema_version": 0,
          "attributes": {
            "id": "/subscriptions/0cbfc5fe-8f57-4f7f-a5f4-cc9b1feb4bc0/resourceGroups/ejxs8-eastus-unreal-rg/providers/Microsoft.Network/networkInterfaces/mm-nic-eastus|/subscriptions/0cbfc5fe-8f57-4f7f-a5f4-cc9b1feb4bc0/resourceGroups/ejxs8-eastus-unreal-rg/providers/Microsoft.Network/networkSecurityGroups/ejxs8-mm-nsg",
            "network_interface_id": "/subscriptions/0cbfc5fe-8f57-4f7f-a5f4-cc9b1feb4bc0/resourceGroups/ejxs8-eastus-unreal-rg/providers/Microsoft.Network/networkInterfaces/mm-nic-eastus",
            "network_security_group_id": "/subscriptions/0cbfc5fe-8f57-4f7f-a5f4-cc9b1feb4bc0/resourceGroups/ejxs8-eastus-unreal-rg/providers/Microsoft.Network/networkSecurityGroups/ejxs8-mm-nsg",
            "timeouts": null
          },
          "sensitive_attributes": [],
          "private": "eyJlMmJmYjczMC1lY2FhLTExZTYtOGY4OC0zNDM2M2JjN2M0YzAiOnsiY3JlYXRlIjoxODAwMDAwMDAwMDAwLCJkZWxldGUiOjE4MDAwMDAwMDAwMDAsInJlYWQiOjMwMDAwMDAwMDAwMCwidXBkYXRlIjoxODAwMDAwMDAwMDAwfX0=",
          "dependencies": [
            "module.region_deployment.azurerm_network_interface.nic",
            "module.region_deployment.azurerm_network_security_group.mm-nsg",
            "module.region_deployment.azurerm_public_ip.pip",
            "module.region_deployment.azurerm_resource_group.region-rg",
            "module.region_deployment.azurerm_subnet.subnet",
            "module.region_deployment.azurerm_virtual_network.vnet",
            "module.region_deployment.data.azurerm_client_config.regional-current",
            "random_string.base_id"
          ]
        }
      ]
    },
    {
      "module": "module.region_deployment[\"eastus-unreal-rg\"]",
      "mode": "managed",
      "type": "azurerm_network_security_group",
      "name": "backend-nsg",
      "provider": "provider[\"registry.terraform.io/hashicorp/azurerm\"]",
      "instances": [
        {
          "schema_version": 0,
          "attributes": {
            "id": "/subscriptions/0cbfc5fe-8f57-4f7f-a5f4-cc9b1feb4bc0/resourceGroups/ejxs8-eastus-unreal-rg/providers/Microsoft.Network/networkSecurityGroups/ejxs8-be-nsg",
            "location": "eastus",
            "name": "ejxs8-be-nsg",
            "resource_group_name": "ejxs8-eastus-unreal-rg",
            "security_rule": [],
            "tags": null,
            "timeouts": null
          },
          "sensitive_attributes": [],
          "private": "eyJlMmJmYjczMC1lY2FhLTExZTYtOGY4OC0zNDM2M2JjN2M0YzAiOnsiY3JlYXRlIjoxODAwMDAwMDAwMDAwLCJkZWxldGUiOjE4MDAwMDAwMDAwMDAsInJlYWQiOjMwMDAwMDAwMDAwMCwidXBkYXRlIjoxODAwMDAwMDAwMDAwfX0=",
          "dependencies": [
            "module.region_deployment.azurerm_resource_group.region-rg",
            "module.region_deployment.data.azurerm_client_config.regional-current",
            "random_string.base_id"
          ]
        }
      ]
    },
    {
      "module": "module.region_deployment[\"eastus-unreal-rg\"]",
      "mode": "managed",
      "type": "azurerm_network_security_group",
      "name": "mm-nsg",
      "provider": "provider[\"registry.terraform.io/hashicorp/azurerm\"]",
      "instances": [
        {
          "schema_version": 0,
          "attributes": {
            "id": "/subscriptions/0cbfc5fe-8f57-4f7f-a5f4-cc9b1feb4bc0/resourceGroups/ejxs8-eastus-unreal-rg/providers/Microsoft.Network/networkSecurityGroups/ejxs8-mm-nsg",
            "location": "eastus",
            "name": "ejxs8-mm-nsg",
            "resource_group_name": "ejxs8-eastus-unreal-rg",
            "security_rule": [],
            "tags": null,
            "timeouts": null
          },
          "sensitive_attributes": [],
          "private": "eyJlMmJmYjczMC1lY2FhLTExZTYtOGY4OC0zNDM2M2JjN2M0YzAiOnsiY3JlYXRlIjoxODAwMDAwMDAwMDAwLCJkZWxldGUiOjE4MDAwMDAwMDAwMDAsInJlYWQiOjMwMDAwMDAwMDAwMCwidXBkYXRlIjoxODAwMDAwMDAwMDAwfX0=",
          "dependencies": [
            "module.region_deployment.azurerm_resource_group.region-rg",
            "module.region_deployment.data.azurerm_client_config.regional-current",
            "random_string.base_id"
          ]
        }
      ]
    },
    {
      "module": "module.region_deployment[\"eastus-unreal-rg\"]",
      "mode": "managed",
      "type": "azurerm_network_security_rule",
      "name": "vm_network_security_rules",
      "provider": "provider[\"registry.terraform.io/hashicorp/azurerm\"]",
      "instances": [
        {
          "index_key": "Open3389In",
          "schema_version": 0,
          "attributes": {
            "access": "Allow",
            "description": "",
            "destination_address_prefix": "*",
            "destination_address_prefixes": null,
            "destination_application_security_group_ids": null,
            "destination_port_range": "3389",
            "destination_port_ranges": null,
            "direction": "Inbound",
            "id": "/subscriptions/0cbfc5fe-8f57-4f7f-a5f4-cc9b1feb4bc0/resourceGroups/ejxs8-eastus-unreal-rg/providers/Microsoft.Network/networkSecurityGroups/ejxs8-mm-nsg/securityRules/Open3389In",
            "name": "Open3389In",
            "network_security_group_name": "ejxs8-mm-nsg",
            "priority": 1030,
            "protocol": "Tcp",
            "resource_group_name": "ejxs8-eastus-unreal-rg",
            "source_address_prefix": "*",
            "source_address_prefixes": null,
            "source_application_security_group_ids": null,
            "source_port_range": "*",
            "source_port_ranges": null,
            "timeouts": null
          },
          "sensitive_attributes": [],
          "private": "eyJlMmJmYjczMC1lY2FhLTExZTYtOGY4OC0zNDM2M2JjN2M0YzAiOnsiY3JlYXRlIjoxODAwMDAwMDAwMDAwLCJkZWxldGUiOjE4MDAwMDAwMDAwMDAsInJlYWQiOjMwMDAwMDAwMDAwMCwidXBkYXRlIjoxODAwMDAwMDAwMDAwfX0=",
          "dependencies": [
            "module.region_deployment.azurerm_network_security_group.mm-nsg",
            "module.region_deployment.azurerm_resource_group.region-rg",
            "module.region_deployment.data.azurerm_client_config.regional-current",
            "random_string.base_id"
          ]
        },
        {
          "index_key": "Open443In",
          "schema_version": 0,
          "attributes": {
            "access": "Allow",
            "description": "",
            "destination_address_prefix": "*",
            "destination_address_prefixes": null,
            "destination_application_security_group_ids": null,
            "destination_port_range": "443",
            "destination_port_ranges": null,
            "direction": "Inbound",
            "id": "/subscriptions/0cbfc5fe-8f57-4f7f-a5f4-cc9b1feb4bc0/resourceGroups/ejxs8-eastus-unreal-rg/providers/Microsoft.Network/networkSecurityGroups/ejxs8-mm-nsg/securityRules/Open443In",
            "name": "Open443In",
            "network_security_group_name": "ejxs8-mm-nsg",
            "priority": 1040,
            "protocol": "Tcp",
            "resource_group_name": "ejxs8-eastus-unreal-rg",
            "source_address_prefix": "*",
            "source_address_prefixes": null,
            "source_application_security_group_ids": null,
            "source_port_range": "*",
            "source_port_ranges": null,
            "timeouts": null
          },
          "sensitive_attributes": [],
          "private": "eyJlMmJmYjczMC1lY2FhLTExZTYtOGY4OC0zNDM2M2JjN2M0YzAiOnsiY3JlYXRlIjoxODAwMDAwMDAwMDAwLCJkZWxldGUiOjE4MDAwMDAwMDAwMDAsInJlYWQiOjMwMDAwMDAwMDAwMCwidXBkYXRlIjoxODAwMDAwMDAwMDAwfX0=",
          "dependencies": [
            "module.region_deployment.azurerm_network_security_group.mm-nsg",
            "module.region_deployment.azurerm_resource_group.region-rg",
            "module.region_deployment.data.azurerm_client_config.regional-current",
            "random_string.base_id"
          ]
        },
        {
          "index_key": "Open443Out",
          "schema_version": 0,
          "attributes": {
            "access": "Allow",
            "description": "",
            "destination_address_prefix": "*",
            "destination_address_prefixes": null,
            "destination_application_security_group_ids": null,
            "destination_port_range": "443",
            "destination_port_ranges": null,
            "direction": "Outbound",
            "id": "/subscriptions/0cbfc5fe-8f57-4f7f-a5f4-cc9b1feb4bc0/resourceGroups/ejxs8-eastus-unreal-rg/providers/Microsoft.Network/networkSecurityGroups/ejxs8-mm-nsg/securityRules/Open443Out",
            "name": "Open443Out",
            "network_security_group_name": "ejxs8-mm-nsg",
            "priority": 1060,
            "protocol": "Tcp",
            "resource_group_name": "ejxs8-eastus-unreal-rg",
            "source_address_prefix": "*",
            "source_address_prefixes": null,
            "source_application_security_group_ids": null,
            "source_port_range": "*",
            "source_port_ranges": null,
            "timeouts": null
          },
          "sensitive_attributes": [],
          "private": "eyJlMmJmYjczMC1lY2FhLTExZTYtOGY4OC0zNDM2M2JjN2M0YzAiOnsiY3JlYXRlIjoxODAwMDAwMDAwMDAwLCJkZWxldGUiOjE4MDAwMDAwMDAwMDAsInJlYWQiOjMwMDAwMDAwMDAwMCwidXBkYXRlIjoxODAwMDAwMDAwMDAwfX0=",
          "dependencies": [
            "module.region_deployment.azurerm_network_security_group.mm-nsg",
            "module.region_deployment.azurerm_resource_group.region-rg",
            "module.region_deployment.data.azurerm_client_config.regional-current",
            "random_string.base_id"
          ]
        },
        {
          "index_key": "Open80In",
          "schema_version": 0,
          "attributes": {
            "access": "Allow",
            "description": "",
            "destination_address_prefix": "*",
            "destination_address_prefixes": null,
            "destination_application_security_group_ids": null,
            "destination_port_range": "80",
            "destination_port_ranges": null,
            "direction": "Inbound",
            "id": "/subscriptions/0cbfc5fe-8f57-4f7f-a5f4-cc9b1feb4bc0/resourceGroups/ejxs8-eastus-unreal-rg/providers/Microsoft.Network/networkSecurityGroups/ejxs8-mm-nsg/securityRules/Open80In",
            "name": "Open80In",
            "network_security_group_name": "ejxs8-mm-nsg",
            "priority": 1000,
            "protocol": "Tcp",
            "resource_group_name": "ejxs8-eastus-unreal-rg",
            "source_address_prefix": "*",
            "source_address_prefixes": null,
            "source_application_security_group_ids": null,
            "source_port_range": "*",
            "source_port_ranges": null,
            "timeouts": null
          },
          "sensitive_attributes": [],
          "private": "eyJlMmJmYjczMC1lY2FhLTExZTYtOGY4OC0zNDM2M2JjN2M0YzAiOnsiY3JlYXRlIjoxODAwMDAwMDAwMDAwLCJkZWxldGUiOjE4MDAwMDAwMDAwMDAsInJlYWQiOjMwMDAwMDAwMDAwMCwidXBkYXRlIjoxODAwMDAwMDAwMDAwfX0=",
          "dependencies": [
            "module.region_deployment.azurerm_network_security_group.mm-nsg",
            "module.region_deployment.azurerm_resource_group.region-rg",
            "module.region_deployment.data.azurerm_client_config.regional-current",
            "random_string.base_id"
          ]
        },
        {
          "index_key": "Open80Out",
          "schema_version": 0,
          "attributes": {
            "access": "Allow",
            "description": "",
            "destination_address_prefix": "*",
            "destination_address_prefixes": null,
            "destination_application_security_group_ids": null,
            "destination_port_range": "80",
            "destination_port_ranges": null,
            "direction": "Outbound",
            "id": "/subscriptions/0cbfc5fe-8f57-4f7f-a5f4-cc9b1feb4bc0/resourceGroups/ejxs8-eastus-unreal-rg/providers/Microsoft.Network/networkSecurityGroups/ejxs8-mm-nsg/securityRules/Open80Out",
            "name": "Open80Out",
            "network_security_group_name": "ejxs8-mm-nsg",
            "priority": 1000,
            "protocol": "Tcp",
            "resource_group_name": "ejxs8-eastus-unreal-rg",
            "source_address_prefix": "*",
            "source_address_prefixes": null,
            "source_application_security_group_ids": null,
            "source_port_range": "*",
            "source_port_ranges": null,
            "timeouts": null
          },
          "sensitive_attributes": [],
          "private": "eyJlMmJmYjczMC1lY2FhLTExZTYtOGY4OC0zNDM2M2JjN2M0YzAiOnsiY3JlYXRlIjoxODAwMDAwMDAwMDAwLCJkZWxldGUiOjE4MDAwMDAwMDAwMDAsInJlYWQiOjMwMDAwMDAwMDAwMCwidXBkYXRlIjoxODAwMDAwMDAwMDAwfX0=",
          "dependencies": [
            "module.region_deployment.azurerm_network_security_group.mm-nsg",
            "module.region_deployment.azurerm_resource_group.region-rg",
            "module.region_deployment.data.azurerm_client_config.regional-current",
            "random_string.base_id"
          ]
        }
      ]
    },
    {
      "module": "module.region_deployment[\"eastus-unreal-rg\"]",
      "mode": "managed",
      "type": "azurerm_network_security_rule",
      "name": "vmss_network_security_rules",
      "provider": "provider[\"registry.terraform.io/hashicorp/azurerm\"]",
      "instances": [
        {
          "index_key": "Open3389In",
          "schema_version": 0,
          "attributes": {
            "access": "Allow",
            "description": "",
            "destination_address_prefix": "*",
            "destination_address_prefixes": null,
            "destination_application_security_group_ids": null,
            "destination_port_range": "3389",
            "destination_port_ranges": null,
            "direction": "Inbound",
            "id": "/subscriptions/0cbfc5fe-8f57-4f7f-a5f4-cc9b1feb4bc0/resourceGroups/ejxs8-eastus-unreal-rg/providers/Microsoft.Network/networkSecurityGroups/ejxs8-be-nsg/securityRules/Open3389In",
            "name": "Open3389In",
            "network_security_group_name": "ejxs8-be-nsg",
            "priority": 1060,
            "protocol": "Tcp",
            "resource_group_name": "ejxs8-eastus-unreal-rg",
            "source_address_prefix": "*",
            "source_address_prefixes": null,
            "source_application_security_group_ids": null,
            "source_port_range": "*",
            "source_port_ranges": null,
            "timeouts": null
          },
          "sensitive_attributes": [],
          "private": "eyJlMmJmYjczMC1lY2FhLTExZTYtOGY4OC0zNDM2M2JjN2M0YzAiOnsiY3JlYXRlIjoxODAwMDAwMDAwMDAwLCJkZWxldGUiOjE4MDAwMDAwMDAwMDAsInJlYWQiOjMwMDAwMDAwMDAwMCwidXBkYXRlIjoxODAwMDAwMDAwMDAwfX0=",
          "dependencies": [
            "module.region_deployment.azurerm_network_security_group.backend-nsg",
            "module.region_deployment.azurerm_resource_group.region-rg",
            "module.region_deployment.data.azurerm_client_config.regional-current",
            "random_string.base_id"
          ]
        },
        {
          "index_key": "Open443In",
          "schema_version": 0,
          "attributes": {
            "access": "Allow",
            "description": "",
            "destination_address_prefix": "*",
            "destination_address_prefixes": null,
            "destination_application_security_group_ids": null,
            "destination_port_range": "443",
            "destination_port_ranges": null,
            "direction": "Inbound",
            "id": "/subscriptions/0cbfc5fe-8f57-4f7f-a5f4-cc9b1feb4bc0/resourceGroups/ejxs8-eastus-unreal-rg/providers/Microsoft.Network/networkSecurityGroups/ejxs8-be-nsg/securityRules/Open443In",
            "name": "Open443In",
            "network_security_group_name": "ejxs8-be-nsg",
            "priority": 1070,
            "protocol": "Tcp",
            "resource_group_name": "ejxs8-eastus-unreal-rg",
            "source_address_prefix": "*",
            "source_address_prefixes": null,
            "source_application_security_group_ids": null,
            "source_port_range": "*",
            "source_port_ranges": null,
            "timeouts": null
          },
          "sensitive_attributes": [],
          "private": "eyJlMmJmYjczMC1lY2FhLTExZTYtOGY4OC0zNDM2M2JjN2M0YzAiOnsiY3JlYXRlIjoxODAwMDAwMDAwMDAwLCJkZWxldGUiOjE4MDAwMDAwMDAwMDAsInJlYWQiOjMwMDAwMDAwMDAwMCwidXBkYXRlIjoxODAwMDAwMDAwMDAwfX0=",
          "dependencies": [
            "module.region_deployment.azurerm_network_security_group.backend-nsg",
            "module.region_deployment.azurerm_resource_group.region-rg",
            "module.region_deployment.data.azurerm_client_config.regional-current",
            "random_string.base_id"
          ]
        },
        {
          "index_key": "Open80In",
          "schema_version": 0,
          "attributes": {
            "access": "Allow",
            "description": "",
            "destination_address_prefix": "*",
            "destination_address_prefixes": null,
            "destination_application_security_group_ids": null,
            "destination_port_range": "80",
            "destination_port_ranges": null,
            "direction": "Inbound",
            "id": "/subscriptions/0cbfc5fe-8f57-4f7f-a5f4-cc9b1feb4bc0/resourceGroups/ejxs8-eastus-unreal-rg/providers/Microsoft.Network/networkSecurityGroups/ejxs8-be-nsg/securityRules/Open80In",
            "name": "Open80In",
            "network_security_group_name": "ejxs8-be-nsg",
            "priority": 1000,
            "protocol": "Tcp",
            "resource_group_name": "ejxs8-eastus-unreal-rg",
            "source_address_prefix": "*",
            "source_address_prefixes": null,
            "source_application_security_group_ids": null,
            "source_port_range": "*",
            "source_port_ranges": null,
            "timeouts": null
          },
          "sensitive_attributes": [],
          "private": "eyJlMmJmYjczMC1lY2FhLTExZTYtOGY4OC0zNDM2M2JjN2M0YzAiOnsiY3JlYXRlIjoxODAwMDAwMDAwMDAwLCJkZWxldGUiOjE4MDAwMDAwMDAwMDAsInJlYWQiOjMwMDAwMDAwMDAwMCwidXBkYXRlIjoxODAwMDAwMDAwMDAwfX0=",
          "dependencies": [
            "module.region_deployment.azurerm_network_security_group.backend-nsg",
            "module.region_deployment.azurerm_resource_group.region-rg",
            "module.region_deployment.data.azurerm_client_config.regional-current",
            "random_string.base_id"
          ]
        },
        {
          "index_key": "Open8888In",
          "schema_version": 0,
          "attributes": {
            "access": "Allow",
            "description": "",
            "destination_address_prefix": "*",
            "destination_address_prefixes": null,
            "destination_application_security_group_ids": null,
            "destination_port_range": "8888",
            "destination_port_ranges": null,
            "direction": "Inbound",
            "id": "/subscriptions/0cbfc5fe-8f57-4f7f-a5f4-cc9b1feb4bc0/resourceGroups/ejxs8-eastus-unreal-rg/providers/Microsoft.Network/networkSecurityGroups/ejxs8-be-nsg/securityRules/Open8888In",
            "name": "Open8888In",
            "network_security_group_name": "ejxs8-be-nsg",
            "priority": 1040,
            "protocol": "Tcp",
            "resource_group_name": "ejxs8-eastus-unreal-rg",
            "source_address_prefix": "*",
            "source_address_prefixes": null,
            "source_application_security_group_ids": null,
            "source_port_range": "*",
            "source_port_ranges": null,
            "timeouts": null
          },
          "sensitive_attributes": [],
          "private": "eyJlMmJmYjczMC1lY2FhLTExZTYtOGY4OC0zNDM2M2JjN2M0YzAiOnsiY3JlYXRlIjoxODAwMDAwMDAwMDAwLCJkZWxldGUiOjE4MDAwMDAwMDAwMDAsInJlYWQiOjMwMDAwMDAwMDAwMCwidXBkYXRlIjoxODAwMDAwMDAwMDAwfX0=",
          "dependencies": [
            "module.region_deployment.azurerm_network_security_group.backend-nsg",
            "module.region_deployment.azurerm_resource_group.region-rg",
            "module.region_deployment.data.azurerm_client_config.regional-current",
            "random_string.base_id"
          ]
        },
        {
          "index_key": "Open8889In",
          "schema_version": 0,
          "attributes": {
            "access": "Allow",
            "description": "",
            "destination_address_prefix": "*",
            "destination_address_prefixes": null,
            "destination_application_security_group_ids": null,
            "destination_port_range": "8889",
            "destination_port_ranges": null,
            "direction": "Inbound",
            "id": "/subscriptions/0cbfc5fe-8f57-4f7f-a5f4-cc9b1feb4bc0/resourceGroups/ejxs8-eastus-unreal-rg/providers/Microsoft.Network/networkSecurityGroups/ejxs8-be-nsg/securityRules/Open8889In",
            "name": "Open8889In",
            "network_security_group_name": "ejxs8-be-nsg",
            "priority": 1050,
            "protocol": "Tcp",
            "resource_group_name": "ejxs8-eastus-unreal-rg",
            "source_address_prefix": "*",
            "source_address_prefixes": null,
            "source_application_security_group_ids": null,
            "source_port_range": "*",
            "source_port_ranges": null,
            "timeouts": null
          },
          "sensitive_attributes": [],
          "private": "eyJlMmJmYjczMC1lY2FhLTExZTYtOGY4OC0zNDM2M2JjN2M0YzAiOnsiY3JlYXRlIjoxODAwMDAwMDAwMDAwLCJkZWxldGUiOjE4MDAwMDAwMDAwMDAsInJlYWQiOjMwMDAwMDAwMDAwMCwidXBkYXRlIjoxODAwMDAwMDAwMDAwfX0=",
          "dependencies": [
            "module.region_deployment.azurerm_network_security_group.backend-nsg",
            "module.region_deployment.azurerm_resource_group.region-rg",
            "module.region_deployment.data.azurerm_client_config.regional-current",
            "random_string.base_id"
          ]
        },
        {
          "index_key": "Open8890In",
          "schema_version": 0,
          "attributes": {
            "access": "Allow",
            "description": "",
            "destination_address_prefix": "*",
            "destination_address_prefixes": null,
            "destination_application_security_group_ids": null,
            "destination_port_range": "8890",
            "destination_port_ranges": null,
            "direction": "Inbound",
            "id": "/subscriptions/0cbfc5fe-8f57-4f7f-a5f4-cc9b1feb4bc0/resourceGroups/ejxs8-eastus-unreal-rg/providers/Microsoft.Network/networkSecurityGroups/ejxs8-be-nsg/securityRules/Open8890In",
            "name": "Open8890In",
            "network_security_group_name": "ejxs8-be-nsg",
            "priority": 1080,
            "protocol": "Tcp",
            "resource_group_name": "ejxs8-eastus-unreal-rg",
            "source_address_prefix": "*",
            "source_address_prefixes": null,
            "source_application_security_group_ids": null,
            "source_port_range": "*",
            "source_port_ranges": null,
            "timeouts": null
          },
          "sensitive_attributes": [],
          "private": "eyJlMmJmYjczMC1lY2FhLTExZTYtOGY4OC0zNDM2M2JjN2M0YzAiOnsiY3JlYXRlIjoxODAwMDAwMDAwMDAwLCJkZWxldGUiOjE4MDAwMDAwMDAwMDAsInJlYWQiOjMwMDAwMDAwMDAwMCwidXBkYXRlIjoxODAwMDAwMDAwMDAwfX0=",
          "dependencies": [
            "module.region_deployment.azurerm_network_security_group.backend-nsg",
            "module.region_deployment.azurerm_resource_group.region-rg",
            "module.region_deployment.data.azurerm_client_config.regional-current",
            "random_string.base_id"
          ]
        },
        {
          "index_key": "Open8891In",
          "schema_version": 0,
          "attributes": {
            "access": "Allow",
            "description": "",
            "destination_address_prefix": "*",
            "destination_address_prefixes": null,
            "destination_application_security_group_ids": null,
            "destination_port_range": "8891",
            "destination_port_ranges": null,
            "direction": "Inbound",
            "id": "/subscriptions/0cbfc5fe-8f57-4f7f-a5f4-cc9b1feb4bc0/resourceGroups/ejxs8-eastus-unreal-rg/providers/Microsoft.Network/networkSecurityGroups/ejxs8-be-nsg/securityRules/Open8891In",
            "name": "Open8891In",
            "network_security_group_name": "ejxs8-be-nsg",
            "priority": 1090,
            "protocol": "Tcp",
            "resource_group_name": "ejxs8-eastus-unreal-rg",
            "source_address_prefix": "*",
            "source_address_prefixes": null,
            "source_application_security_group_ids": null,
            "source_port_range": "*",
            "source_port_ranges": null,
            "timeouts": null
          },
          "sensitive_attributes": [],
          "private": "eyJlMmJmYjczMC1lY2FhLTExZTYtOGY4OC0zNDM2M2JjN2M0YzAiOnsiY3JlYXRlIjoxODAwMDAwMDAwMDAwLCJkZWxldGUiOjE4MDAwMDAwMDAwMDAsInJlYWQiOjMwMDAwMDAwMDAwMCwidXBkYXRlIjoxODAwMDAwMDAwMDAwfX0=",
          "dependencies": [
            "module.region_deployment.azurerm_network_security_group.backend-nsg",
            "module.region_deployment.azurerm_resource_group.region-rg",
            "module.region_deployment.data.azurerm_client_config.regional-current",
            "random_string.base_id"
          ]
        }
      ]
    },
    {
      "module": "module.region_deployment[\"eastus-unreal-rg\"]",
      "mode": "managed",
      "type": "azurerm_public_ip",
      "name": "pip",
      "provider": "provider[\"registry.terraform.io/hashicorp/azurerm\"]",
      "instances": [
        {
          "schema_version": 0,
          "attributes": {
            "allocation_method": "Static",
            "domain_name_label": "mmvm-ejxs8",
            "fqdn": "mmvm-ejxs8.eastus.cloudapp.azure.com",
            "id": "/subscriptions/0cbfc5fe-8f57-4f7f-a5f4-cc9b1feb4bc0/resourceGroups/ejxs8-eastus-unreal-rg/providers/Microsoft.Network/publicIPAddresses/ejxs8-mmvm-eastus-pip",
            "idle_timeout_in_minutes": 4,
            "ip_address": "20.185.101.168",
            "ip_version": "IPv4",
            "location": "eastus",
            "name": "ejxs8-mmvm-eastus-pip",
            "public_ip_prefix_id": null,
            "resource_group_name": "ejxs8-eastus-unreal-rg",
            "reverse_fqdn": "",
            "sku": "Standard",
            "tags": null,
            "timeouts": null,
            "zones": null
          },
          "sensitive_attributes": [],
          "private": "eyJlMmJmYjczMC1lY2FhLTExZTYtOGY4OC0zNDM2M2JjN2M0YzAiOnsiY3JlYXRlIjoxODAwMDAwMDAwMDAwLCJkZWxldGUiOjE4MDAwMDAwMDAwMDAsInJlYWQiOjMwMDAwMDAwMDAwMCwidXBkYXRlIjoxODAwMDAwMDAwMDAwfX0=",
          "dependencies": [
            "module.region_deployment.azurerm_resource_group.region-rg",
            "module.region_deployment.data.azurerm_client_config.regional-current",
            "random_string.base_id"
          ]
        }
      ]
    },
    {
      "module": "module.region_deployment[\"eastus-unreal-rg\"]",
      "mode": "managed",
      "type": "azurerm_resource_group",
      "name": "region-rg",
      "provider": "provider[\"registry.terraform.io/hashicorp/azurerm\"]",
      "instances": [
        {
          "schema_version": 0,
          "attributes": {
            "id": "/subscriptions/0cbfc5fe-8f57-4f7f-a5f4-cc9b1feb4bc0/resourceGroups/ejxs8-eastus-unreal-rg",
            "location": "eastus",
            "name": "ejxs8-eastus-unreal-rg",
            "tags": {
              "client_id": "04b07795-8ddb-461a-bbee-02f9e1bf7b46"
            },
            "timeouts": null
          },
          "sensitive_attributes": [],
          "private": "eyJlMmJmYjczMC1lY2FhLTExZTYtOGY4OC0zNDM2M2JjN2M0YzAiOnsiY3JlYXRlIjo1NDAwMDAwMDAwMDAwLCJkZWxldGUiOjU0MDAwMDAwMDAwMDAsInJlYWQiOjMwMDAwMDAwMDAwMCwidXBkYXRlIjo1NDAwMDAwMDAwMDAwfX0=",
          "dependencies": [
            "module.region_deployment.data.azurerm_client_config.regional-current",
            "random_string.base_id"
          ]
        }
      ]
    },
    {
      "module": "module.region_deployment[\"eastus-unreal-rg\"]",
      "mode": "managed",
      "type": "azurerm_role_assignment",
      "name": "role_assignment",
      "provider": "provider[\"registry.terraform.io/hashicorp/azurerm\"]",
      "instances": [
        {
          "schema_version": 0,
          "attributes": {
            "id": "/subscriptions/0cbfc5fe-8f57-4f7f-a5f4-cc9b1feb4bc0/providers/Microsoft.Authorization/roleAssignments/3b17e9a1-1f61-cfdd-b6fd-e865b152eb92",
            "name": "3b17e9a1-1f61-cfdd-b6fd-e865b152eb92",
            "principal_id": "1edb34eb-28f5-43ca-9aae-a84a38b76076",
            "principal_type": "ServicePrincipal",
            "role_definition_id": "/subscriptions/0cbfc5fe-8f57-4f7f-a5f4-cc9b1feb4bc0/providers/Microsoft.Authorization/roleDefinitions/b24988ac-6180-42a0-ab88-20f7382dd24c",
            "role_definition_name": "Contributor",
            "scope": "/subscriptions/0cbfc5fe-8f57-4f7f-a5f4-cc9b1feb4bc0",
            "skip_service_principal_aad_check": null,
            "timeouts": null
          },
          "sensitive_attributes": [],
          "private": "eyJlMmJmYjczMC1lY2FhLTExZTYtOGY4OC0zNDM2M2JjN2M0YzAiOnsiY3JlYXRlIjoxODAwMDAwMDAwMDAwLCJkZWxldGUiOjE4MDAwMDAwMDAwMDAsInJlYWQiOjMwMDAwMDAwMDAwMCwidXBkYXRlIjoxODAwMDAwMDAwMDAwfX0=",
          "dependencies": [
            "module.region_deployment.azurerm_network_interface.nic",
            "module.region_deployment.azurerm_public_ip.pip",
            "module.region_deployment.azurerm_resource_group.region-rg",
            "module.region_deployment.azurerm_subnet.subnet",
            "module.region_deployment.azurerm_virtual_network.vnet",
            "module.region_deployment.azurerm_windows_virtual_machine.vm",
            "module.region_deployment.data.azurerm_client_config.regional-current",
            "module.region_deployment.data.azurerm_subscription.primary",
            "module.region_deployment.random_string.admin_password",
            "random_string.base_id"
          ]
        }
      ]
    },
    {
      "module": "module.region_deployment[\"eastus-unreal-rg\"]",
      "mode": "managed",
      "type": "azurerm_role_assignment",
      "name": "vmss_role_assignment",
      "provider": "provider[\"registry.terraform.io/hashicorp/azurerm\"]",
      "instances": [
        {
          "schema_version": 0,
          "attributes": {
            "id": "/subscriptions/0cbfc5fe-8f57-4f7f-a5f4-cc9b1feb4bc0/providers/Microsoft.Authorization/roleAssignments/fb85adf2-25dd-a417-16d4-134e56cfd299",
            "name": "fb85adf2-25dd-a417-16d4-134e56cfd299",
            "principal_id": "33677016-11b5-4173-ae0c-6e4d30c4ff51",
            "principal_type": "ServicePrincipal",
            "role_definition_id": "/subscriptions/0cbfc5fe-8f57-4f7f-a5f4-cc9b1feb4bc0/providers/Microsoft.Authorization/roleDefinitions/b24988ac-6180-42a0-ab88-20f7382dd24c",
            "role_definition_name": "Contributor",
            "scope": "/subscriptions/0cbfc5fe-8f57-4f7f-a5f4-cc9b1feb4bc0",
            "skip_service_principal_aad_check": null,
            "timeouts": null
          },
          "sensitive_attributes": [],
          "private": "eyJlMmJmYjczMC1lY2FhLTExZTYtOGY4OC0zNDM2M2JjN2M0YzAiOnsiY3JlYXRlIjoxODAwMDAwMDAwMDAwLCJkZWxldGUiOjE4MDAwMDAwMDAwMDAsInJlYWQiOjMwMDAwMDAwMDAwMCwidXBkYXRlIjoxODAwMDAwMDAwMDAwfX0=",
          "dependencies": [
            "module.region_deployment.azurerm_network_security_group.backend-nsg",
            "module.region_deployment.azurerm_resource_group.region-rg",
            "module.region_deployment.azurerm_subnet.subnet",
            "module.region_deployment.azurerm_virtual_network.vnet",
            "module.region_deployment.azurerm_windows_virtual_machine_scale_set.vmss",
            "module.region_deployment.data.azurerm_client_config.regional-current",
            "module.region_deployment.data.azurerm_subscription.primary",
            "module.region_deployment.random_string.admin_password",
            "random_string.base_id"
          ]
        }
      ]
    },
    {
      "module": "module.region_deployment[\"eastus-unreal-rg\"]",
      "mode": "managed",
      "type": "azurerm_subnet",
      "name": "subnet",
      "provider": "provider[\"registry.terraform.io/hashicorp/azurerm\"]",
      "instances": [
        {
          "schema_version": 0,
          "attributes": {
            "address_prefix": "10.100.0.0/22",
            "address_prefixes": [
              "10.100.0.0/22"
            ],
            "delegation": [],
            "enforce_private_link_endpoint_network_policies": false,
            "enforce_private_link_service_network_policies": false,
            "id": "/subscriptions/0cbfc5fe-8f57-4f7f-a5f4-cc9b1feb4bc0/resourceGroups/ejxs8-eastus-unreal-rg/providers/Microsoft.Network/virtualNetworks/ejxs8-vnet-eastus/subnets/ejxs8-subnet-eastus",
            "name": "ejxs8-subnet-eastus",
            "resource_group_name": "ejxs8-eastus-unreal-rg",
            "service_endpoint_policy_ids": null,
            "service_endpoints": null,
            "timeouts": null,
            "virtual_network_name": "ejxs8-vnet-eastus"
          },
          "sensitive_attributes": [],
          "private": "eyJlMmJmYjczMC1lY2FhLTExZTYtOGY4OC0zNDM2M2JjN2M0YzAiOnsiY3JlYXRlIjoxODAwMDAwMDAwMDAwLCJkZWxldGUiOjE4MDAwMDAwMDAwMDAsInJlYWQiOjMwMDAwMDAwMDAwMCwidXBkYXRlIjoxODAwMDAwMDAwMDAwfX0=",
          "dependencies": [
            "module.region_deployment.azurerm_resource_group.region-rg",
            "module.region_deployment.azurerm_virtual_network.vnet",
            "module.region_deployment.data.azurerm_client_config.regional-current",
            "random_string.base_id"
          ]
        }
      ]
    },
    {
      "module": "module.region_deployment[\"eastus-unreal-rg\"]",
      "mode": "managed",
      "type": "azurerm_traffic_manager_endpoint",
      "name": "traffic_manager_endpoint",
      "provider": "provider[\"registry.terraform.io/hashicorp/azurerm\"]",
      "instances": [
        {
          "schema_version": 0,
          "attributes": {
            "custom_header": [],
            "endpoint_location": "East US",
            "endpoint_monitor_status": "CheckingEndpoint",
            "endpoint_status": "Enabled",
            "geo_mappings": null,
            "id": "/subscriptions/0cbfc5fe-8f57-4f7f-a5f4-cc9b1feb4bc0/resourceGroups/ejxs8-global-unreal-rg/providers/Microsoft.Network/trafficManagerProfiles/ejxs8-trafficmgr/externalEndpoints/ejxs8-trafficmgr-eastus",
            "min_child_endpoints": 0,
            "name": "ejxs8-trafficmgr-eastus",
            "priority": 1,
            "profile_name": "ejxs8-trafficmgr",
            "resource_group_name": "ejxs8-global-unreal-rg",
            "subnet": [],
            "target": "mmvm-ejxs8.eastus.cloudapp.azure.com",
            "target_resource_id": "",
            "timeouts": null,
            "type": "externalEndpoints",
            "weight": 1
          },
          "sensitive_attributes": [],
          "private": "eyJlMmJmYjczMC1lY2FhLTExZTYtOGY4OC0zNDM2M2JjN2M0YzAiOnsiY3JlYXRlIjoxODAwMDAwMDAwMDAwLCJkZWxldGUiOjE4MDAwMDAwMDAwMDAsInJlYWQiOjMwMDAwMDAwMDAwMCwidXBkYXRlIjoxODAwMDAwMDAwMDAwfX0=",
          "dependencies": [
            "azurerm_resource_group.rg_global",
            "azurerm_traffic_manager_profile.traffic_manager_profile",
            "data.azurerm_client_config.current",
            "module.region_deployment.azurerm_public_ip.pip",
            "module.region_deployment.azurerm_resource_group.region-rg",
            "module.region_deployment.data.azurerm_client_config.regional-current",
            "random_string.base_id"
          ]
        }
      ]
    },
    {
      "module": "module.region_deployment[\"eastus-unreal-rg\"]",
      "mode": "managed",
      "type": "azurerm_virtual_machine_extension",
      "name": "mmextension",
      "provider": "provider[\"registry.terraform.io/hashicorp/azurerm\"]",
      "instances": [
        {
          "schema_version": 0,
          "attributes": {
            "auto_upgrade_minor_version": false,
            "id": "/subscriptions/0cbfc5fe-8f57-4f7f-a5f4-cc9b1feb4bc0/resourceGroups/ejxs8-eastus-unreal-rg/providers/Microsoft.Compute/virtualMachines/mm-vm/extensions/MM-CS-Extension",
            "name": "MM-CS-Extension",
            "protected_settings": "  {\n    \"commandToExecute\": \"powershell -ExecutionPolicy Unrestricted -NoProfile -NonInteractive -command cp c:/AzureData/CustomData.bin c:/AzureData/install.ps1; c:/AzureData/install.ps1 -subscription_id 0cbfc5fe-8f57-4f7f-a5f4-cc9b1feb4bc0 -resource_group_name ejxs8-eastus-unreal-rg -vmss_name ejxs8vmss -application_insights_key 9ba3b232-ba37-4b46-94a9-f2668b84e892 -gitpath https://github.com/ddkclaudio/Unreal-Pixel-Streaming.git -pat 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;\",\n    \"managedIdentity\" : { \"objectId\": \"1edb34eb-28f5-43ca-9aae-a84a38b76076\" }\n  }\n",
            "publisher": "Microsoft.Compute",
            "settings": "",
            "tags": null,
            "timeouts": null,
            "type": "CustomScriptExtension",
            "type_handler_version": "1.10",
            "virtual_machine_id": "/subscriptions/0cbfc5fe-8f57-4f7f-a5f4-cc9b1feb4bc0/resourceGroups/ejxs8-eastus-unreal-rg/providers/Microsoft.Compute/virtualMachines/mm-vm"
          },
          "sensitive_attributes": [],
          "private": "eyJlMmJmYjczMC1lY2FhLTExZTYtOGY4OC0zNDM2M2JjN2M0YzAiOnsiY3JlYXRlIjoxODAwMDAwMDAwMDAwLCJkZWxldGUiOjE4MDAwMDAwMDAwMDAsInJlYWQiOjMwMDAwMDAwMDAwMCwidXBkYXRlIjoxODAwMDAwMDAwMDAwfX0=",
          "dependencies": [
            "azurerm_application_insights.appI",
            "azurerm_resource_group.rg_global",
            "data.azurerm_client_config.current",
            "module.region_deployment.azurerm_network_interface.nic",
            "module.region_deployment.azurerm_public_ip.pip",
            "module.region_deployment.azurerm_resource_group.region-rg",
            "module.region_deployment.azurerm_role_assignment.role_assignment",
            "module.region_deployment.azurerm_subnet.subnet",
            "module.region_deployment.azurerm_virtual_network.vnet",
            "module.region_deployment.azurerm_windows_virtual_machine.vm",
            "module.region_deployment.data.azurerm_client_config.regional-current",
            "module.region_deployment.data.azurerm_subscription.primary",
            "module.region_deployment.random_string.admin_password",
            "random_string.base_id"
          ]
        }
      ]
    },
    {
      "module": "module.region_deployment[\"eastus-unreal-rg\"]",
      "mode": "managed",
      "type": "azurerm_virtual_machine_scale_set_extension",
      "name": "ue4extension",
      "provider": "provider[\"registry.terraform.io/hashicorp/azurerm\"]",
      "instances": [
        {
          "schema_version": 0,
          "attributes": {
            "auto_upgrade_minor_version": true,
            "force_update_tag": "",
            "id": "/subscriptions/0cbfc5fe-8f57-4f7f-a5f4-cc9b1feb4bc0/resourceGroups/ejxs8-eastus-unreal-rg/providers/Microsoft.Compute/virtualMachineScaleSets/ejxs8vmss/extensions/BE-CS-Extension",
            "name": "BE-CS-Extension",
            "protected_settings": "  {\n    \"commandToExecute\": \"powershell -ExecutionPolicy Unrestricted -NoProfile -NonInteractive -command cp c:/AzureData/CustomData.bin c:/AzureData/install.ps1; c:/AzureData/install.ps1 -subscription_id 0cbfc5fe-8f57-4f7f-a5f4-cc9b1feb4bc0 -resource_group_name ejxs8-eastus-unreal-rg -vmss_name ejxs8vmss -application_insights_key 9ba3b232-ba37-4b46-94a9-f2668b84e892 -mm_lb_fqdn mm-ejxs8-local.bap1rofr1rke1aq1d2kbdf4zxf.bx.internal.cloudapp.net -instancesPerNode 1 -streamingPort 8888 -resolutionWidth 1920 -resolutionHeight 1080 -pixel_stream_application_name PixelStreamingDemo -fps -1 -gitpath https://github.com/ddkclaudio/Unreal-Pixel-Streaming.git -pat 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;\",\n    \"managedIdentity\" : { \"objectId\": \"33677016-11b5-4173-ae0c-6e4d30c4ff51\" }\n  }\n",
            "provision_after_extensions": null,
            "publisher": "Microsoft.Compute",
            "settings": "",
            "timeouts": null,
            "type": "CustomScriptExtension",
            "type_handler_version": "1.10",
            "virtual_machine_scale_set_id": "/subscriptions/0cbfc5fe-8f57-4f7f-a5f4-cc9b1feb4bc0/resourceGroups/ejxs8-eastus-unreal-rg/providers/Microsoft.Compute/virtualMachineScaleSets/ejxs8vmss"
          },
          "sensitive_attributes": [],
          "private": "eyJlMmJmYjczMC1lY2FhLTExZTYtOGY4OC0zNDM2M2JjN2M0YzAiOnsiY3JlYXRlIjoxODAwMDAwMDAwMDAwLCJkZWxldGUiOjE4MDAwMDAwMDAwMDAsInJlYWQiOjMwMDAwMDAwMDAwMCwidXBkYXRlIjoxODAwMDAwMDAwMDAwfX0=",
          "dependencies": [
            "azurerm_application_insights.appI",
            "azurerm_resource_group.rg_global",
            "data.azurerm_client_config.current",
            "module.region_deployment.azurerm_network_interface.nic",
            "module.region_deployment.azurerm_network_security_group.backend-nsg",
            "module.region_deployment.azurerm_public_ip.pip",
            "module.region_deployment.azurerm_resource_group.region-rg",
            "module.region_deployment.azurerm_role_assignment.vmss_role_assignment",
            "module.region_deployment.azurerm_subnet.subnet",
            "module.region_deployment.azurerm_virtual_network.vnet",
            "module.region_deployment.azurerm_windows_virtual_machine_scale_set.vmss",
            "module.region_deployment.data.azurerm_client_config.regional-current",
            "module.region_deployment.data.azurerm_subscription.primary",
            "module.region_deployment.random_string.admin_password",
            "random_string.base_id"
          ]
        }
      ]
    },
    {
      "module": "module.region_deployment[\"eastus-unreal-rg\"]",
      "mode": "managed",
      "type": "azurerm_virtual_network",
      "name": "vnet",
      "provider": "provider[\"registry.terraform.io/hashicorp/azurerm\"]",
      "instances": [
        {
          "schema_version": 0,
          "attributes": {
            "address_space": [
              "10.100.0.0/16"
            ],
            "bgp_community": "",
            "ddos_protection_plan": [],
            "dns_servers": null,
            "guid": "b8b81f08-dcb1-4d54-821b-1f141197d9bd",
            "id": "/subscriptions/0cbfc5fe-8f57-4f7f-a5f4-cc9b1feb4bc0/resourceGroups/ejxs8-eastus-unreal-rg/providers/Microsoft.Network/virtualNetworks/ejxs8-vnet-eastus",
            "location": "eastus",
            "name": "ejxs8-vnet-eastus",
            "resource_group_name": "ejxs8-eastus-unreal-rg",
            "subnet": [],
            "tags": null,
            "timeouts": null,
            "vm_protection_enabled": false
          },
          "sensitive_attributes": [],
          "private": "eyJlMmJmYjczMC1lY2FhLTExZTYtOGY4OC0zNDM2M2JjN2M0YzAiOnsiY3JlYXRlIjoxODAwMDAwMDAwMDAwLCJkZWxldGUiOjE4MDAwMDAwMDAwMDAsInJlYWQiOjMwMDAwMDAwMDAwMCwidXBkYXRlIjoxODAwMDAwMDAwMDAwfX0=",
          "dependencies": [
            "module.region_deployment.azurerm_resource_group.region-rg",
            "module.region_deployment.data.azurerm_client_config.regional-current",
            "random_string.base_id"
          ]
        }
      ]
    },
    {
      "module": "module.region_deployment[\"eastus-unreal-rg\"]",
      "mode": "managed",
      "type": "azurerm_windows_virtual_machine",
      "name": "vm",
      "provider": "provider[\"registry.terraform.io/hashicorp/azurerm\"]",
      "instances": [
        {
          "schema_version": 0,
          "attributes": {
            "additional_capabilities": [],
            "additional_unattend_content": [],
            "admin_password": "]o=)FT+VSM6w%!$",
            "admin_username": "azureadmin",
            "allow_extension_operations": true,
            "availability_set_id": "",
            "boot_diagnostics": [],
            "computer_name": "mm-vm",
            "custom_data": "IyBDb3B5cmlnaHQgKGMpIE1pY3Jvc29mdCBDb3Jwb3JhdGlvbi4KIyBMaWNlbnNlZCB1bmRlciB0aGUgTUlUIGxpY2Vuc2UuClBhcmFtICgKICBbUGFyYW1ldGVyKE1hbmRhdG9yeSA9ICRUcnVlLCBIZWxwTWVzc2FnZSA9ICJzdWJzY3JpcHRpb24gaWQgZnJvbSB0ZXJyYWZvcm0iKV0KICBbU3RyaW5nXSRzdWJzY3JpcHRpb25faWQgPSAiIiwKICBbUGFyYW1ldGVyKE1hbmRhdG9yeSA9ICRUcnVlLCBIZWxwTWVzc2FnZSA9ICJyZXNvdXJjZSBncm91cCBuYW1lIildCiAgW1N0cmluZ10kcmVzb3VyY2VfZ3JvdXBfbmFtZSA9ICIiLAogIFtQYXJhbWV0ZXIoTWFuZGF0b3J5ID0gJFRydWUsIEhlbHBNZXNzYWdlID0gInZtc3MgbmFtZSIpXQogIFtTdHJpbmddJHZtc3NfbmFtZSA9ICIiLAogIFtQYXJhbWV0ZXIoTWFuZGF0b3J5ID0gJFRydWUsIEhlbHBNZXNzYWdlID0gImFwcGxpY2F0aW9uIGluc2lnaHRzIGtleSIpXQogIFtTdHJpbmddJGFwcGxpY2F0aW9uX2luc2lnaHRzX2tleSA9ICIiLAogIFtQYXJhbWV0ZXIoTWFuZGF0b3J5ID0gJFRydWUsIEhlbHBNZXNzYWdlID0gImdpdCBwYXRoIildCiAgW1N0cmluZ10kZ2l0cGF0aCA9ICIiLAogIFtQYXJhbWV0ZXIoTWFuZGF0b3J5ID0gJEZhbHNlLCBIZWxwTWVzc2FnZSA9ICJnaXRodWIgYWNjZXNzIHRva2VuIildCiAgW1N0cmluZ10kcGF0ID0gIiIKKQoKJFN0YXJ0VGltZSA9IEdldC1EYXRlCgojIyMjIyMjIyMjIyMjIyMjIyMjIyMjIyMjIyMjIyMjIyMjIyMjIyMjIyMjIyMjIyMjIyMjIyMjIyMjIyMjIyMjIyMjIyMjIyMjIyMjIyMjIyMjIyMjIyMjIyMjIyMjIyMjIyMjIwojYmFzZSB2YXJpYWJsZXMKIyMjIyMjIyMjIyMjIyMjIyMjIyMjIyMjIyMjIyMjIyMjIyMjIyMjIyMjIyMjIyMjIyMjIyMjIyMjIyMjIyMjIyMjIyMjIyMjIyMjIyMjIyMjIyMjIyMjIyMjIyMjIyMjIyMjIyMKJGxvZ3Nmb2xkZXIgPSAiYzpcZ2FtaW5nXGxvZ3MiCiRsb2dvdXRwdXQgPSAkbG9nc2ZvbGRlciArICdcdWU0LXNldHVwTU0tb3V0cHV0LScgKyAoZ2V0LWRhdGUpLlRvU3RyaW5nKCdNTWRkeXloaG1tc3MnKSArICcudHh0JwokZm9sZGVyID0gImM6XFVucmVhbFwiCgokZm9sZGVyTm9UcmFpbCA9ICRmb2xkZXIKaWYgKCRmb2xkZXJOb1RyYWlsLkVuZHNXaXRoKCJcIikpIHsKICAkbCA9ICRmb2xkZXJOb1RyYWlsLkxlbmd0aCAtIDEKICAkZm9sZGVyTm9UcmFpbCA9ICRmb2xkZXJOb1RyYWlsLlN1YnN0cmluZygwLCAkbCkKfQoKJG1tU2VydmljZUZvbGRlciA9ICIkZm9sZGVyTm9UcmFpbFxFbmdpbmVcU291cmNlXFByb2dyYW1zXFBpeGVsU3RyZWFtaW5nXFdlYlNlcnZlcnNcTWF0Y2htYWtlciIKJG1tQ2VydEZvbGRlciA9ICRtbVNlcnZpY2VGb2xkZXIgKyAiXENlcnRpZmljYXRlcyIKJGV4ZWN1dGlvbmZpbGVwYXRoID0gIiRmb2xkZXJOb1RyYWlsXHNjcmlwdHNcc3RhcnRNTVMucHMxIgokZGVwbG95bWVudExvY2F0aW9uID0gJHJlc291cmNlX2dyb3VwX25hbWUuU3BsaXQoJy0nKVsxXQoKJGJhc2VfbmFtZSA9ICRyZXNvdXJjZV9ncm91cF9uYW1lLlN1YnN0cmluZygwLCAkcmVzb3VyY2VfZ3JvdXBfbmFtZS5JbmRleE9mKCItIikpCiRha3YgPSAiYWt2LSIgKyAkYmFzZV9uYW1lICsgIi1lYXN0dXMiCgojaGFuZGxlIGlmIGEgUGVyc29uYWwgQWNjZXNzIFRva2VuIGlzIGJlaW5nIHBhc3NlZAojJEI2NFBhdCA9IFtDb252ZXJ0XTo6VG9CYXNlNjRTdHJpbmcoW1N5c3RlbS5UZXh0LkVuY29kaW5nXTo6VVRGOC5HZXRCeXRlcygiJHBhdCIpKQppZiAoJHBhdC5MZW5ndGggLWd0IDApIHsKICAjaGFuZGxlIGlmIGEgUEFUIHdhcyBwYXNzZWQgYW5kIHVzZSB0aGF0IGluIHRoZSB1cmwKICAkbmV3cHJlZml4ID0gImh0dHBzOi8vJHBhdEAiCiAgJGdpdHBhdGggPSAkZ2l0cGF0aCAtcmVwbGFjZSAiaHR0cHM6Ly8iLCAkbmV3cHJlZml4ICAKfQojIyMjIyMjIyMjIyMjIyMjIyMjIyMjIyMjIyMjIyMjIyMjIyMjIyMjIyMjIyMjIyMjIyMjIyMjIyMjIyMjIyMjIyMjIyMjIyMjIyMjIyMjIyMjIyMjIyMjIyMjIyMjIyMjIyMjIwoKW1N5c3RlbS5OZXQuU2VydmljZVBvaW50TWFuYWdlcl06OlNlY3VyaXR5UHJvdG9jb2wgPSBbU3lzdGVtLk5ldC5TZWN1cml0eVByb3RvY29sVHlwZV06OlRsczEyOwpTZXQtRXhlY3V0aW9uUG9saWN5IEJ5cGFzcyAtU2NvcGUgUHJvY2VzcyAtRm9yY2UKCk5ldy1JdGVtIC1QYXRoICRsb2dzZm9sZGVyIC1JdGVtVHlwZSBkaXJlY3RvcnkgLUZvcmNlCmZ1bmN0aW9uIGxvZ21lc3NhZ2UoKSB7CiAgJGxvZ21lc3NhZ2UgPSAkYXJnc1swXSAgICAKICAkTWVzc2FnZVRpbWUgPSBHZXQtRGF0ZSAtRm9ybWF0ICJbTU0vZGQveXl5eSBISDptbTpzc10iCgogICRvdXRwdXQgPSAiJE1lc3NhZ2VUaW1lIC0gJGxvZ21lc3NhZ2UiCiAgQWRkLUNvbnRlbnQgLVBhdGggJGxvZ291dHB1dCAtVmFsdWUgJG91dHB1dAp9Cgpsb2dtZXNzYWdlICJTdGFydGluZyBCRSBTZXR1cCBhdDokU3RhcnRUaW1lIgpsb2dtZXNzYWdlICJEaXNhYmxpbmcgV2luZG93cyBGaXJld2FsbHMgc3RhcnRlZCIKTmV3LU5ldEZpcmV3YWxsUnVsZSAtRGlzcGxheU5hbWUgJ01hdGNobWFrZXItSUItODAnIC1EaXJlY3Rpb24gSW5ib3VuZCAtQWN0aW9uIEFsbG93IC1Qcm90b2NvbCBUQ1AgLUxvY2FsUG9ydCA4MApOZXctTmV0RmlyZXdhbGxSdWxlIC1EaXNwbGF5TmFtZSAnTWF0Y2htYWtlci1JQi05MCcgLURpcmVjdGlvbiBJbmJvdW5kIC1BY3Rpb24gQWxsb3cgLVByb3RvY29sIFRDUCAtTG9jYWxQb3J0IDkwCk5ldy1OZXRGaXJld2FsbFJ1bGUgLURpc3BsYXlOYW1lICdNYXRjaG1ha2VyLUlCLTk5OTknIC1EaXJlY3Rpb24gSW5ib3VuZCAtQWN0aW9uIEFsbG93IC1Qcm90b2NvbCBUQ1AgLUxvY2FsUG9ydCA5OTk5Ck5ldy1OZXRGaXJld2FsbFJ1bGUgLURpc3BsYXlOYW1lICdNYXRjaG1ha2VyLUlCLTQ0MycgLURpcmVjdGlvbiBJbmJvdW5kIC1BY3Rpb24gQWxsb3cgLVByb3RvY29sIFRDUCAtTG9jYWxQb3J0IDQ0MwoKTmV3LU5ldEZpcmV3YWxsUnVsZSAtRGlzcGxheU5hbWUgJ01hdGNobWFrZXItT0ItODAnIC1EaXJlY3Rpb24gT3V0Ym91bmQgLUFjdGlvbiBBbGxvdyAtUHJvdG9jb2wgVENQIC1Mb2NhbFBvcnQgODAKTmV3LU5ldEZpcmV3YWxsUnVsZSAtRGlzcGxheU5hbWUgJ01hdGNobWFrZXItT0ItMTkzMDInIC1EaXJlY3Rpb24gT3V0Ym91bmQgLUFjdGlvbiBBbGxvdyAtUHJvdG9jb2wgVENQIC1Mb2NhbFBvcnQgMTkzMDIKTmV3LU5ldEZpcmV3YWxsUnVsZSAtRGlzcGxheU5hbWUgJ01hdGNobWFrZXItT0ItMTkzMDMnIC1EaXJlY3Rpb24gT3V0Ym91bmQgLUFjdGlvbiBBbGxvdyAtUHJvdG9jb2wgVENQIC1Mb2NhbFBvcnQgMTkzMDMKTmV3LU5ldEZpcmV3YWxsUnVsZSAtRGlzcGxheU5hbWUgJ01hdGNobWFrZXItT0ItNDQzJyAtRGlyZWN0aW9uIE91dGJvdW5kIC1BY3Rpb24gQWxsb3cgLVByb3RvY29sIFRDUCAtTG9jYWxQb3J0IDQ0Mwpsb2dtZXNzYWdlICJEaXNhYmxpbmcgV2luZG93cyBGaXJld2FsbHMgY29tcGxldGUiCgojZ2l0IGFuZCBnaXQtbGZzIGlzIG9uIHRoZSBpbWFnZSBhbHJlYWR5CltyZWZsZWN0aW9uLmFzc2VtYmx5XTo6TG9hZFdpdGhQYXJ0aWFsTmFtZSgiU3lzdGVtLkRpcmVjdG9yeVNlcnZpY2VzLkFjY291bnRNYW5hZ2VtZW50IikKJHdob2FtaSA9IFtTeXN0ZW0uRGlyZWN0b3J5U2VydmljZXMuQWNjb3VudE1hbmFnZW1lbnQuVXNlclByaW5jaXBhbF06OkN1cnJlbnQKbG9nbWVzc2FnZSAiQ3VycmVudCBDb250ZXh0OiAkd2hvYW1pIgoKbG9nbWVzc2FnZSAiQ3JlYXRpbmc6ICRmb2xkZXIiCk5ldy1JdGVtIC1QYXRoICRmb2xkZXIgLUl0ZW1UeXBlIGRpcmVjdG9yeQoKbG9nbWVzc2FnZSAiQ2xvbmluZyBjb2RlIHByb2Nlc3MgZnJvbSBHaXQgU3RhcnQiCmlmICggKEdldC1DaGlsZEl0ZW0gJGZvbGRlck5vVHJhaWwgfCBNZWFzdXJlLU9iamVjdCkuQ291bnQgLWVxIDApIHsKICB0cnkgewogICAgbG9nbWVzc2FnZSAiU2V0IFBhdGggdG86ICRmb2xkZXIiCiAgICBTZXQtTG9jYXRpb24gLVBhdGggJGZvbGRlciAKCiAgICBsb2dtZXNzYWdlICJHaXQgTEZTIEluc3RhbGwiCiAgICBnaXQgbGZzIGluc3RhbGwKICAgIFN0YXJ0LVNsZWVwIDEwCgogICAgbG9nbWVzc2FnZSAiR2l0IENsb25lIFN0YXJ0IgogICAgZ2l0IGNsb25lIC0tZGVwdGggMSAkZ2l0cGF0aCAkZm9sZGVyTm9UcmFpbCAtLXEKICAgIGxvZ21lc3NhZ2UgIkdpdCBDbG9uZSBDb21wbGV0ZSIKCiAgICBsb2dtZXNzYWdlICJHaXQgY2xvbmluZyBwcm9jZXNzIENvbXBsZXRlIgogIH0KICBjYXRjaCB7CiAgICBsb2dtZXNzYWdlICRfLkV4Y2VwdGlvbi5NZXNzYWdlCiAgICBicmVhawogIH0KICBmaW5hbGx5IHsKICAgICRlcnJvci5jbGVhcigpCiAgfQp9IAplbHNlIHsgCiAgbG9nbWVzc2FnZSAiVW5yZWFsIEZvbGRlciB3YXMgbm90IEVtcHR5LiBBQk9SVElORy4iCiAgYnJlYWsKfQoKI3B1dCBhIGNoZWNrIGhlcmUgaWYgdGhlIGNsb25lIGFjdHVhbGx5IG9jY3VycmVkLCBpZiBub3QgYnJlYWsKdHJ5IHsKICBTZXQtTG9jYXRpb24gLVBhdGggJG1tU2VydmljZUZvbGRlciAKfQpjYXRjaCB7CiAgbG9nbWVzc2FnZSAkXy5FeGNlcHRpb24uTWVzc2FnZQogIGJyZWFrCn0KZmluYWxseSB7CiAgJGVycm9yLmNsZWFyKCkKfQoKbG9nbWVzc2FnZSAiQ3VycmVudCBmb2xkZXI6ICRtbVNlcnZpY2VGb2xkZXIiCgpsb2dtZXNzYWdlICRzdWJzY3JpcHRpb25faWQKbG9nbWVzc2FnZSAkcmVzb3VyY2VfZ3JvdXBfbmFtZQpsb2dtZXNzYWdlICR2bXNzX25hbWUKbG9nbWVzc2FnZSAkYXBwbGljYXRpb25faW5zaWdodHNfa2V5CgokbW1Db25maWdKc29uID0gKEdldC1Db250ZW50ICAiY29uZmlnLmpzb24iIC1SYXcpIHwgQ29udmVydEZyb20tSnNvbgpsb2dtZXNzYWdlICJDb25maWcganNvbiBiZWZvcmUgdXBkYXRlIDogJG1tQ29uZmlnSnNvbiIKCiRtbUNvbmZpZ0pzb24ucmVzb3VyY2VHcm91cCA9ICRyZXNvdXJjZV9ncm91cF9uYW1lCiRtbUNvbmZpZ0pzb24uc3Vic2NyaXB0aW9uSWQgPSAkc3Vic2NyaXB0aW9uX2lkCiRtbUNvbmZpZ0pzb24udmlydHVhbE1hY2hpbmVTY2FsZVNldCA9ICR2bXNzX25hbWUKJG1tQ29uZmlnSnNvbi5hcHBJbnNpZ2h0c0luc3RydW1lbnRhdGlvbktleSA9ICRhcHBsaWNhdGlvbl9pbnNpZ2h0c19rZXkKJG1tQ29uZmlnSnNvbi5yZWdpb24gPSAkZGVwbG95bWVudExvY2F0aW9uCgokbW1Db25maWdKc29uIHwgQ29udmVydFRvLUpzb24gfCBzZXQtY29udGVudCAiY29uZmlnLmpzb24iCgojIFJlYWRpbmcgYWdhaW4gdG8gY29uZmlybSB0aGUgdXBkYXRlCiRtbUNvbmZpZ0pzb24gPSAoR2V0LUNvbnRlbnQgICJjb25maWcuanNvbiIgLVJhdykgfCBDb252ZXJ0RnJvbS1Kc29uCmxvZ21lc3NhZ2UgIldyaXRpbmcgcGFyYW1ldGVycyBmcm9tIGV4dGVuc2lvbiBjb21wbGV0ZS4iIApsb2dtZXNzYWdlICJVcGRhdGVkIGNvbmZpZyA6ICRtbUNvbmZpZ0pzb24iCgojY3JlYXRlIHRoZSBjZXJ0aWZpY2F0ZXMgZm9sZGVyCiRtbUNlcnRGb2xkZXIgPSAkbW1TZXJ2aWNlRm9sZGVyICsgIlxjZXJ0aWZpY2F0ZXMiCgppZiAoLW5vdCAoVGVzdC1QYXRoIC1MaXRlcmFsUGF0aCAkbW1DZXJ0Rm9sZGVyKSkgewogICRmc28gPSBuZXctb2JqZWN0IC1Db21PYmplY3Qgc2NyaXB0aW5nLmZpbGVzeXN0ZW1vYmplY3QKICAkZnNvLkNyZWF0ZUZvbGRlcigkbW1DZXJ0Rm9sZGVyKQp9CmVsc2UgewogIGxvZ21lc3NhZ2UgIlBhdGggYWxyZWFkeSBleGlzdHM6ICRtbUNlcnRGb2xkZXIiCn0KCiNzZXQgdGhlIHBhdGggdG8gdGhlIGNlcnRpZmljYXRlcyBmb2xkZXIKU2V0LUxvY2F0aW9uIC1QYXRoICRtbUNlcnRGb2xkZXIgCgpsb2dtZXNzYWdlICJTdGFydGluZyBDZXJ0aWZpY2F0ZSBQcm9jZXNzIgoKbG9nbWVzc2FnZSAiQXogTG9naW4iCmF6IGxvZ2luIC0taWRlbnRpdHkKbG9nbWVzc2FnZSAiQXogU2V0IFN1YnNjcmlwdGlvbiIKYXogYWNjb3VudCBzZXQgLS1zdWJzY3JpcHRpb24gJHN1YnNjcmlwdGlvbl9pZApsb2dtZXNzYWdlICJBS1Y6ICRha3YiCgpbcmVmbGVjdGlvbi5hc3NlbWJseV06OkxvYWRXaXRoUGFydGlhbE5hbWUoIlN5c3RlbS5EaXJlY3RvcnlTZXJ2aWNlcy5BY2NvdW50TWFuYWdlbWVudCIpCiR3aG9hbWkgPSBbU3lzdGVtLkRpcmVjdG9yeVNlcnZpY2VzLkFjY291bnRNYW5hZ2VtZW50LlVzZXJQcmluY2lwYWxdOjpDdXJyZW50CmxvZ21lc3NhZ2UgIkN1cnJlbnQgQ29udGV4dDogJHdob2FtaSIKCiNjaGVjayB0byBzZWUgaWYgdGhlIGtleSBleGlzdHM/CiRha3ZjZXJ0ID0gKGF6IGtleXZhdWx0IGNlcnRpZmljYXRlIGxpc3QtdmVyc2lvbnMgLS12YXVsdC1uYW1lICRha3YgLW4gInVucmVhbHBpeGVsc3RyZWFtaW5nIiAtLXF1ZXJ5ICJbXS57TmFtZTpuYW1lfSIgLW8gdGFibGUpLkNvdW50CgojZG93bmxvYWQgdGhlIGNlcnQgdG8gdGhlIGZvbGRlciAoMSBtZWFucyB0aGVyZSBpcyBubyBjZXJ0LCAzIG9yIG1vcmUgaW5kaWNhdGVzIHRoZSBzcGVjaWZpYyBjZXJ0IHdhcyBmb3VuZCkKaWYgKCRha3ZjZXJ0IC1ndCAxKSB7CiAgdHJ5IHsKICAgIGxvZ21lc3NhZ2UgIlN0YXJ0aW5nIERvd25sb2FkaW5nIG9mIGNlcnRzIgogICAgIyMjIGVuZCBwcm9jZXNzIHRvIGRvd25sb2FkIGNlcnRzCgogICAgYXoga2V5dmF1bHQgY2VydGlmaWNhdGUgZG93bmxvYWQgLS12YXVsdC1uYW1lICRha3YgLW4gInVucmVhbHBpeGVsc3RyZWFtaW5nIiAtZiBjbGllbnQtY2VydC5wZW0KCiAgICBsb2dtZXNzYWdlICJDZXJ0aWZpY2F0ZXMgRG93bmxvYWQgU3VjY2VlZGVkIgogIH0KICBjYXRjaCB7CiAgICBsb2dtZXNzYWdlICJDZXJ0aWZpY2F0ZXMgRG93bmxvYWQgRmFpbGVkIgogIH0KfQplbHNlIHsKICBsb2dtZXNzYWdlICJDZXJ0aWZpY2F0ZSBkb2VzIG5vdCBleGlzdCIKfQoKbG9nbWVzc2FnZSAiQ3JlYXRpbmcgYSBqb2Igc2NoZWR1bGUgIgoKJHRyaWdnZXIgPSBOZXctSm9iVHJpZ2dlciAtQXRTdGFydHVwIC1SYW5kb21EZWxheSAwMDowMDoxMAp0cnkgewogICRVc2VyID0gIk5UIEFVVEhPUklUWVxTWVNURU0iCiAgJFBTID0gTmV3LVNjaGVkdWxlZFRhc2tBY3Rpb24gLUV4ZWN1dGUgInBvd2Vyc2hlbGwuZXhlIiAtQXJndW1lbnQgIi1leGVjdXRpb25wb2xpY3kgYnlwYXNzIC1ub3Byb2ZpbGUgLWZpbGUgJGV4ZWN1dGlvbmZpbGVwYXRoIgogIFJlZ2lzdGVyLVNjaGVkdWxlZFRhc2sgLVRyaWdnZXIgJHRyaWdnZXIgLVVzZXIgJFVzZXIgLVRhc2tOYW1lICJTdGFydE1NUyIgLUFjdGlvbiAkUFMgLVJ1bkxldmVsIEhpZ2hlc3QgLUZvcmNlIAp9CmNhdGNoIHsKICBsb2dtZXNzYWdlICJFeGNlcHRpb246ICIgKyAkXy5FeGNlcHRpb24KfQpmaW5hbGx5IHsKICAkZXJyb3IuY2xlYXIoKSAgICAKfQoKbG9nbWVzc2FnZSAiQ3JlYXRpbmcgYSBqb2Igc2NoZWR1bGUgY29tcGxldGUiCmxvZ21lc3NhZ2UgIlN0YXJ0aW5nIHRoZSBNTVMgUHJvY2VzcyAiCgojaW52b2tlIHRoZSBzY3JpcHQgdG8gc3RhcnQgaXQgdGhpcyB0aW1lCiNJbnZva2UtRXhwcmVzc2lvbiAtQ29tbWFuZCAkZXhlY3V0aW9uZmlsZXBhdGgKU3RhcnQtU2NoZWR1bGVkVGFzayAtVGFza05hbWUgIlN0YXJ0TU1TIiAtQXNKb2IKCiRFbmRUaW1lID0gR2V0LURhdGUKbG9nbWVzc2FnZSAiQ29tcGxldGVkIGF0OiRFbmRUaW1lIg==",
            "dedicated_host_id": "",
            "enable_automatic_updates": true,
            "encryption_at_host_enabled": false,
            "eviction_policy": "",
            "extensions_time_budget": "PT1H30M",
            "id": "/subscriptions/0cbfc5fe-8f57-4f7f-a5f4-cc9b1feb4bc0/resourceGroups/ejxs8-eastus-unreal-rg/providers/Microsoft.Compute/virtualMachines/mm-vm",
            "identity": [
              {
                "identity_ids": null,
                "principal_id": "1edb34eb-28f5-43ca-9aae-a84a38b76076",
                "tenant_id": "40656ed8-88a4-4578-87e8-04444b36a28f",
                "type": "SystemAssigned"
              }
            ],
            "license_type": "",
            "location": "eastus",
            "max_bid_price": -1,
            "name": "mm-vm",
            "network_interface_ids": [
              "/subscriptions/0cbfc5fe-8f57-4f7f-a5f4-cc9b1feb4bc0/resourceGroups/ejxs8-eastus-unreal-rg/providers/Microsoft.Network/networkInterfaces/mm-nic-eastus"
            ],
            "os_disk": [
              {
                "caching": "ReadWrite",
                "diff_disk_settings": [],
                "disk_encryption_set_id": "",
                "disk_size_gb": 127,
                "name": "mm-vm_OsDisk_1_4bf800b01d89492eb3e9596ef61e4347",
                "storage_account_type": "Standard_LRS",
                "write_accelerator_enabled": false
              }
            ],
            "patch_mode": "AutomaticByOS",
            "plan": [],
            "priority": "Regular",
            "private_ip_address": "10.100.0.4",
            "private_ip_addresses": [
              "10.100.0.4"
            ],
            "provision_vm_agent": true,
            "proximity_placement_group_id": "",
            "public_ip_address": "20.185.101.168",
            "public_ip_addresses": [
              "20.185.101.168"
            ],
            "resource_group_name": "ejxs8-eastus-unreal-rg",
            "secret": [],
            "size": "Standard_F4s_v2",
            "source_image_id": "",
            "source_image_reference": [
              {
                "offer": "msftpixelstreaming",
                "publisher": "microsoft-agci-gaming",
                "sku": "nvidia",
                "version": "latest"
              }
            ],
            "tags": null,
            "timeouts": null,
            "timezone": "",
            "virtual_machine_id": "6ed3421b-6672-44fc-b388-d3a327027bb3",
            "virtual_machine_scale_set_id": "",
            "winrm_listener": [],
            "zone": ""
          },
          "sensitive_attributes": [],
          "private": "eyJlMmJmYjczMC1lY2FhLTExZTYtOGY4OC0zNDM2M2JjN2M0YzAiOnsiY3JlYXRlIjoyNzAwMDAwMDAwMDAwLCJkZWxldGUiOjI3MDAwMDAwMDAwMDAsInJlYWQiOjMwMDAwMDAwMDAwMCwidXBkYXRlIjoyNzAwMDAwMDAwMDAwfX0=",
          "dependencies": [
            "module.region_deployment.azurerm_network_interface.nic",
            "module.region_deployment.azurerm_public_ip.pip",
            "module.region_deployment.azurerm_resource_group.region-rg",
            "module.region_deployment.azurerm_subnet.subnet",
            "module.region_deployment.azurerm_virtual_network.vnet",
            "module.region_deployment.data.azurerm_client_config.regional-current",
            "module.region_deployment.random_string.admin_password",
            "random_string.base_id"
          ]
        }
      ]
    },
    {
      "module": "module.region_deployment[\"eastus-unreal-rg\"]",
      "mode": "managed",
      "type": "azurerm_windows_virtual_machine_scale_set",
      "name": "vmss",
      "provider": "provider[\"registry.terraform.io/hashicorp/azurerm\"]",
      "instances": [
        {
          "schema_version": 0,
          "attributes": {
            "additional_capabilities": [],
            "additional_unattend_content": [],
            "admin_password": "]o=)FT+VSM6w%!$",
            "admin_username": "azureadmin",
            "automatic_instance_repair": [
              {
                "enabled": false,
                "grace_period": "PT30M"
              }
            ],
            "automatic_os_upgrade_policy": [],
            "boot_diagnostics": [],
            "computer_name_prefix": "ejxs8vmss",
            "custom_data": "I0NvcHlyaWdodCAoYykgTWljcm9zb2Z0IENvcnBvcmF0aW9uLgojIExpY2Vuc2VkIHVuZGVyIHRoZSBNSVQgbGljZW5zZS4KUGFyYW0gKAogIFtQYXJhbWV0ZXIoTWFuZGF0b3J5ID0gJFRydWUsIEhlbHBNZXNzYWdlID0gInN1YnNjcmlwdGlvbiBpZCBmcm9tIHRlcnJhZm9ybSIpXQogIFtTdHJpbmddJHN1YnNjcmlwdGlvbl9pZCA9ICIiLAogIFtQYXJhbWV0ZXIoTWFuZGF0b3J5ID0gJFRydWUsIEhlbHBNZXNzYWdlID0gInJlc291cmNlIGdyb3VwIG5hbWUiKV0KICBbU3RyaW5nXSRyZXNvdXJjZV9ncm91cF9uYW1lID0gIiIsCiAgW1BhcmFtZXRlcihNYW5kYXRvcnkgPSAkVHJ1ZSwgSGVscE1lc3NhZ2UgPSAidm1zcyBuYW1lIildCiAgW1N0cmluZ10kdm1zc19uYW1lID0gIiIsICAKICBbUGFyYW1ldGVyKE1hbmRhdG9yeSA9ICRUcnVlLCBIZWxwTWVzc2FnZSA9ICJhcHBsaWNhdGlvbiBpbnNpZ2h0cyBrZXkiKV0KICBbU3RyaW5nXSRhcHBsaWNhdGlvbl9pbnNpZ2h0c19rZXkgPSAiIiwKICBbUGFyYW1ldGVyKE1hbmRhdG9yeSA9ICRUcnVlLCBIZWxwTWVzc2FnZSA9ICJtYXRjaG1ha2VyIGxvYWQgYmFsYW5jZXIgZnFkbiIpXQogIFtTdHJpbmddJG1tX2xiX2ZxZG4gPSAiIiwKICBbUGFyYW1ldGVyKE1hbmRhdG9yeSA9ICRmYWxzZSwgSGVscE1lc3NhZ2UgPSAiRGVzaXJlZCBpbnN0YW5jZXMgb2YgM0QgYXBwcyBydW5uaW5nIHBlciBWTSwgZGVmYXVsdCAxIildCiAgW2ludF0gJGluc3RhbmNlc1Blck5vZGUgPSAxLAogIFtQYXJhbWV0ZXIoTWFuZGF0b3J5ID0gJGZhbHNlLCBIZWxwTWVzc2FnZSA9ICJUaGUgc3RyZWFtaW5nIHBvcnQgc3RhcnQgZm9yIG11bHRpcGxlIGluc3RhbmNlcywgZGVmYXVsdCA4ODg4IildCiAgW2ludF0gJHN0cmVhbWluZ1BvcnQgPSA4ODg4LAogIFtQYXJhbWV0ZXIoTWFuZGF0b3J5ID0gJGZhbHNlLCBIZWxwTWVzc2FnZSA9ICJUaGUgcmVzb2x1dGlvbiB3aWR0aCBvZiB0aGUgM0QgYXBwLCBkZWZhdWx0IDE5MjAiKV0KICBbaW50XSAkcmVzb2x1dGlvbldpZHRoID0gMTkyMCwKICBbUGFyYW1ldGVyKE1hbmRhdG9yeSA9ICRmYWxzZSwgSGVscE1lc3NhZ2UgPSAiVGhlIHJlc29sdXRpb24gaGVpZ2h0IG9mIHRoZSAzRCBhcHAsIGRlZmF1bHQgMTA4MCIpXQogIFtpbnRdICRyZXNvbHV0aW9uSGVpZ2h0ID0gMTA4MCwKICBbUGFyYW1ldGVyKE1hbmRhdG9yeSA9ICRmYWxzZSwgSGVscE1lc3NhZ2UgPSAiVGhlIG5hbWUgb2YgdGhlIDNEIGFwcCwgZGVmYXVsdCBQaXhlbFN0cmVhbWluZ0RlbW8iKV0KICBbc3RyaW5nXSAkcGl4ZWxfc3RyZWFtX2FwcGxpY2F0aW9uX25hbWUgPSAiUGl4ZWxTdHJlYW1pbmdEZW1vIiwKICBbUGFyYW1ldGVyKE1hbmRhdG9yeSA9ICRmYWxzZSwgSGVscE1lc3NhZ2UgPSAiVGhlIGZyYW1lcyBwZXIgc2Vjb25kIG9mIHRoZSAzRCBhcHAsIGRlZmF1bHQgLTEgd2hpY2ggcmV2ZXJ0cyB0byBkZWZhdWx0IGJlaGF2aW9yIG9mIFVFIildCiAgW2ludF0gJGZwcyA9IC0xLAogIFtQYXJhbWV0ZXIoTWFuZGF0b3J5ID0gJFRydWUsIEhlbHBNZXNzYWdlID0gImdpdCBwYXRoIildCiAgW1N0cmluZ10kZ2l0cGF0aCA9ICIiLAogIFtQYXJhbWV0ZXIoTWFuZGF0b3J5ID0gJEZhbHNlLCBIZWxwTWVzc2FnZSA9ICJnaXRodWIgYWNjZXNzIHRva2VuIildCiAgW1N0cmluZ10kcGF0ID0gIiIKKQoKJFN0YXJ0VGltZSA9IEdldC1EYXRlCgojIyMjIyMjIyMjIyMjIyMjIyMjIyMjIyMjIyMjIyMjIyMjIyMjIyMjIyMjIyMjIyMjIyMjIyMjIyMjIyMjIyMjIyMjIyMjIyMjIyMjIyMjIyMjIyMjIyMjIyMjIyMjIyMjIyMjIwojYmFzZSB2YXJpYWJsZXMKIyMjIyMjIyMjIyMjIyMjIyMjIyMjIyMjIyMjIyMjIyMjIyMjIyMjIyMjIyMjIyMjIyMjIyMjIyMjIyMjIyMjIyMjIyMjIyMjIyMjIyMjIyMjIyMjIyMjIyMjIyMjIyMjIyMjIyMKJGxvZ3Nmb2xkZXIgPSAiYzpcZ2FtaW5nXGxvZ3MiCiRsb2dvdXRwdXQgPSAkbG9nc2ZvbGRlciArICdcdWU0LXNldHVwVk1TUy1vdXRwdXQtJyArIChnZXQtZGF0ZSkuVG9TdHJpbmcoJ01NZGR5eWhobW1zcycpICsgJy50eHQnCiRmb2xkZXIgPSAiYzpcVW5yZWFsXCIKCiRmb2xkZXJOb1RyYWlsID0gJGZvbGRlcgppZiAoJGZvbGRlck5vVHJhaWwuRW5kc1dpdGgoIlwiKSkgewogICRsID0gJGZvbGRlck5vVHJhaWwuTGVuZ3RoIC0gMQogICRmb2xkZXJOb1RyYWlsID0gJGZvbGRlck5vVHJhaWwuU3Vic3RyaW5nKDAsICRsKQp9Cgokdm1TZXJ2aWNlRm9sZGVyID0gIiRmb2xkZXJOb1RyYWlsXEVuZ2luZVxTb3VyY2VcUHJvZ3JhbXNcUGl4ZWxTdHJlYW1pbmdcV2ViU2VydmVyc1xTaWduYWxsaW5nV2ViU2VydmVyIgokdm1XZWJTZXJ2aWNlc0ZvbGRlciA9ICIkZm9sZGVyTm9UcmFpbFxFbmdpbmVcU291cmNlXFByb2dyYW1zXFBpeGVsU3RyZWFtaW5nXFdlYlNlcnZlcnNcIgokZW5naW5lSW5pRmlsZXBhdGggPSAiJGZvbGRlck5vVHJhaWxcIiArICRwaXhlbF9zdHJlYW1fYXBwbGljYXRpb25fbmFtZSArICJcU2F2ZWRcQ29uZmlnXFdpbmRvd3NOb0VkaXRvclxFbmdpbmUuaW5pIgokZXhlY3V0aW9uZmlsZXBhdGggPSAiJGZvbGRlck5vVHJhaWxcc2NyaXB0c1xzdGFydFZNU1MucHMxIgokdGFza05hbWUgPSAiU3RhcnRWTVNTIgokZGVmYXVsdEh0dHBQb3J0ID0gODAKJGRlZmF1bHRIdHRwc1BvcnQgPSA0NDMKJGRlcGxveW1lbnRMb2NhdGlvbiA9ICRyZXNvdXJjZV9ncm91cF9uYW1lLlNwbGl0KCctJylbMV0KCiRiYXNlX25hbWUgPSAkcmVzb3VyY2VfZ3JvdXBfbmFtZS5TdWJzdHJpbmcoMCwgJHJlc291cmNlX2dyb3VwX25hbWUuSW5kZXhPZigiLSIpKQokYWt2ID0gImFrdi0iICsgJGJhc2VfbmFtZSArICItZWFzdHVzIgoKJGRlZmF1bHRIdHRwUG9ydCA9IDgwCiRkZWZhdWx0SHR0cHNQb3J0ID0gNDQzCgppZiAoJHBhdC5MZW5ndGggLWd0IDApIHsKICAjaGFuZGxlIGlmIGEgUEFUIHdhcyBwYXNzZWQgYW5kIHVzZSB0aGF0IGluIHRoZSB1cmwKICAkbmV3cHJlZml4ID0gImh0dHBzOi8vJHBhdEAiCiAgJGdpdHBhdGggPSAkZ2l0cGF0aCAtcmVwbGFjZSAiaHR0cHM6Ly8iLCAkbmV3cHJlZml4ICAKfQojIyMjIyMjIyMjIyMjIyMjIyMjIyMjIyMjIyMjIyMjIyMjIyMjIyMjIyMjIyMjIyMjIyMjIyMjIyMjIyMjIyMjIyMjIyMjIyMjIyMjIyMjIyMjIyMjIyMjIyMjIyMjIyMjIyMjIwpbU3lzdGVtLk5ldC5TZXJ2aWNlUG9pbnRNYW5hZ2VyXTo6U2VjdXJpdHlQcm90b2NvbCA9IFtTeXN0ZW0uTmV0LlNlY3VyaXR5UHJvdG9jb2xUeXBlXTo6VGxzMTI7ClNldC1FeGVjdXRpb25Qb2xpY3kgQnlwYXNzIC1TY29wZSBQcm9jZXNzIC1Gb3JjZQoKTmV3LUl0ZW0gLVBhdGggJGxvZ3Nmb2xkZXIgLUl0ZW1UeXBlIGRpcmVjdG9yeSAtRm9yY2UKZnVuY3Rpb24gbG9nbWVzc2FnZSgpIHsKICAkbG9nbWVzc2FnZSA9ICRhcmdzWzBdICAgIAogICRNZXNzYWdlVGltZSA9IEdldC1EYXRlIC1Gb3JtYXQgIltNTS9kZC95eXl5IEhIOm1tOnNzXSIKCiAgJG91dHB1dCA9ICIkTWVzc2FnZVRpbWUgLSAkbG9nbWVzc2FnZSIKICBBZGQtQ29udGVudCAtUGF0aCAkbG9nb3V0cHV0IC1WYWx1ZSAkb3V0cHV0Cn0KCmxvZ21lc3NhZ2UgIlN0YXJ0aW5nIEJFIFNldHVwIGF0OiRTdGFydFRpbWUiCmxvZ21lc3NhZ2UgIkRpc2FibGluZyBXaW5kb3dzIEZpcmV3YWxscyBzdGFydGVkIgpOZXctTmV0RmlyZXdhbGxSdWxlIC1EaXNwbGF5TmFtZSAnTWF0Y2htYWtlci1JQi04MCcgLURpcmVjdGlvbiBJbmJvdW5kIC1BY3Rpb24gQWxsb3cgLVByb3RvY29sIFRDUCAtTG9jYWxQb3J0IDgwCk5ldy1OZXRGaXJld2FsbFJ1bGUgLURpc3BsYXlOYW1lICdNYXRjaG1ha2VyLUlCLTk5OTknIC1EaXJlY3Rpb24gSW5ib3VuZCAtQWN0aW9uIEFsbG93IC1Qcm90b2NvbCBUQ1AgLUxvY2FsUG9ydCA5OTk5Ck5ldy1OZXRGaXJld2FsbFJ1bGUgLURpc3BsYXlOYW1lICdNYXRjaG1ha2VyLUlCLTg4ODgnIC1EaXJlY3Rpb24gSW5ib3VuZCAtQWN0aW9uIEFsbG93IC1Qcm90b2NvbCBUQ1AgLUxvY2FsUG9ydCA4ODg4Ck5ldy1OZXRGaXJld2FsbFJ1bGUgLURpc3BsYXlOYW1lICdNYXRjaG1ha2VyLUlCLTg4ODknIC1EaXJlY3Rpb24gSW5ib3VuZCAtQWN0aW9uIEFsbG93IC1Qcm90b2NvbCBUQ1AgLUxvY2FsUG9ydCA4ODg5Ck5ldy1OZXRGaXJld2FsbFJ1bGUgLURpc3BsYXlOYW1lICdNYXRjaG1ha2VyLUlCLTg4OTAnIC1EaXJlY3Rpb24gSW5ib3VuZCAtQWN0aW9uIEFsbG93IC1Qcm90b2NvbCBUQ1AgLUxvY2FsUG9ydCA4ODkwCk5ldy1OZXRGaXJld2FsbFJ1bGUgLURpc3BsYXlOYW1lICdNYXRjaG1ha2VyLUlCLTg4OTEnIC1EaXJlY3Rpb24gSW5ib3VuZCAtQWN0aW9uIEFsbG93IC1Qcm90b2NvbCBUQ1AgLUxvY2FsUG9ydCA4ODkxCk5ldy1OZXRGaXJld2FsbFJ1bGUgLURpc3BsYXlOYW1lICdNYXRjaG1ha2VyLUlCLTE5MzAyJyAtRGlyZWN0aW9uIEluYm91bmQgLUFjdGlvbiBBbGxvdyAtUHJvdG9jb2wgVENQIC1Mb2NhbFBvcnQgMTkzMDIKTmV3LU5ldEZpcmV3YWxsUnVsZSAtRGlzcGxheU5hbWUgJ01hdGNobWFrZXItSUItMTkzMDMnIC1EaXJlY3Rpb24gSW5ib3VuZCAtQWN0aW9uIEFsbG93IC1Qcm90b2NvbCBUQ1AgLUxvY2FsUG9ydCAxOTMwMwpOZXctTmV0RmlyZXdhbGxSdWxlIC1EaXNwbGF5TmFtZSAnTWF0Y2htYWtlci1JQi00NDMnIC1EaXJlY3Rpb24gSW5ib3VuZCAtQWN0aW9uIEFsbG93IC1Qcm90b2NvbCBUQ1AgLUxvY2FsUG9ydCA0NDMKCk5ldy1OZXRGaXJld2FsbFJ1bGUgLURpc3BsYXlOYW1lICdNYXRjaG1ha2VyLU9CLTgwJyAtRGlyZWN0aW9uIE91dGJvdW5kIC1BY3Rpb24gQWxsb3cgLVByb3RvY29sIFRDUCAtTG9jYWxQb3J0IDgwCk5ldy1OZXRGaXJld2FsbFJ1bGUgLURpc3BsYXlOYW1lICdNYXRjaG1ha2VyLU9CLTk5OTknIC1EaXJlY3Rpb24gT3V0Ym91bmQgLUFjdGlvbiBBbGxvdyAtUHJvdG9jb2wgVENQIC1Mb2NhbFBvcnQgOTk5OQpOZXctTmV0RmlyZXdhbGxSdWxlIC1EaXNwbGF5TmFtZSAnTWF0Y2htYWtlci1PQi0xOTMwMicgLURpcmVjdGlvbiBPdXRib3VuZCAtQWN0aW9uIEFsbG93IC1Qcm90b2NvbCBUQ1AgLUxvY2FsUG9ydCAxOTMwMgpOZXctTmV0RmlyZXdhbGxSdWxlIC1EaXNwbGF5TmFtZSAnTWF0Y2htYWtlci1PQi0xOTMwMycgLURpcmVjdGlvbiBPdXRib3VuZCAtQWN0aW9uIEFsbG93IC1Qcm90b2NvbCBUQ1AgLUxvY2FsUG9ydCAxOTMwMwpOZXctTmV0RmlyZXdhbGxSdWxlIC1EaXNwbGF5TmFtZSAnTWF0Y2htYWtlci1PQi00NDMnIC1EaXJlY3Rpb24gT3V0Ym91bmQgLUFjdGlvbiBBbGxvdyAtUHJvdG9jb2wgVENQIC1Mb2NhbFBvcnQgNDQzCgpsb2dtZXNzYWdlICJEaXNhYmxpbmcgV2luZG93cyBGaXJld2FsbHMgY29tcGxldGUiCgojZ2l0IGFuZCBnaXQtbGZzIGlzIG9uIHRoZSBpbWFnZSBhbHJlYWR5CltyZWZsZWN0aW9uLmFzc2VtYmx5XTo6TG9hZFdpdGhQYXJ0aWFsTmFtZSgiU3lzdGVtLkRpcmVjdG9yeVNlcnZpY2VzLkFjY291bnRNYW5hZ2VtZW50IikKJHdob2FtaSA9IFtTeXN0ZW0uRGlyZWN0b3J5U2VydmljZXMuQWNjb3VudE1hbmFnZW1lbnQuVXNlclByaW5jaXBhbF06OkN1cnJlbnQKbG9nbWVzc2FnZSAiQ3VycmVudCBDb250ZXh0OiAkd2hvYW1pIgoKbG9nbWVzc2FnZSAiQ3JlYXRpbmc6ICRmb2xkZXIiCk5ldy1JdGVtIC1QYXRoICRmb2xkZXIgLUl0ZW1UeXBlIGRpcmVjdG9yeQoKbG9nbWVzc2FnZSAiQ2xvbmluZyBjb2RlIHByb2Nlc3MgZnJvbSBHaXQgU3RhcnQiCmlmICggKEdldC1DaGlsZEl0ZW0gJGZvbGRlck5vVHJhaWwgfCBNZWFzdXJlLU9iamVjdCkuQ291bnQgLWVxIDApIHsKICB0cnkgewogICAgbG9nbWVzc2FnZSAiU2V0IFBhdGggdG86ICRmb2xkZXIiCiAgICBTZXQtTG9jYXRpb24gLVBhdGggJGZvbGRlciAKCiAgICBsb2dtZXNzYWdlICJHaXQgTEZTIEluc3RhbGwiCiAgICBnaXQgbGZzIGluc3RhbGwKICAgIFN0YXJ0LVNsZWVwIDEwCgogICAgbG9nbWVzc2FnZSAiR2l0IENsb25lIFN0YXJ0IgogICAgZ2l0IGNsb25lIC0tZGVwdGggMSAkZ2l0cGF0aCAkZm9sZGVyTm9UcmFpbCAtLXEKICAgIGxvZ21lc3NhZ2UgIkdpdCBDbG9uZSBDb21wbGV0ZSIKCiAgICBsb2dtZXNzYWdlICJHaXQgY2xvbmluZyBwcm9jZXNzIENvbXBsZXRlIgogIH0KICBjYXRjaCB7CiAgICBsb2dtZXNzYWdlICRfLkV4Y2VwdGlvbi5NZXNzYWdlCiAgICBicmVhawogIH0KICBmaW5hbGx5IHsKICAgICRlcnJvci5jbGVhcigpCiAgfQp9IAplbHNlIHsgCiAgbG9nbWVzc2FnZSAiVW5yZWFsIEZvbGRlciB3YXMgbm90IEVtcHR5LiBBQk9SVElORy4iCiAgYnJlYWsKfQoKbG9nbWVzc2FnZSAiU3RhcnQgRGlyZWN0WCBJbnN0YWxsYXRpb24iCmNob2NvIHVwZ3JhZGUgZGlyZWN0eCAtcyBjOlxcY2hvY28tcGFja2FnZXNcXGRpcmVjdHggLXkgLS1uby1wcm9ncmVzcwpsb2dtZXNzYWdlICJDb21wbGV0ZWQgRGlyZWN0WCBJbnN0YWxsYXRpb24iCgpsb2dtZXNzYWdlICJTdGFydGluZyBhIENob2NvIFVwZ3JhZGUgQWxsIgpjaG9jbyB1cGdyYWRlIGFsbCAteSAtLW5vLXByb2dyZXNzCmxvZ21lc3NhZ2UgIkNvbXBsZXRlZCB0aGUgQ2hvY28gVXBncmFkZSBBbGwiCgojQWRkIEZQUyB0byBFbmdpbmUuaW5pIGlmIEZQUyBpcyBzZXQgdG8gPiAtMQppZiAoJGZwcyAtZ3QgLTEpIHsKICBsb2dtZXNzYWdlICJTdGFydCAtIEFkZGluZyBGUFMgY29uZmlnIHRvIEVuZ2luZS5pbmkiCiAgCiAgdHJ5IHsKICAgIGlmICgtbm90IChUZXN0LVBhdGggLUxpdGVyYWxQYXRoICRlbmdpbmVJbmlGaWxlcGF0aCkpIHsKICAgICAgbG9nbWVzc2FnZSAiQ2Fubm90IGZpbmQgRW5naW5lLmluaSBmb2xkZXIgLSBjcmVhdGluZyBpdCBhbmQgYWRkaW5nIEVuZ2luZS5pbmkiCiAgICAgIE5ldy1JdGVtIC1QYXRoICRlbmdpbmVJbmlGaWxlcGF0aCAtSXRlbVR5cGUgZGlyZWN0b3J5CiAgICAgIE5ldy1JdGVtIC1QYXRoICgkZW5naW5lSW5pRmlsZXBhdGgrIlxFbmdpbmUuaW5pIikgLUl0ZW1UeXBlIEZpbGUKICAgIH0KICAgIGVsc2UgewogICAgICBsb2dtZXNzYWdlICJBZGRpbmcgRlBTIGNvbmZpZyB0byBFbmdpbmUuaW5pIgoKICAgICAgQWRkLUNvbnRlbnQgLVBhdGggJGVuZ2luZUluaUZpbGVwYXRoIC1WYWx1ZSAiIgogICAgICBBZGQtQ29udGVudCAtUGF0aCAkZW5naW5lSW5pRmlsZXBhdGggLVZhbHVlICJbL1NjcmlwdC9FbmdpbmUuRW5naW5lXSIKICAgICAgQWRkLUNvbnRlbnQgLVBhdGggJGVuZ2luZUluaUZpbGVwYXRoIC1WYWx1ZSAiYlVzZUZpeGVkRnJhbWVSYXRlPVRydWUiCiAgICAgIEFkZC1Db250ZW50IC1QYXRoICRlbmdpbmVJbmlGaWxlcGF0aCAtVmFsdWUgKCJGaXhlZEZyYW1lUmF0ZT0iICsgJGZwcyArICIuMDAwMDAwIikKICAgIH0KICAgIGxvZ21lc3NhZ2UgIkZpbmlzaCAtIEFkZGluZyBGUFMgY29uZmlnIGNvbXBsZXRlIgogIH0KICBjYXRjaCB7CiAgICBsb2dtZXNzYWdlICRfLkV4Y2VwdGlvbi5NZXNzYWdlCiAgfQogIGZpbmFsbHkgewogICAgJGVycm9yLmNsZWFyKCkKICB9Cn0KCmxvZ21lc3NhZ2UgIlN0YXJ0aW5nIExvb3AiCiMjIyMjIyMjIyMjIyMjIyMjIyMjIyMjIyMjIyMjIyMjIyMjIyMjIyMjIyMjIwojTG9vcHMgdGhyb3VnaCBhbGwgdGhlIGluc3RhbmNlcyBvZiB0aGUgU1Mgd2Ugd2FudCwgYW5kIGR1cGxjaWF0ZSB0aGUgZGlyZWN0b3J5IGFuZCBzZXR1cCB0aGUgY29uZmlnL3N0YXJ0dXAgcHJvY2Vzcwpmb3IgKCRpbnN0YW5jZU51bSA9IDE7ICRpbnN0YW5jZU51bSAtbGUgJGluc3RhbmNlc1Blck5vZGU7ICRpbnN0YW5jZU51bSsrKSB7CiAgdHJ5IHsKICAgICRTU0ZvbGRlciA9ICR2bVNlcnZpY2VGb2xkZXIKICAgICAgIAogICAgI2lmIHdlIGFyZSBhdCBtb3JlIHRoYW4gb25lIGluc3RhbmNlIGluIHRoZSBsb29wIHdlIG5lZWQgdG8gZHVwbGljYXRlIHRoZSBTUyBkaXIKICAgIGlmICgkaW5zdGFuY2VOdW0gLWd0IDEpIHsKICAgICAgJHRhc2tOYW1lID0gIlN0YXJ0Vk1TUyIgKyAkaW5zdGFuY2VOdW0KICAgICAgJFNTRm9sZGVyID0gJHZtV2ViU2VydmljZXNGb2xkZXIgKyAiU2lnbmFsbGluZ1dlYlNlcnZlciIgKyAkaW5zdGFuY2VOdW0KCiAgICAgICNkdXBsaWNhdGUgdm1TZXJ2aWNlRm9sZGVyIGRpcmVjdG9yeQogICAgICAkbmV3U1NGb2xkZXIgPSAkdm1XZWJTZXJ2aWNlc0ZvbGRlciArICJTaWduYWxsaW5nV2ViU2VydmVyIiArICRpbnN0YW5jZU51bQogICAgICAkc291cmNlRm9sZGVyID0gJHZtU2VydmljZUZvbGRlciArICIqIgogICAgICBDb3B5LUl0ZW0gLVBhdGggJHNvdXJjZUZvbGRlciAtRGVzdGluYXRpb24gJG5ld1NTRm9sZGVyIC1SZWN1cnNlCiAgICB9CgogICAgdHJ5IHsKICAgICAgU2V0LUxvY2F0aW9uIC1QYXRoICRTU0ZvbGRlciAKICAgIH0KICAgIGNhdGNoIHsKICAgICAgbG9nbWVzc2FnZSAkXy5FeGNlcHRpb24uTWVzc2FnZQogICAgICBicmVhawogICAgfQogICAgZmluYWxseSB7CiAgICAgICRlcnJvci5jbGVhcigpCiAgICB9CgogICAgbG9nbWVzc2FnZSAiV3JpdGluZyBwYXJhbXRlcnMgZnJvbSBleHRlbnNpb246ICRTU0ZvbGRlciIKCiAgICAkdm1zc0NvbmZpZ0pzb24gPSAoR2V0LUNvbnRlbnQgICJjb25maWcuanNvbiIgLVJhdykgfCBDb252ZXJ0RnJvbS1Kc29uCiAgICBsb2dtZXNzYWdlICJjdXJyZW50IGNvbmZpZyA6ICR2bXNzQ29uZmlnSnNvbiIKCiAgICAkdm1zc0NvbmZpZ0pzb24ucmVzb3VyY2VHcm91cCA9ICRyZXNvdXJjZV9ncm91cF9uYW1lCiAgICAkdm1zc0NvbmZpZ0pzb24uc3Vic2NyaXB0aW9uSWQgPSAkc3Vic2NyaXB0aW9uX2lkCiAgICAkdm1zc0NvbmZpZ0pzb24udmlydHVhbE1hY2hpbmVTY2FsZVNldCA9ICR2bXNzX25hbWUKICAgICR2bXNzQ29uZmlnSnNvbi5hcHBJbnNpZ2h0c0luc3RydW1lbnRhdGlvbktleSA9ICRhcHBsaWNhdGlvbl9pbnNpZ2h0c19rZXkKICAgICR2bXNzQ29uZmlnSnNvbi5tYXRjaG1ha2VyQWRkcmVzcyA9ICRtbV9sYl9mcWRuCiAgICAkdm1zc0NvbmZpZ0pzb24ucHVibGljSXAgPSAkdGhpc3B1YmxpY2lwCiAgICAkdm1zc0NvbmZpZ0pzb24uaHR0cFBvcnQgPSAoJGRlZmF1bHRIdHRwUG9ydCArICgkaW5zdGFuY2VOdW0gLSAxKSkKICAgICR2bXNzQ29uZmlnSnNvbi5odHRwc1BvcnQgPSAoJGRlZmF1bHRIdHRwc1BvcnQgKyAoJGluc3RhbmNlTnVtIC0gMSkpCiAgICAkdm1zc0NvbmZpZ0pzb24uc3RyZWFtZXJQb3J0ID0gKCRzdHJlYW1pbmdQb3J0ICsgKCRpbnN0YW5jZU51bSAtIDEpKQogICAgJHZtc3NDb25maWdKc29uLnVucmVhbEFwcE5hbWUgPSAkcGl4ZWxfc3RyZWFtX2FwcGxpY2F0aW9uX25hbWUKICAgICR2bXNzQ29uZmlnSnNvbi5yZWdpb24gPSAkZGVwbG95bWVudExvY2F0aW9uCgogICAgJHZtc3NDb25maWdKc29uIHwgQ29udmVydFRvLUpzb24gfCBzZXQtY29udGVudCAiY29uZmlnLmpzb24iCiAgICAkdm1zc0NvbmZpZ0pzb24gPSAoR2V0LUNvbnRlbnQgICJjb25maWcuanNvbiIgLVJhdykgfCBDb252ZXJ0RnJvbS1Kc29uCiAgICBsb2dtZXNzYWdlICR2bXNzQ29uZmlnSnNvbgoKICAgIGxvZ21lc3NhZ2UgIldyaXRpbmcgcGFyYW1ldGVycyBmcm9tIGV4dGVuc2lvbiBjb21wbGV0ZS4gVXBkYXRlZCBjb25maWcgOiAkdm1zc0NvbmZpZ0pzb24iCiAgfQogIGNhdGNoIHsKICAgIGxvZ21lc3NhZ2UgIkV4Y2VwdGlvbjogIiArICRfLkV4Y2VwdGlvbgogIH0KICBmaW5hbGx5IHsKICAgICRlcnJvci5jbGVhcigpICAgIAogIH0KCiAgbG9nbWVzc2FnZSAiQ3JlYXRpbmcgYSBqb2Igc2NoZWR1bGUgIgoKICAkdHJpZ2dlciA9IE5ldy1Kb2JUcmlnZ2VyIC1BdFN0YXJ0dXAgLVJhbmRvbURlbGF5IDAwOjAwOjEwCiAgdHJ5IHsKICAgICRVc2VyID0gIk5UIEFVVEhPUklUWVxTWVNURU0iCiAgICAkUFMgPSBOZXctU2NoZWR1bGVkVGFza0FjdGlvbiAtRXhlY3V0ZSAicG93ZXJzaGVsbC5leGUiIC1Bcmd1bWVudCAiLWV4ZWN1dGlvbnBvbGljeSBieXBhc3MgLW5vcHJvZmlsZSAtZmlsZSAkZXhlY3V0aW9uZmlsZXBhdGggJGluc3RhbmNlTnVtICRzdHJlYW1pbmdQb3J0ICRyZXNvbHV0aW9uV2lkdGggJHJlc29sdXRpb25IZWlnaHQgIiIkcGl4ZWxfc3RyZWFtX2FwcGxpY2F0aW9uX25hbWUiIiIKICAgIFJlZ2lzdGVyLVNjaGVkdWxlZFRhc2sgLVRyaWdnZXIgJHRyaWdnZXIgLVVzZXIgJFVzZXIgLVRhc2tOYW1lICR0YXNrTmFtZSAtQWN0aW9uICRQUyAtUnVuTGV2ZWwgSGlnaGVzdCAtQXNKb2IgLUZvcmNlCiAgfQogIGNhdGNoIHsKICAgIGxvZ21lc3NhZ2UgIkV4Y2VwdGlvbjogIiArICRfLkV4Y2VwdGlvbgogIH0KICBmaW5hbGx5IHsKICAgICRlcnJvci5jbGVhcigpICAgIAogIH0KCiAgbG9nbWVzc2FnZSAiQ3JlYXRpbmcgYSBqb2Igc2NoZWR1bGUgY29tcGxldGUiCgogIGxvZ21lc3NhZ2UgIkF6IExvZ2luIgogIGF6IGxvZ2luIC0taWRlbnRpdHkKICBsb2dtZXNzYWdlICJBeiBTZXQgU3Vic2NyaXB0aW9uIgogIGF6IGFjY291bnQgc2V0IC0tc3Vic2NyaXB0aW9uICRzdWJzY3JpcHRpb25faWQKCiAgW3JlZmxlY3Rpb24uYXNzZW1ibHldOjpMb2FkV2l0aFBhcnRpYWxOYW1lKCJTeXN0ZW0uRGlyZWN0b3J5U2VydmljZXMuQWNjb3VudE1hbmFnZW1lbnQiKQogICR3aG9hbWkgPSBbU3lzdGVtLkRpcmVjdG9yeVNlcnZpY2VzLkFjY291bnRNYW5hZ2VtZW50LlVzZXJQcmluY2lwYWxdOjpDdXJyZW50CiAgbG9nbWVzc2FnZSAiQ3VycmVudCBDb250ZXh0OiAkd2hvYW1pIgogIAogICMjIyBhZGRpbmcgcHJvY2VzcyB0byBkb3dubG9hZCBjZXJ0cwogIGxvZ21lc3NhZ2UgIlN0YXJ0aW5nIGRvd25sb2FkIG9mIGNlcnRzIgogIAogICNjcmVhdGUgdGhlIGNlcnRpZmljYXRlcyBmb2xkZXIKICAkdm1DZXJ0Rm9sZGVyID0gJFNTRm9sZGVyICsgIlxjZXJ0aWZpY2F0ZXMiCgogIGlmICgtbm90IChUZXN0LVBhdGggLUxpdGVyYWxQYXRoICR2bUNlcnRGb2xkZXIpKSB7CiAgICAkZnNvID0gbmV3LW9iamVjdCAtQ29tT2JqZWN0IHNjcmlwdGluZy5maWxlc3lzdGVtb2JqZWN0CiAgICAkZnNvLkNyZWF0ZUZvbGRlcigkdm1DZXJ0Rm9sZGVyKQogIH0KICBlbHNlIHsKICAgIGxvZ21lc3NhZ2UgIlBhdGggYWxyZWFkeSBleGlzdHM6ICR2bUNlcnRGb2xkZXIiCiAgfQoKICAjc2V0IHRoZSBwYXRoIHRvIHRoZSBjZXJ0aWZpY2F0ZXMgZm9sZGVyCiAgU2V0LUxvY2F0aW9uIC1QYXRoICR2bUNlcnRGb2xkZXIgCgogIHRyeSB7CiAgICAjY2hlY2sgdG8gc2VlIGlmIHRoZSBrZXkgZXhpc3RzPwogICAgJGFrdmNlcnQgPSAoYXoga2V5dmF1bHQgY2VydGlmaWNhdGUgbGlzdC12ZXJzaW9ucyAtLXZhdWx0LW5hbWUgJGFrdiAtbiAidW5yZWFscGl4ZWxzdHJlYW1pbmciIC0tcXVlcnkgIltdLntOYW1lOm5hbWV9IiAtbyB0YWJsZSkuQ291bnQKCiAgICAjZG93bmxvYWQgdGhlIGNlcnQgdG8gdGhlIGZvbGRlciAoMSBtZWFucyB0aGVyZSBpcyBubyBjZXJ0LCAzIG9yIG1vcmUgaW5kaWNhdGVzIHRoZSBzcGVjaWZpYyBjZXJ0IHdhcyBmb3VuZCkKICAgIGlmICgkYWt2Y2VydCAtZ3QgMSkgewogICAgICB0cnkgewogICAgICAgIGF6IGtleXZhdWx0IGNlcnRpZmljYXRlIGRvd25sb2FkIC0tdmF1bHQtbmFtZSAkYWt2IC1uICJ1bnJlYWxwaXhlbHN0cmVhbWluZyIgLWYgY2xpZW50LWNlcnQucGVtCiAgICAgICAgbG9nbWVzc2FnZSAiQ2VydGlmaWNhdGVzIERvd25sb2FkIFN1Y2NlZWRlZCIKICAgICAgfQogICAgICBjYXRjaCB7CiAgICAgICAgbG9nbWVzc2FnZSAiQ2VydGlmaWNhdGVzIERvd25sb2FkIEZhaWxlZCIKICAgICAgfQogICAgfQogICAgZWxzZSB7CiAgICAgIGxvZ21lc3NhZ2UgIkNlcnRpZmljYXRlIGRvZXMgbm90IGV4aXN0IgogICAgfQoKICAgIGxvZ21lc3NhZ2UgIkNvbXBsZXRlZCBkb3dubG9hZCBvZiBjZXJ0cyIKICAgICMjIyBlbmQgcHJvY2VzcyB0byBkb3dubG9hZCBjZXJ0cwogIH0KICBjYXRjaCB7CiAgICBsb2dtZXNzYWdlICJFeGNlcHRpb246ICIgKyAkXy5FeGNlcHRpb24KICB9CiAgZmluYWxseSB7CiAgICAkZXJyb3IuY2xlYXIoKSAgICAKICB9CiAgbG9nbWVzc2FnZSAiU3RhcnRpbmcgdGhlIFZNU1MgUHJvY2VzcyAiCgogICNpbnZva2UgdGhlIHNjcmlwdCB0byBzdGFydCBpdCB0aGlzIHRpbWUKICBTZXQtRXhlY3V0aW9uUG9saWN5IEJ5cGFzcyAtU2NvcGUgQ3VycmVudFVzZXIgLUZvcmNlCgogICNBZGQgcGFyYW0gZm9yIHdoaWNoIHZlcnNpb24gb2YgU1MgZm9sZGVyIHdlIGFyZSBhdAogICNJbnZva2UtRXhwcmVzc2lvbiAiJGV4ZWN1dGlvbmZpbGVwYXRoICRpbnN0YW5jZU51bSAkc3RyZWFtaW5nUG9ydCAkcmVzb2x1dGlvbldpZHRoICRyZXNvbHV0aW9uSGVpZ2h0ICRwaXhlbF9zdHJlYW1fYXBwbGljYXRpb25fbmFtZSIKICBTdGFydC1TY2hlZHVsZWRUYXNrIC1UYXNrTmFtZSAkdGFza05hbWUgLUFzSm9iCn0KCiRFbmRUaW1lID0gR2V0LURhdGUKbG9nbWVzc2FnZSAiQ29tcGxldGVkIGF0OiRFbmRUaW1lIg==",
            "data_disk": [],
            "do_not_run_extensions_on_overprovisioned_machines": false,
            "enable_automatic_updates": true,
            "encryption_at_host_enabled": false,
            "eviction_policy": "",
            "extension": null,
            "extensions_time_budget": "PT1H30M",
            "health_probe_id": "",
            "id": "/subscriptions/0cbfc5fe-8f57-4f7f-a5f4-cc9b1feb4bc0/resourceGroups/ejxs8-eastus-unreal-rg/providers/Microsoft.Compute/virtualMachineScaleSets/ejxs8vmss",
            "identity": [
              {
                "identity_ids": null,
                "principal_id": "33677016-11b5-4173-ae0c-6e4d30c4ff51",
                "type": "SystemAssigned"
              }
            ],
            "instances": 1,
            "license_type": "",
            "location": "eastus",
            "max_bid_price": -1,
            "name": "ejxs8vmss",
            "network_interface": [
              {
                "dns_servers": null,
                "enable_accelerated_networking": false,
                "enable_ip_forwarding": false,
                "ip_configuration": [
                  {
                    "application_gateway_backend_address_pool_ids": null,
                    "application_security_group_ids": null,
                    "load_balancer_backend_address_pool_ids": null,
                    "load_balancer_inbound_nat_rules_ids": null,
                    "name": "external",
                    "primary": true,
                    "public_ip_address": [
                      {
                        "domain_name_label": "vmss-ejxs8",
                        "idle_timeout_in_minutes": 4,
                        "ip_tag": [],
                        "name": "vmss_public_ip",
                        "public_ip_prefix_id": ""
                      }
                    ],
                    "subnet_id": "/subscriptions/0cbfc5fe-8f57-4f7f-a5f4-cc9b1feb4bc0/resourceGroups/ejxs8-eastus-unreal-rg/providers/Microsoft.Network/virtualNetworks/ejxs8-vnet-eastus/subnets/ejxs8-subnet-eastus",
                    "version": "IPv4"
                  }
                ],
                "name": "vmss-nic-eastus",
                "network_security_group_id": "/subscriptions/0cbfc5fe-8f57-4f7f-a5f4-cc9b1feb4bc0/resourceGroups/ejxs8-eastus-unreal-rg/providers/Microsoft.Network/networkSecurityGroups/ejxs8-be-nsg",
                "primary": true
              }
            ],
            "os_disk": [
              {
                "caching": "ReadWrite",
                "diff_disk_settings": [],
                "disk_encryption_set_id": "",
                "disk_size_gb": 127,
                "storage_account_type": "Standard_LRS",
                "write_accelerator_enabled": false
              }
            ],
            "overprovision": true,
            "plan": [],
            "platform_fault_domain_count": 0,
            "priority": "Regular",
            "provision_vm_agent": true,
            "proximity_placement_group_id": "",
            "resource_group_name": "ejxs8-eastus-unreal-rg",
            "rolling_upgrade_policy": [],
            "scale_in_policy": "Default",
            "secret": [],
            "single_placement_group": true,
            "sku": "Standard_DS3_v2",
            "source_image_id": "",
            "source_image_reference": [
              {
                "offer": "msftpixelstreaming",
                "publisher": "microsoft-agci-gaming",
                "sku": "nvidia",
                "version": "latest"
              }
            ],
            "tags": null,
            "terminate_notification": null,
            "timeouts": null,
            "timezone": "",
            "unique_id": "c566b435-f63f-4e24-958c-2f33fd0011b7",
            "upgrade_mode": "Automatic",
            "winrm_listener": [],
            "zone_balance": false,
            "zones": null
          },
          "sensitive_attributes": [],
          "private": "eyJlMmJmYjczMC1lY2FhLTExZTYtOGY4OC0zNDM2M2JjN2M0YzAiOnsiY3JlYXRlIjozNjAwMDAwMDAwMDAwLCJkZWxldGUiOjM2MDAwMDAwMDAwMDAsInJlYWQiOjMwMDAwMDAwMDAwMCwidXBkYXRlIjozNjAwMDAwMDAwMDAwfX0=",
          "dependencies": [
            "module.region_deployment.azurerm_network_security_group.backend-nsg",
            "module.region_deployment.azurerm_resource_group.region-rg",
            "module.region_deployment.azurerm_subnet.subnet",
            "module.region_deployment.azurerm_virtual_network.vnet",
            "module.region_deployment.data.azurerm_client_config.regional-current",
            "module.region_deployment.random_string.admin_password",
            "random_string.base_id"
          ]
        }
      ]
    },
    {
      "module": "module.region_deployment[\"eastus-unreal-rg\"]",
      "mode": "managed",
      "type": "random_string",
      "name": "admin_password",
      "provider": "provider[\"registry.terraform.io/hashicorp/random\"]",
      "instances": [
        {
          "schema_version": 1,
          "attributes": {
            "id": "]o=)FT+VSM6w%!$",
            "keepers": null,
            "length": 15,
            "lower": true,
            "min_lower": 0,
            "min_numeric": 0,
            "min_special": 1,
            "min_upper": 0,
            "number": true,
            "override_special": null,
            "result": "]o=)FT+VSM6w%!$",
            "special": true,
            "upper": true
          },
          "sensitive_attributes": [],
          "private": "eyJzY2hlbWFfdmVyc2lvbiI6IjEifQ=="
        }
      ]
    }
  ]
}
