{
  "version": 4,
  "terraform_version": "0.14.3",
  "serial": 795,
  "lineage": "e43e447a-bf86-9729-9858-87b39de506f4",
  "outputs": {},
  "resources": [
    {
      "mode": "data",
      "type": "azurerm_client_config",
      "name": "current",
      "provider": "provider[\"registry.terraform.io/hashicorp/azurerm\"]",
      "instances": [
        {
          "schema_version": 0,
          "attributes": {
            "client_id": "04b07795-8ddb-461a-bbee-02f9e1bf7b46",
            "id": "2021-11-01 11:26:13.081959855 +0000 UTC",
            "object_id": "6f2b0c2c-5b93-4ee7-b6d6-57cad1d038e3",
            "subscription_id": "0cbfc5fe-8f57-4f7f-a5f4-cc9b1feb4bc0",
            "tenant_id": "40656ed8-88a4-4578-87e8-04444b36a28f",
            "timeouts": null
          },
          "sensitive_attributes": []
        }
      ]
    },
    {
      "mode": "data",
      "type": "azurerm_subscription",
      "name": "current",
      "provider": "provider[\"registry.terraform.io/hashicorp/azurerm\"]",
      "instances": [
        {
          "schema_version": 0,
          "attributes": {
            "display_name": "Azure subscription 1",
            "id": "/subscriptions/0cbfc5fe-8f57-4f7f-a5f4-cc9b1feb4bc0",
            "location_placement_id": "Public_2014-09-01",
            "quota_id": "PayAsYouGo_2014-09-01",
            "spending_limit": "Off",
            "state": "Enabled",
            "subscription_id": "0cbfc5fe-8f57-4f7f-a5f4-cc9b1feb4bc0",
            "tags": {},
            "tenant_id": "40656ed8-88a4-4578-87e8-04444b36a28f",
            "timeouts": null
          },
          "sensitive_attributes": []
        }
      ]
    },
    {
      "mode": "managed",
      "type": "azurerm_application_insights",
      "name": "appI",
      "provider": "provider[\"registry.terraform.io/hashicorp/azurerm\"]",
      "instances": [
        {
          "schema_version": 0,
          "attributes": {
            "app_id": "f814cba5-cb7c-437f-88f2-7cfe5072470f",
            "application_type": "web",
            "connection_string": "InstrumentationKey=84490d89-9f51-4442-8097-fa88f1f06905;IngestionEndpoint=https://eastus-5.in.applicationinsights.azure.com/",
            "daily_data_cap_in_gb": 100,
            "daily_data_cap_notifications_disabled": false,
            "disable_ip_masking": false,
            "id": "/subscriptions/0cbfc5fe-8f57-4f7f-a5f4-cc9b1feb4bc0/resourceGroups/jvh9q-global-unreal-rg/providers/microsoft.insights/components/jvh9q-appinsights-eastus",
            "instrumentation_key": "84490d89-9f51-4442-8097-fa88f1f06905",
            "location": "eastus",
            "name": "jvh9q-appinsights-eastus",
            "resource_group_name": "jvh9q-global-unreal-rg",
            "retention_in_days": 30,
            "sampling_percentage": 100,
            "tags": null,
            "timeouts": null
          },
          "sensitive_attributes": [],
          "private": "eyJlMmJmYjczMC1lY2FhLTExZTYtOGY4OC0zNDM2M2JjN2M0YzAiOnsiY3JlYXRlIjoxODAwMDAwMDAwMDAwLCJkZWxldGUiOjE4MDAwMDAwMDAwMDAsInJlYWQiOjMwMDAwMDAwMDAwMCwidXBkYXRlIjoxODAwMDAwMDAwMDAwfX0=",
          "dependencies": [
            "azurerm_resource_group.rg_global",
            "data.azurerm_client_config.current",
            "random_string.base_id"
          ]
        }
      ]
    },
    {
      "mode": "managed",
      "type": "azurerm_key_vault",
      "name": "akv",
      "provider": "provider[\"registry.terraform.io/hashicorp/azurerm\"]",
      "instances": [
        {
          "schema_version": 2,
          "attributes": {
            "access_policy": [
              {
                "application_id": "",
                "certificate_permissions": [
                  "get",
                  "delete",
                  "list",
                  "import",
                  "update"
                ],
                "key_permissions": [
                  "create",
                  "get",
                  "list",
                  "verify"
                ],
                "object_id": "6f2b0c2c-5b93-4ee7-b6d6-57cad1d038e3",
                "secret_permissions": [
                  "set",
                  "get",
                  "delete",
                  "list",
                  "recover"
                ],
                "storage_permissions": null,
                "tenant_id": "40656ed8-88a4-4578-87e8-04444b36a28f"
              }
            ],
            "contact": [],
            "enable_rbac_authorization": false,
            "enabled_for_deployment": false,
            "enabled_for_disk_encryption": false,
            "enabled_for_template_deployment": false,
            "id": "/subscriptions/0cbfc5fe-8f57-4f7f-a5f4-cc9b1feb4bc0/resourceGroups/jvh9q-global-unreal-rg/providers/Microsoft.KeyVault/vaults/akv-jvh9q-eastus",
            "location": "eastus",
            "name": "akv-jvh9q-eastus",
            "network_acls": [
              {
                "bypass": "AzureServices",
                "default_action": "Allow",
                "ip_rules": [],
                "virtual_network_subnet_ids": []
              }
            ],
            "purge_protection_enabled": false,
            "resource_group_name": "jvh9q-global-unreal-rg",
            "sku_name": "premium",
            "soft_delete_enabled": true,
            "soft_delete_retention_days": 7,
            "tags": null,
            "tenant_id": "40656ed8-88a4-4578-87e8-04444b36a28f",
            "timeouts": null,
            "vault_uri": "https://akv-jvh9q-eastus.vault.azure.net/"
          },
          "sensitive_attributes": [],
          "private": "eyJlMmJmYjczMC1lY2FhLTExZTYtOGY4OC0zNDM2M2JjN2M0YzAiOnsiY3JlYXRlIjoxODAwMDAwMDAwMDAwLCJkZWxldGUiOjE4MDAwMDAwMDAwMDAsInJlYWQiOjMwMDAwMDAwMDAwMCwidXBkYXRlIjoxODAwMDAwMDAwMDAwfSwic2NoZW1hX3ZlcnNpb24iOiIyIn0=",
          "dependencies": [
            "azurerm_resource_group.rg_global",
            "data.azurerm_client_config.current",
            "random_string.base_id"
          ]
        }
      ]
    },
    {
      "mode": "managed",
      "type": "azurerm_resource_group",
      "name": "rg_global",
      "provider": "provider[\"registry.terraform.io/hashicorp/azurerm\"]",
      "instances": [
        {
          "schema_version": 0,
          "attributes": {
            "id": "/subscriptions/0cbfc5fe-8f57-4f7f-a5f4-cc9b1feb4bc0/resourceGroups/jvh9q-global-unreal-rg",
            "location": "eastus",
            "name": "jvh9q-global-unreal-rg",
            "tags": {
              "client_id": "04b07795-8ddb-461a-bbee-02f9e1bf7b46"
            },
            "timeouts": null
          },
          "sensitive_attributes": [],
          "private": "eyJlMmJmYjczMC1lY2FhLTExZTYtOGY4OC0zNDM2M2JjN2M0YzAiOnsiY3JlYXRlIjo1NDAwMDAwMDAwMDAwLCJkZWxldGUiOjU0MDAwMDAwMDAwMDAsInJlYWQiOjMwMDAwMDAwMDAwMCwidXBkYXRlIjo1NDAwMDAwMDAwMDAwfX0=",
          "dependencies": [
            "data.azurerm_client_config.current",
            "random_string.base_id"
          ]
        }
      ]
    },
    {
      "mode": "managed",
      "type": "azurerm_storage_account",
      "name": "storageaccount",
      "provider": "provider[\"registry.terraform.io/hashicorp/azurerm\"]",
      "instances": [
        {
          "schema_version": 2,
          "attributes": {
            "access_tier": "Hot",
            "account_kind": "StorageV2",
            "account_replication_type": "LRS",
            "account_tier": "Standard",
            "allow_blob_public_access": false,
            "blob_properties": [],
            "custom_domain": [],
            "enable_https_traffic_only": true,
            "id": "/subscriptions/0cbfc5fe-8f57-4f7f-a5f4-cc9b1feb4bc0/resourceGroups/jvh9q-global-unreal-rg/providers/Microsoft.Storage/storageAccounts/jvh9qstoracct",
            "identity": [],
            "is_hns_enabled": false,
            "large_file_share_enabled": null,
            "location": "eastus",
            "min_tls_version": "TLS1_0",
            "name": "jvh9qstoracct",
            "network_rules": [
              {
                "bypass": [
                  "AzureServices"
                ],
                "default_action": "Allow",
                "ip_rules": [],
                "virtual_network_subnet_ids": []
              }
            ],
            "primary_access_key": "7pdBT6Qc7O75lB/o2bpXHSe9np3ZoIMno3F37OhAk5PeBFgDHBZN2h5UGCh/7LMkDuHQN7mQ3SATHQOG5ePIjw==",
            "primary_blob_connection_string": "DefaultEndpointsProtocol=https;BlobEndpoint=https://jvh9qstoracct.blob.core.windows.net/;AccountName=jvh9qstoracct;AccountKey=7pdBT6Qc7O75lB/o2bpXHSe9np3ZoIMno3F37OhAk5PeBFgDHBZN2h5UGCh/7LMkDuHQN7mQ3SATHQOG5ePIjw==",
            "primary_blob_endpoint": "https://jvh9qstoracct.blob.core.windows.net/",
            "primary_blob_host": "jvh9qstoracct.blob.core.windows.net",
            "primary_connection_string": "DefaultEndpointsProtocol=https;AccountName=jvh9qstoracct;AccountKey=7pdBT6Qc7O75lB/o2bpXHSe9np3ZoIMno3F37OhAk5PeBFgDHBZN2h5UGCh/7LMkDuHQN7mQ3SATHQOG5ePIjw==;EndpointSuffix=core.windows.net",
            "primary_dfs_endpoint": "https://jvh9qstoracct.dfs.core.windows.net/",
            "primary_dfs_host": "jvh9qstoracct.dfs.core.windows.net",
            "primary_file_endpoint": "https://jvh9qstoracct.file.core.windows.net/",
            "primary_file_host": "jvh9qstoracct.file.core.windows.net",
            "primary_location": "eastus",
            "primary_queue_endpoint": "https://jvh9qstoracct.queue.core.windows.net/",
            "primary_queue_host": "jvh9qstoracct.queue.core.windows.net",
            "primary_table_endpoint": "https://jvh9qstoracct.table.core.windows.net/",
            "primary_table_host": "jvh9qstoracct.table.core.windows.net",
            "primary_web_endpoint": "https://jvh9qstoracct.z13.web.core.windows.net/",
            "primary_web_host": "jvh9qstoracct.z13.web.core.windows.net",
            "queue_properties": [
              {
                "cors_rule": [],
                "hour_metrics": [
                  {
                    "enabled": true,
                    "include_apis": true,
                    "retention_policy_days": 7,
                    "version": "1.0"
                  }
                ],
                "logging": [
                  {
                    "delete": false,
                    "read": false,
                    "retention_policy_days": 0,
                    "version": "1.0",
                    "write": false
                  }
                ],
                "minute_metrics": [
                  {
                    "enabled": false,
                    "include_apis": false,
                    "retention_policy_days": 0,
                    "version": "1.0"
                  }
                ]
              }
            ],
            "resource_group_name": "jvh9q-global-unreal-rg",
            "secondary_access_key": "Iuc2WRgKBS9tlXx1L0KlrDBi+/HMi8BDdZtxyadpstuDrib995ALiKX0F/ZLrOYpUD4N3DYIZJZKUCY4cDPZUA==",
            "secondary_blob_connection_string": "",
            "secondary_blob_endpoint": null,
            "secondary_blob_host": null,
            "secondary_connection_string": "DefaultEndpointsProtocol=https;AccountName=jvh9qstoracct;AccountKey=Iuc2WRgKBS9tlXx1L0KlrDBi+/HMi8BDdZtxyadpstuDrib995ALiKX0F/ZLrOYpUD4N3DYIZJZKUCY4cDPZUA==;EndpointSuffix=core.windows.net",
            "secondary_dfs_endpoint": null,
            "secondary_dfs_host": null,
            "secondary_file_endpoint": null,
            "secondary_file_host": null,
            "secondary_location": "",
            "secondary_queue_endpoint": null,
            "secondary_queue_host": null,
            "secondary_table_endpoint": null,
            "secondary_table_host": null,
            "secondary_web_endpoint": null,
            "secondary_web_host": null,
            "static_website": [],
            "tags": null,
            "timeouts": null
          },
          "sensitive_attributes": [],
          "private": "eyJlMmJmYjczMC1lY2FhLTExZTYtOGY4OC0zNDM2M2JjN2M0YzAiOnsiY3JlYXRlIjozNjAwMDAwMDAwMDAwLCJkZWxldGUiOjM2MDAwMDAwMDAwMDAsInJlYWQiOjMwMDAwMDAwMDAwMCwidXBkYXRlIjozNjAwMDAwMDAwMDAwfSwic2NoZW1hX3ZlcnNpb24iOiIyIn0=",
          "dependencies": [
            "azurerm_resource_group.rg_global",
            "data.azurerm_client_config.current",
            "random_string.base_id"
          ]
        }
      ]
    },
    {
      "mode": "managed",
      "type": "azurerm_traffic_manager_profile",
      "name": "traffic_manager_profile",
      "provider": "provider[\"registry.terraform.io/hashicorp/azurerm\"]",
      "instances": [
        {
          "schema_version": 0,
          "attributes": {
            "dns_config": [
              {
                "relative_name": "jvh9q",
                "ttl": 100
              }
            ],
            "fqdn": "jvh9q.trafficmanager.net",
            "id": "/subscriptions/0cbfc5fe-8f57-4f7f-a5f4-cc9b1feb4bc0/resourceGroups/jvh9q-global-unreal-rg/providers/Microsoft.Network/trafficManagerProfiles/jvh9q-trafficmgr",
            "max_return": 0,
            "monitor_config": [
              {
                "custom_header": [],
                "expected_status_code_ranges": null,
                "interval_in_seconds": 30,
                "path": "",
                "port": 80,
                "protocol": "TCP",
                "timeout_in_seconds": 10,
                "tolerated_number_of_failures": 3
              }
            ],
            "name": "jvh9q-trafficmgr",
            "profile_status": "Enabled",
            "resource_group_name": "jvh9q-global-unreal-rg",
            "tags": null,
            "timeouts": null,
            "traffic_routing_method": "Performance",
            "traffic_view_enabled": false
          },
          "sensitive_attributes": [],
          "private": "eyJlMmJmYjczMC1lY2FhLTExZTYtOGY4OC0zNDM2M2JjN2M0YzAiOnsiY3JlYXRlIjoxODAwMDAwMDAwMDAwLCJkZWxldGUiOjE4MDAwMDAwMDAwMDAsInJlYWQiOjMwMDAwMDAwMDAwMCwidXBkYXRlIjoxODAwMDAwMDAwMDAwfX0=",
          "dependencies": [
            "azurerm_resource_group.rg_global",
            "data.azurerm_client_config.current",
            "random_string.base_id"
          ]
        }
      ]
    },
    {
      "mode": "managed",
      "type": "random_string",
      "name": "base_id",
      "provider": "provider[\"registry.terraform.io/hashicorp/random\"]",
      "instances": [
        {
          "schema_version": 1,
          "attributes": {
            "id": "jvh9q",
            "keepers": null,
            "length": 5,
            "lower": true,
            "min_lower": 0,
            "min_numeric": 0,
            "min_special": 0,
            "min_upper": 0,
            "number": true,
            "override_special": null,
            "result": "jvh9q",
            "special": false,
            "upper": false
          },
          "sensitive_attributes": [],
          "private": "eyJzY2hlbWFfdmVyc2lvbiI6IjEifQ=="
        }
      ]
    },
    {
      "module": "module.region_deployment[\"eastus-unreal-rg\"]",
      "mode": "data",
      "type": "azurerm_client_config",
      "name": "regional-current",
      "provider": "provider[\"registry.terraform.io/hashicorp/azurerm\"]",
      "instances": [
        {
          "schema_version": 0,
          "attributes": {
            "client_id": "04b07795-8ddb-461a-bbee-02f9e1bf7b46",
            "id": "2021-11-01 11:26:13.081813804 +0000 UTC",
            "object_id": "6f2b0c2c-5b93-4ee7-b6d6-57cad1d038e3",
            "subscription_id": "0cbfc5fe-8f57-4f7f-a5f4-cc9b1feb4bc0",
            "tenant_id": "40656ed8-88a4-4578-87e8-04444b36a28f",
            "timeouts": null
          },
          "sensitive_attributes": []
        }
      ]
    },
    {
      "module": "module.region_deployment[\"eastus-unreal-rg\"]",
      "mode": "data",
      "type": "azurerm_subscription",
      "name": "primary",
      "provider": "provider[\"registry.terraform.io/hashicorp/azurerm\"]",
      "instances": [
        {
          "schema_version": 0,
          "attributes": {
            "display_name": "Azure subscription 1",
            "id": "/subscriptions/0cbfc5fe-8f57-4f7f-a5f4-cc9b1feb4bc0",
            "location_placement_id": "Public_2014-09-01",
            "quota_id": "PayAsYouGo_2014-09-01",
            "spending_limit": "Off",
            "state": "Enabled",
            "subscription_id": "0cbfc5fe-8f57-4f7f-a5f4-cc9b1feb4bc0",
            "tags": {},
            "tenant_id": "40656ed8-88a4-4578-87e8-04444b36a28f",
            "timeouts": null
          },
          "sensitive_attributes": []
        }
      ]
    },
    {
      "module": "module.region_deployment[\"eastus-unreal-rg\"]",
      "mode": "managed",
      "type": "azurerm_key_vault_access_policy",
      "name": "vmss-identity-ap",
      "provider": "provider[\"registry.terraform.io/hashicorp/azurerm\"]",
      "instances": [
        {
          "schema_version": 0,
          "attributes": {
            "application_id": null,
            "certificate_permissions": [
              "get",
              "list"
            ],
            "id": "/subscriptions/0cbfc5fe-8f57-4f7f-a5f4-cc9b1feb4bc0/resourceGroups/jvh9q-global-unreal-rg/providers/Microsoft.KeyVault/vaults/akv-jvh9q-eastus/objectId/2736169f-721a-4fab-b3c2-ab9a065c58da",
            "key_permissions": null,
            "key_vault_id": "/subscriptions/0cbfc5fe-8f57-4f7f-a5f4-cc9b1feb4bc0/resourceGroups/jvh9q-global-unreal-rg/providers/Microsoft.KeyVault/vaults/akv-jvh9q-eastus",
            "object_id": "2736169f-721a-4fab-b3c2-ab9a065c58da",
            "secret_permissions": null,
            "storage_permissions": null,
            "tenant_id": "40656ed8-88a4-4578-87e8-04444b36a28f",
            "timeouts": null
          },
          "sensitive_attributes": [],
          "private": "eyJlMmJmYjczMC1lY2FhLTExZTYtOGY4OC0zNDM2M2JjN2M0YzAiOnsiY3JlYXRlIjoxODAwMDAwMDAwMDAwLCJkZWxldGUiOjE4MDAwMDAwMDAwMDAsInJlYWQiOjMwMDAwMDAwMDAwMCwidXBkYXRlIjoxODAwMDAwMDAwMDAwfX0=",
          "dependencies": [
            "azurerm_key_vault.akv",
            "azurerm_resource_group.rg_global",
            "data.azurerm_client_config.current",
            "module.region_deployment.azurerm_network_security_group.backend-nsg",
            "module.region_deployment.azurerm_resource_group.region-rg",
            "module.region_deployment.azurerm_subnet.subnet",
            "module.region_deployment.azurerm_virtual_network.vnet",
            "module.region_deployment.azurerm_windows_virtual_machine_scale_set.vmss",
            "module.region_deployment.data.azurerm_client_config.regional-current",
            "module.region_deployment.random_string.admin_password",
            "random_string.base_id"
          ]
        }
      ]
    },
    {
      "module": "module.region_deployment[\"eastus-unreal-rg\"]",
      "mode": "managed",
      "type": "azurerm_key_vault_secret",
      "name": "pwd_secret",
      "provider": "provider[\"registry.terraform.io/hashicorp/azurerm\"]",
      "instances": [
        {
          "schema_version": 0,
          "attributes": {
            "content_type": "",
            "expiration_date": null,
            "id": "https://akv-jvh9q-eastus.vault.azure.net/secrets/jvh9q-eastus-password/922f8ce08d3a4e04be1dfdf8c7d050e2",
            "key_vault_id": "/subscriptions/0cbfc5fe-8f57-4f7f-a5f4-cc9b1feb4bc0/resourceGroups/jvh9q-global-unreal-rg/providers/Microsoft.KeyVault/vaults/akv-jvh9q-eastus",
            "name": "jvh9q-eastus-password",
            "not_before_date": null,
            "tags": null,
            "timeouts": null,
            "value": "kYTn3dWU7{FXUPD",
            "version": "922f8ce08d3a4e04be1dfdf8c7d050e2"
          },
          "sensitive_attributes": [],
          "private": "eyJlMmJmYjczMC1lY2FhLTExZTYtOGY4OC0zNDM2M2JjN2M0YzAiOnsiY3JlYXRlIjoxODAwMDAwMDAwMDAwLCJkZWxldGUiOjE4MDAwMDAwMDAwMDAsInJlYWQiOjMwMDAwMDAwMDAwMCwidXBkYXRlIjoxODAwMDAwMDAwMDAwfX0=",
          "dependencies": [
            "azurerm_key_vault.akv",
            "azurerm_resource_group.rg_global",
            "data.azurerm_client_config.current",
            "module.region_deployment.random_string.admin_password",
            "random_string.base_id"
          ]
        }
      ]
    },
    {
      "module": "module.region_deployment[\"eastus-unreal-rg\"]",
      "mode": "managed",
      "type": "azurerm_network_interface",
      "name": "nic",
      "provider": "provider[\"registry.terraform.io/hashicorp/azurerm\"]",
      "instances": [
        {
          "schema_version": 0,
          "attributes": {
            "applied_dns_servers": [],
            "dns_servers": [],
            "enable_accelerated_networking": false,
            "enable_ip_forwarding": false,
            "id": "/subscriptions/0cbfc5fe-8f57-4f7f-a5f4-cc9b1feb4bc0/resourceGroups/jvh9q-eastus-unreal-rg/providers/Microsoft.Network/networkInterfaces/mm-nic-eastus",
            "internal_dns_name_label": "mm-jvh9q-local",
            "internal_domain_name_suffix": "4fx3vt1bi1oupl0atgrfppjglf.bx.internal.cloudapp.net",
            "ip_configuration": [
              {
                "name": "jvh9q-mm-config",
                "primary": true,
                "private_ip_address": "10.100.0.4",
                "private_ip_address_allocation": "Dynamic",
                "private_ip_address_version": "IPv4",
                "public_ip_address_id": "/subscriptions/0cbfc5fe-8f57-4f7f-a5f4-cc9b1feb4bc0/resourceGroups/jvh9q-eastus-unreal-rg/providers/Microsoft.Network/publicIPAddresses/jvh9q-mmvm-eastus-pip",
                "subnet_id": "/subscriptions/0cbfc5fe-8f57-4f7f-a5f4-cc9b1feb4bc0/resourceGroups/jvh9q-eastus-unreal-rg/providers/Microsoft.Network/virtualNetworks/jvh9q-vnet-eastus/subnets/jvh9q-subnet-eastus"
              }
            ],
            "location": "eastus",
            "mac_address": "",
            "name": "mm-nic-eastus",
            "private_ip_address": "10.100.0.4",
            "private_ip_addresses": [
              "10.100.0.4"
            ],
            "resource_group_name": "jvh9q-eastus-unreal-rg",
            "tags": null,
            "timeouts": null,
            "virtual_machine_id": ""
          },
          "sensitive_attributes": [],
          "private": "eyJlMmJmYjczMC1lY2FhLTExZTYtOGY4OC0zNDM2M2JjN2M0YzAiOnsiY3JlYXRlIjoxODAwMDAwMDAwMDAwLCJkZWxldGUiOjE4MDAwMDAwMDAwMDAsInJlYWQiOjMwMDAwMDAwMDAwMCwidXBkYXRlIjoxODAwMDAwMDAwMDAwfX0=",
          "dependencies": [
            "module.region_deployment.azurerm_public_ip.pip",
            "module.region_deployment.azurerm_resource_group.region-rg",
            "module.region_deployment.azurerm_subnet.subnet",
            "module.region_deployment.azurerm_virtual_network.vnet",
            "module.region_deployment.data.azurerm_client_config.regional-current",
            "random_string.base_id"
          ]
        }
      ]
    },
    {
      "module": "module.region_deployment[\"eastus-unreal-rg\"]",
      "mode": "managed",
      "type": "azurerm_network_interface_security_group_association",
      "name": "mm_nsg_association",
      "provider": "provider[\"registry.terraform.io/hashicorp/azurerm\"]",
      "instances": [
        {
          "schema_version": 0,
          "attributes": {
            "id": "/subscriptions/0cbfc5fe-8f57-4f7f-a5f4-cc9b1feb4bc0/resourceGroups/jvh9q-eastus-unreal-rg/providers/Microsoft.Network/networkInterfaces/mm-nic-eastus|/subscriptions/0cbfc5fe-8f57-4f7f-a5f4-cc9b1feb4bc0/resourceGroups/jvh9q-eastus-unreal-rg/providers/Microsoft.Network/networkSecurityGroups/jvh9q-mm-nsg",
            "network_interface_id": "/subscriptions/0cbfc5fe-8f57-4f7f-a5f4-cc9b1feb4bc0/resourceGroups/jvh9q-eastus-unreal-rg/providers/Microsoft.Network/networkInterfaces/mm-nic-eastus",
            "network_security_group_id": "/subscriptions/0cbfc5fe-8f57-4f7f-a5f4-cc9b1feb4bc0/resourceGroups/jvh9q-eastus-unreal-rg/providers/Microsoft.Network/networkSecurityGroups/jvh9q-mm-nsg",
            "timeouts": null
          },
          "sensitive_attributes": [],
          "private": "eyJlMmJmYjczMC1lY2FhLTExZTYtOGY4OC0zNDM2M2JjN2M0YzAiOnsiY3JlYXRlIjoxODAwMDAwMDAwMDAwLCJkZWxldGUiOjE4MDAwMDAwMDAwMDAsInJlYWQiOjMwMDAwMDAwMDAwMCwidXBkYXRlIjoxODAwMDAwMDAwMDAwfX0=",
          "dependencies": [
            "module.region_deployment.azurerm_network_interface.nic",
            "module.region_deployment.azurerm_network_security_group.mm-nsg",
            "module.region_deployment.azurerm_public_ip.pip",
            "module.region_deployment.azurerm_resource_group.region-rg",
            "module.region_deployment.azurerm_subnet.subnet",
            "module.region_deployment.azurerm_virtual_network.vnet",
            "module.region_deployment.data.azurerm_client_config.regional-current",
            "random_string.base_id"
          ]
        }
      ]
    },
    {
      "module": "module.region_deployment[\"eastus-unreal-rg\"]",
      "mode": "managed",
      "type": "azurerm_network_security_group",
      "name": "backend-nsg",
      "provider": "provider[\"registry.terraform.io/hashicorp/azurerm\"]",
      "instances": [
        {
          "schema_version": 0,
          "attributes": {
            "id": "/subscriptions/0cbfc5fe-8f57-4f7f-a5f4-cc9b1feb4bc0/resourceGroups/jvh9q-eastus-unreal-rg/providers/Microsoft.Network/networkSecurityGroups/jvh9q-be-nsg",
            "location": "eastus",
            "name": "jvh9q-be-nsg",
            "resource_group_name": "jvh9q-eastus-unreal-rg",
            "security_rule": [],
            "tags": null,
            "timeouts": null
          },
          "sensitive_attributes": [],
          "private": "eyJlMmJmYjczMC1lY2FhLTExZTYtOGY4OC0zNDM2M2JjN2M0YzAiOnsiY3JlYXRlIjoxODAwMDAwMDAwMDAwLCJkZWxldGUiOjE4MDAwMDAwMDAwMDAsInJlYWQiOjMwMDAwMDAwMDAwMCwidXBkYXRlIjoxODAwMDAwMDAwMDAwfX0=",
          "dependencies": [
            "module.region_deployment.azurerm_resource_group.region-rg",
            "module.region_deployment.data.azurerm_client_config.regional-current",
            "random_string.base_id"
          ]
        }
      ]
    },
    {
      "module": "module.region_deployment[\"eastus-unreal-rg\"]",
      "mode": "managed",
      "type": "azurerm_network_security_group",
      "name": "mm-nsg",
      "provider": "provider[\"registry.terraform.io/hashicorp/azurerm\"]",
      "instances": [
        {
          "schema_version": 0,
          "attributes": {
            "id": "/subscriptions/0cbfc5fe-8f57-4f7f-a5f4-cc9b1feb4bc0/resourceGroups/jvh9q-eastus-unreal-rg/providers/Microsoft.Network/networkSecurityGroups/jvh9q-mm-nsg",
            "location": "eastus",
            "name": "jvh9q-mm-nsg",
            "resource_group_name": "jvh9q-eastus-unreal-rg",
            "security_rule": [],
            "tags": null,
            "timeouts": null
          },
          "sensitive_attributes": [],
          "private": "eyJlMmJmYjczMC1lY2FhLTExZTYtOGY4OC0zNDM2M2JjN2M0YzAiOnsiY3JlYXRlIjoxODAwMDAwMDAwMDAwLCJkZWxldGUiOjE4MDAwMDAwMDAwMDAsInJlYWQiOjMwMDAwMDAwMDAwMCwidXBkYXRlIjoxODAwMDAwMDAwMDAwfX0=",
          "dependencies": [
            "module.region_deployment.azurerm_resource_group.region-rg",
            "module.region_deployment.data.azurerm_client_config.regional-current",
            "random_string.base_id"
          ]
        }
      ]
    },
    {
      "module": "module.region_deployment[\"eastus-unreal-rg\"]",
      "mode": "managed",
      "type": "azurerm_network_security_rule",
      "name": "vm_network_security_rules",
      "provider": "provider[\"registry.terraform.io/hashicorp/azurerm\"]",
      "instances": [
        {
          "index_key": "Open3389In",
          "schema_version": 0,
          "attributes": {
            "access": "Allow",
            "description": "",
            "destination_address_prefix": "*",
            "destination_address_prefixes": null,
            "destination_application_security_group_ids": null,
            "destination_port_range": "3389",
            "destination_port_ranges": null,
            "direction": "Inbound",
            "id": "/subscriptions/0cbfc5fe-8f57-4f7f-a5f4-cc9b1feb4bc0/resourceGroups/jvh9q-eastus-unreal-rg/providers/Microsoft.Network/networkSecurityGroups/jvh9q-mm-nsg/securityRules/Open3389In",
            "name": "Open3389In",
            "network_security_group_name": "jvh9q-mm-nsg",
            "priority": 1030,
            "protocol": "Tcp",
            "resource_group_name": "jvh9q-eastus-unreal-rg",
            "source_address_prefix": "*",
            "source_address_prefixes": null,
            "source_application_security_group_ids": null,
            "source_port_range": "*",
            "source_port_ranges": null,
            "timeouts": null
          },
          "sensitive_attributes": [],
          "private": "eyJlMmJmYjczMC1lY2FhLTExZTYtOGY4OC0zNDM2M2JjN2M0YzAiOnsiY3JlYXRlIjoxODAwMDAwMDAwMDAwLCJkZWxldGUiOjE4MDAwMDAwMDAwMDAsInJlYWQiOjMwMDAwMDAwMDAwMCwidXBkYXRlIjoxODAwMDAwMDAwMDAwfX0=",
          "dependencies": [
            "module.region_deployment.azurerm_network_security_group.mm-nsg",
            "module.region_deployment.azurerm_resource_group.region-rg",
            "module.region_deployment.data.azurerm_client_config.regional-current",
            "random_string.base_id"
          ]
        },
        {
          "index_key": "Open443In",
          "schema_version": 0,
          "attributes": {
            "access": "Allow",
            "description": "",
            "destination_address_prefix": "*",
            "destination_address_prefixes": null,
            "destination_application_security_group_ids": null,
            "destination_port_range": "443",
            "destination_port_ranges": null,
            "direction": "Inbound",
            "id": "/subscriptions/0cbfc5fe-8f57-4f7f-a5f4-cc9b1feb4bc0/resourceGroups/jvh9q-eastus-unreal-rg/providers/Microsoft.Network/networkSecurityGroups/jvh9q-mm-nsg/securityRules/Open443In",
            "name": "Open443In",
            "network_security_group_name": "jvh9q-mm-nsg",
            "priority": 1050,
            "protocol": "Tcp",
            "resource_group_name": "jvh9q-eastus-unreal-rg",
            "source_address_prefix": "*",
            "source_address_prefixes": null,
            "source_application_security_group_ids": null,
            "source_port_range": "*",
            "source_port_ranges": null,
            "timeouts": null
          },
          "sensitive_attributes": [],
          "private": "eyJlMmJmYjczMC1lY2FhLTExZTYtOGY4OC0zNDM2M2JjN2M0YzAiOnsiY3JlYXRlIjoxODAwMDAwMDAwMDAwLCJkZWxldGUiOjE4MDAwMDAwMDAwMDAsInJlYWQiOjMwMDAwMDAwMDAwMCwidXBkYXRlIjoxODAwMDAwMDAwMDAwfX0=",
          "dependencies": [
            "module.region_deployment.azurerm_network_security_group.mm-nsg",
            "module.region_deployment.azurerm_resource_group.region-rg",
            "module.region_deployment.data.azurerm_client_config.regional-current",
            "random_string.base_id"
          ]
        },
        {
          "index_key": "Open443Out",
          "schema_version": 0,
          "attributes": {
            "access": "Allow",
            "description": "",
            "destination_address_prefix": "*",
            "destination_address_prefixes": null,
            "destination_application_security_group_ids": null,
            "destination_port_range": "443",
            "destination_port_ranges": null,
            "direction": "Outbound",
            "id": "/subscriptions/0cbfc5fe-8f57-4f7f-a5f4-cc9b1feb4bc0/resourceGroups/jvh9q-eastus-unreal-rg/providers/Microsoft.Network/networkSecurityGroups/jvh9q-mm-nsg/securityRules/Open443Out",
            "name": "Open443Out",
            "network_security_group_name": "jvh9q-mm-nsg",
            "priority": 1060,
            "protocol": "Tcp",
            "resource_group_name": "jvh9q-eastus-unreal-rg",
            "source_address_prefix": "*",
            "source_address_prefixes": null,
            "source_application_security_group_ids": null,
            "source_port_range": "*",
            "source_port_ranges": null,
            "timeouts": null
          },
          "sensitive_attributes": [],
          "private": "eyJlMmJmYjczMC1lY2FhLTExZTYtOGY4OC0zNDM2M2JjN2M0YzAiOnsiY3JlYXRlIjoxODAwMDAwMDAwMDAwLCJkZWxldGUiOjE4MDAwMDAwMDAwMDAsInJlYWQiOjMwMDAwMDAwMDAwMCwidXBkYXRlIjoxODAwMDAwMDAwMDAwfX0=",
          "dependencies": [
            "module.region_deployment.azurerm_network_security_group.mm-nsg",
            "module.region_deployment.azurerm_resource_group.region-rg",
            "module.region_deployment.data.azurerm_client_config.regional-current",
            "random_string.base_id"
          ]
        },
        {
          "index_key": "Open80In",
          "schema_version": 0,
          "attributes": {
            "access": "Allow",
            "description": "",
            "destination_address_prefix": "*",
            "destination_address_prefixes": null,
            "destination_application_security_group_ids": null,
            "destination_port_range": "80",
            "destination_port_ranges": null,
            "direction": "Inbound",
            "id": "/subscriptions/0cbfc5fe-8f57-4f7f-a5f4-cc9b1feb4bc0/resourceGroups/jvh9q-eastus-unreal-rg/providers/Microsoft.Network/networkSecurityGroups/jvh9q-mm-nsg/securityRules/Open80In",
            "name": "Open80In",
            "network_security_group_name": "jvh9q-mm-nsg",
            "priority": 1000,
            "protocol": "Tcp",
            "resource_group_name": "jvh9q-eastus-unreal-rg",
            "source_address_prefix": "*",
            "source_address_prefixes": null,
            "source_application_security_group_ids": null,
            "source_port_range": "*",
            "source_port_ranges": null,
            "timeouts": null
          },
          "sensitive_attributes": [],
          "private": "eyJlMmJmYjczMC1lY2FhLTExZTYtOGY4OC0zNDM2M2JjN2M0YzAiOnsiY3JlYXRlIjoxODAwMDAwMDAwMDAwLCJkZWxldGUiOjE4MDAwMDAwMDAwMDAsInJlYWQiOjMwMDAwMDAwMDAwMCwidXBkYXRlIjoxODAwMDAwMDAwMDAwfX0=",
          "dependencies": [
            "module.region_deployment.azurerm_network_security_group.mm-nsg",
            "module.region_deployment.azurerm_resource_group.region-rg",
            "module.region_deployment.data.azurerm_client_config.regional-current",
            "random_string.base_id"
          ]
        },
        {
          "index_key": "Open80Out",
          "schema_version": 0,
          "attributes": {
            "access": "Allow",
            "description": "",
            "destination_address_prefix": "*",
            "destination_address_prefixes": null,
            "destination_application_security_group_ids": null,
            "destination_port_range": "80",
            "destination_port_ranges": null,
            "direction": "Outbound",
            "id": "/subscriptions/0cbfc5fe-8f57-4f7f-a5f4-cc9b1feb4bc0/resourceGroups/jvh9q-eastus-unreal-rg/providers/Microsoft.Network/networkSecurityGroups/jvh9q-mm-nsg/securityRules/Open80Out",
            "name": "Open80Out",
            "network_security_group_name": "jvh9q-mm-nsg",
            "priority": 1000,
            "protocol": "Tcp",
            "resource_group_name": "jvh9q-eastus-unreal-rg",
            "source_address_prefix": "*",
            "source_address_prefixes": null,
            "source_application_security_group_ids": null,
            "source_port_range": "*",
            "source_port_ranges": null,
            "timeouts": null
          },
          "sensitive_attributes": [],
          "private": "eyJlMmJmYjczMC1lY2FhLTExZTYtOGY4OC0zNDM2M2JjN2M0YzAiOnsiY3JlYXRlIjoxODAwMDAwMDAwMDAwLCJkZWxldGUiOjE4MDAwMDAwMDAwMDAsInJlYWQiOjMwMDAwMDAwMDAwMCwidXBkYXRlIjoxODAwMDAwMDAwMDAwfX0=",
          "dependencies": [
            "module.region_deployment.azurerm_network_security_group.mm-nsg",
            "module.region_deployment.azurerm_resource_group.region-rg",
            "module.region_deployment.data.azurerm_client_config.regional-current",
            "random_string.base_id"
          ]
        },
        {
          "index_key": "Open9999In",
          "schema_version": 0,
          "attributes": {
            "access": "Allow",
            "description": "",
            "destination_address_prefix": "*",
            "destination_address_prefixes": null,
            "destination_application_security_group_ids": null,
            "destination_port_range": "9999",
            "destination_port_ranges": null,
            "direction": "Inbound",
            "id": "/subscriptions/0cbfc5fe-8f57-4f7f-a5f4-cc9b1feb4bc0/resourceGroups/jvh9q-eastus-unreal-rg/providers/Microsoft.Network/networkSecurityGroups/jvh9q-mm-nsg/securityRules/Open9999In",
            "name": "Open9999In",
            "network_security_group_name": "jvh9q-mm-nsg",
            "priority": 1040,
            "protocol": "Tcp",
            "resource_group_name": "jvh9q-eastus-unreal-rg",
            "source_address_prefix": "*",
            "source_address_prefixes": null,
            "source_application_security_group_ids": null,
            "source_port_range": "*",
            "source_port_ranges": null,
            "timeouts": null
          },
          "sensitive_attributes": [],
          "private": "eyJlMmJmYjczMC1lY2FhLTExZTYtOGY4OC0zNDM2M2JjN2M0YzAiOnsiY3JlYXRlIjoxODAwMDAwMDAwMDAwLCJkZWxldGUiOjE4MDAwMDAwMDAwMDAsInJlYWQiOjMwMDAwMDAwMDAwMCwidXBkYXRlIjoxODAwMDAwMDAwMDAwfX0=",
          "dependencies": [
            "module.region_deployment.azurerm_network_security_group.mm-nsg",
            "module.region_deployment.azurerm_resource_group.region-rg",
            "module.region_deployment.data.azurerm_client_config.regional-current",
            "random_string.base_id"
          ]
        }
      ]
    },
    {
      "module": "module.region_deployment[\"eastus-unreal-rg\"]",
      "mode": "managed",
      "type": "azurerm_network_security_rule",
      "name": "vmss_network_security_rules",
      "provider": "provider[\"registry.terraform.io/hashicorp/azurerm\"]",
      "instances": [
        {
          "index_key": "Open3389In",
          "schema_version": 0,
          "attributes": {
            "access": "Allow",
            "description": "",
            "destination_address_prefix": "*",
            "destination_address_prefixes": null,
            "destination_application_security_group_ids": null,
            "destination_port_range": "3389",
            "destination_port_ranges": null,
            "direction": "Inbound",
            "id": "/subscriptions/0cbfc5fe-8f57-4f7f-a5f4-cc9b1feb4bc0/resourceGroups/jvh9q-eastus-unreal-rg/providers/Microsoft.Network/networkSecurityGroups/jvh9q-be-nsg/securityRules/Open3389In",
            "name": "Open3389In",
            "network_security_group_name": "jvh9q-be-nsg",
            "priority": 1050,
            "protocol": "Tcp",
            "resource_group_name": "jvh9q-eastus-unreal-rg",
            "source_address_prefix": "*",
            "source_address_prefixes": null,
            "source_application_security_group_ids": null,
            "source_port_range": "*",
            "source_port_ranges": null,
            "timeouts": null
          },
          "sensitive_attributes": [],
          "private": "eyJlMmJmYjczMC1lY2FhLTExZTYtOGY4OC0zNDM2M2JjN2M0YzAiOnsiY3JlYXRlIjoxODAwMDAwMDAwMDAwLCJkZWxldGUiOjE4MDAwMDAwMDAwMDAsInJlYWQiOjMwMDAwMDAwMDAwMCwidXBkYXRlIjoxODAwMDAwMDAwMDAwfX0=",
          "dependencies": [
            "module.region_deployment.azurerm_network_security_group.backend-nsg",
            "module.region_deployment.azurerm_resource_group.region-rg",
            "module.region_deployment.data.azurerm_client_config.regional-current",
            "random_string.base_id"
          ]
        },
        {
          "index_key": "Open443In",
          "schema_version": 0,
          "attributes": {
            "access": "Allow",
            "description": "",
            "destination_address_prefix": "*",
            "destination_address_prefixes": null,
            "destination_application_security_group_ids": null,
            "destination_port_range": "443",
            "destination_port_ranges": null,
            "direction": "Inbound",
            "id": "/subscriptions/0cbfc5fe-8f57-4f7f-a5f4-cc9b1feb4bc0/resourceGroups/jvh9q-eastus-unreal-rg/providers/Microsoft.Network/networkSecurityGroups/jvh9q-be-nsg/securityRules/Open443In",
            "name": "Open443In",
            "network_security_group_name": "jvh9q-be-nsg",
            "priority": 1070,
            "protocol": "Tcp",
            "resource_group_name": "jvh9q-eastus-unreal-rg",
            "source_address_prefix": "*",
            "source_address_prefixes": null,
            "source_application_security_group_ids": null,
            "source_port_range": "*",
            "source_port_ranges": null,
            "timeouts": null
          },
          "sensitive_attributes": [],
          "private": "eyJlMmJmYjczMC1lY2FhLTExZTYtOGY4OC0zNDM2M2JjN2M0YzAiOnsiY3JlYXRlIjoxODAwMDAwMDAwMDAwLCJkZWxldGUiOjE4MDAwMDAwMDAwMDAsInJlYWQiOjMwMDAwMDAwMDAwMCwidXBkYXRlIjoxODAwMDAwMDAwMDAwfX0=",
          "dependencies": [
            "module.region_deployment.azurerm_network_security_group.backend-nsg",
            "module.region_deployment.azurerm_resource_group.region-rg",
            "module.region_deployment.data.azurerm_client_config.regional-current",
            "random_string.base_id"
          ]
        },
        {
          "index_key": "Open80In",
          "schema_version": 0,
          "attributes": {
            "access": "Allow",
            "description": "",
            "destination_address_prefix": "*",
            "destination_address_prefixes": null,
            "destination_application_security_group_ids": null,
            "destination_port_range": "80",
            "destination_port_ranges": null,
            "direction": "Inbound",
            "id": "/subscriptions/0cbfc5fe-8f57-4f7f-a5f4-cc9b1feb4bc0/resourceGroups/jvh9q-eastus-unreal-rg/providers/Microsoft.Network/networkSecurityGroups/jvh9q-be-nsg/securityRules/Open80In",
            "name": "Open80In",
            "network_security_group_name": "jvh9q-be-nsg",
            "priority": 1000,
            "protocol": "Tcp",
            "resource_group_name": "jvh9q-eastus-unreal-rg",
            "source_address_prefix": "*",
            "source_address_prefixes": null,
            "source_application_security_group_ids": null,
            "source_port_range": "*",
            "source_port_ranges": null,
            "timeouts": null
          },
          "sensitive_attributes": [],
          "private": "eyJlMmJmYjczMC1lY2FhLTExZTYtOGY4OC0zNDM2M2JjN2M0YzAiOnsiY3JlYXRlIjoxODAwMDAwMDAwMDAwLCJkZWxldGUiOjE4MDAwMDAwMDAwMDAsInJlYWQiOjMwMDAwMDAwMDAwMCwidXBkYXRlIjoxODAwMDAwMDAwMDAwfX0=",
          "dependencies": [
            "module.region_deployment.azurerm_network_security_group.backend-nsg",
            "module.region_deployment.azurerm_resource_group.region-rg",
            "module.region_deployment.data.azurerm_client_config.regional-current",
            "random_string.base_id"
          ]
        },
        {
          "index_key": "Open8888In",
          "schema_version": 0,
          "attributes": {
            "access": "Allow",
            "description": "",
            "destination_address_prefix": "*",
            "destination_address_prefixes": null,
            "destination_application_security_group_ids": null,
            "destination_port_range": "8888",
            "destination_port_ranges": null,
            "direction": "Inbound",
            "id": "/subscriptions/0cbfc5fe-8f57-4f7f-a5f4-cc9b1feb4bc0/resourceGroups/jvh9q-eastus-unreal-rg/providers/Microsoft.Network/networkSecurityGroups/jvh9q-be-nsg/securityRules/Open8888In",
            "name": "Open8888In",
            "network_security_group_name": "jvh9q-be-nsg",
            "priority": 1030,
            "protocol": "Tcp",
            "resource_group_name": "jvh9q-eastus-unreal-rg",
            "source_address_prefix": "*",
            "source_address_prefixes": null,
            "source_application_security_group_ids": null,
            "source_port_range": "*",
            "source_port_ranges": null,
            "timeouts": null
          },
          "sensitive_attributes": [],
          "private": "eyJlMmJmYjczMC1lY2FhLTExZTYtOGY4OC0zNDM2M2JjN2M0YzAiOnsiY3JlYXRlIjoxODAwMDAwMDAwMDAwLCJkZWxldGUiOjE4MDAwMDAwMDAwMDAsInJlYWQiOjMwMDAwMDAwMDAwMCwidXBkYXRlIjoxODAwMDAwMDAwMDAwfX0=",
          "dependencies": [
            "module.region_deployment.azurerm_network_security_group.backend-nsg",
            "module.region_deployment.azurerm_resource_group.region-rg",
            "module.region_deployment.data.azurerm_client_config.regional-current",
            "random_string.base_id"
          ]
        },
        {
          "index_key": "Open8889In",
          "schema_version": 0,
          "attributes": {
            "access": "Allow",
            "description": "",
            "destination_address_prefix": "*",
            "destination_address_prefixes": null,
            "destination_application_security_group_ids": null,
            "destination_port_range": "8889",
            "destination_port_ranges": null,
            "direction": "Inbound",
            "id": "/subscriptions/0cbfc5fe-8f57-4f7f-a5f4-cc9b1feb4bc0/resourceGroups/jvh9q-eastus-unreal-rg/providers/Microsoft.Network/networkSecurityGroups/jvh9q-be-nsg/securityRules/Open8889In",
            "name": "Open8889In",
            "network_security_group_name": "jvh9q-be-nsg",
            "priority": 1040,
            "protocol": "Tcp",
            "resource_group_name": "jvh9q-eastus-unreal-rg",
            "source_address_prefix": "*",
            "source_address_prefixes": null,
            "source_application_security_group_ids": null,
            "source_port_range": "*",
            "source_port_ranges": null,
            "timeouts": null
          },
          "sensitive_attributes": [],
          "private": "eyJlMmJmYjczMC1lY2FhLTExZTYtOGY4OC0zNDM2M2JjN2M0YzAiOnsiY3JlYXRlIjoxODAwMDAwMDAwMDAwLCJkZWxldGUiOjE4MDAwMDAwMDAwMDAsInJlYWQiOjMwMDAwMDAwMDAwMCwidXBkYXRlIjoxODAwMDAwMDAwMDAwfX0=",
          "dependencies": [
            "module.region_deployment.azurerm_network_security_group.backend-nsg",
            "module.region_deployment.azurerm_resource_group.region-rg",
            "module.region_deployment.data.azurerm_client_config.regional-current",
            "random_string.base_id"
          ]
        },
        {
          "index_key": "Open8890In",
          "schema_version": 0,
          "attributes": {
            "access": "Allow",
            "description": "",
            "destination_address_prefix": "*",
            "destination_address_prefixes": null,
            "destination_application_security_group_ids": null,
            "destination_port_range": "8890",
            "destination_port_ranges": null,
            "direction": "Inbound",
            "id": "/subscriptions/0cbfc5fe-8f57-4f7f-a5f4-cc9b1feb4bc0/resourceGroups/jvh9q-eastus-unreal-rg/providers/Microsoft.Network/networkSecurityGroups/jvh9q-be-nsg/securityRules/Open8890In",
            "name": "Open8890In",
            "network_security_group_name": "jvh9q-be-nsg",
            "priority": 1080,
            "protocol": "Tcp",
            "resource_group_name": "jvh9q-eastus-unreal-rg",
            "source_address_prefix": "*",
            "source_address_prefixes": null,
            "source_application_security_group_ids": null,
            "source_port_range": "*",
            "source_port_ranges": null,
            "timeouts": null
          },
          "sensitive_attributes": [],
          "private": "eyJlMmJmYjczMC1lY2FhLTExZTYtOGY4OC0zNDM2M2JjN2M0YzAiOnsiY3JlYXRlIjoxODAwMDAwMDAwMDAwLCJkZWxldGUiOjE4MDAwMDAwMDAwMDAsInJlYWQiOjMwMDAwMDAwMDAwMCwidXBkYXRlIjoxODAwMDAwMDAwMDAwfX0=",
          "dependencies": [
            "module.region_deployment.azurerm_network_security_group.backend-nsg",
            "module.region_deployment.azurerm_resource_group.region-rg",
            "module.region_deployment.data.azurerm_client_config.regional-current",
            "random_string.base_id"
          ]
        },
        {
          "index_key": "Open8891In",
          "schema_version": 0,
          "attributes": {
            "access": "Allow",
            "description": "",
            "destination_address_prefix": "*",
            "destination_address_prefixes": null,
            "destination_application_security_group_ids": null,
            "destination_port_range": "8891",
            "destination_port_ranges": null,
            "direction": "Inbound",
            "id": "/subscriptions/0cbfc5fe-8f57-4f7f-a5f4-cc9b1feb4bc0/resourceGroups/jvh9q-eastus-unreal-rg/providers/Microsoft.Network/networkSecurityGroups/jvh9q-be-nsg/securityRules/Open8891In",
            "name": "Open8891In",
            "network_security_group_name": "jvh9q-be-nsg",
            "priority": 1090,
            "protocol": "Tcp",
            "resource_group_name": "jvh9q-eastus-unreal-rg",
            "source_address_prefix": "*",
            "source_address_prefixes": null,
            "source_application_security_group_ids": null,
            "source_port_range": "*",
            "source_port_ranges": null,
            "timeouts": null
          },
          "sensitive_attributes": [],
          "private": "eyJlMmJmYjczMC1lY2FhLTExZTYtOGY4OC0zNDM2M2JjN2M0YzAiOnsiY3JlYXRlIjoxODAwMDAwMDAwMDAwLCJkZWxldGUiOjE4MDAwMDAwMDAwMDAsInJlYWQiOjMwMDAwMDAwMDAwMCwidXBkYXRlIjoxODAwMDAwMDAwMDAwfX0=",
          "dependencies": [
            "module.region_deployment.azurerm_network_security_group.backend-nsg",
            "module.region_deployment.azurerm_resource_group.region-rg",
            "module.region_deployment.data.azurerm_client_config.regional-current",
            "random_string.base_id"
          ]
        },
        {
          "index_key": "Open9999In",
          "schema_version": 0,
          "attributes": {
            "access": "Allow",
            "description": "",
            "destination_address_prefix": "*",
            "destination_address_prefixes": null,
            "destination_application_security_group_ids": null,
            "destination_port_range": "9999",
            "destination_port_ranges": null,
            "direction": "Inbound",
            "id": "/subscriptions/0cbfc5fe-8f57-4f7f-a5f4-cc9b1feb4bc0/resourceGroups/jvh9q-eastus-unreal-rg/providers/Microsoft.Network/networkSecurityGroups/jvh9q-be-nsg/securityRules/Open9999In",
            "name": "Open9999In",
            "network_security_group_name": "jvh9q-be-nsg",
            "priority": 1060,
            "protocol": "Tcp",
            "resource_group_name": "jvh9q-eastus-unreal-rg",
            "source_address_prefix": "*",
            "source_address_prefixes": null,
            "source_application_security_group_ids": null,
            "source_port_range": "*",
            "source_port_ranges": null,
            "timeouts": null
          },
          "sensitive_attributes": [],
          "private": "eyJlMmJmYjczMC1lY2FhLTExZTYtOGY4OC0zNDM2M2JjN2M0YzAiOnsiY3JlYXRlIjoxODAwMDAwMDAwMDAwLCJkZWxldGUiOjE4MDAwMDAwMDAwMDAsInJlYWQiOjMwMDAwMDAwMDAwMCwidXBkYXRlIjoxODAwMDAwMDAwMDAwfX0=",
          "dependencies": [
            "module.region_deployment.azurerm_network_security_group.backend-nsg",
            "module.region_deployment.azurerm_resource_group.region-rg",
            "module.region_deployment.data.azurerm_client_config.regional-current",
            "random_string.base_id"
          ]
        }
      ]
    },
    {
      "module": "module.region_deployment[\"eastus-unreal-rg\"]",
      "mode": "managed",
      "type": "azurerm_public_ip",
      "name": "pip",
      "provider": "provider[\"registry.terraform.io/hashicorp/azurerm\"]",
      "instances": [
        {
          "schema_version": 0,
          "attributes": {
            "allocation_method": "Static",
            "domain_name_label": "mmvm-jvh9q",
            "fqdn": "mmvm-jvh9q.eastus.cloudapp.azure.com",
            "id": "/subscriptions/0cbfc5fe-8f57-4f7f-a5f4-cc9b1feb4bc0/resourceGroups/jvh9q-eastus-unreal-rg/providers/Microsoft.Network/publicIPAddresses/jvh9q-mmvm-eastus-pip",
            "idle_timeout_in_minutes": 4,
            "ip_address": "20.81.85.94",
            "ip_version": "IPv4",
            "location": "eastus",
            "name": "jvh9q-mmvm-eastus-pip",
            "public_ip_prefix_id": null,
            "resource_group_name": "jvh9q-eastus-unreal-rg",
            "reverse_fqdn": "",
            "sku": "Standard",
            "tags": null,
            "timeouts": null,
            "zones": null
          },
          "sensitive_attributes": [],
          "private": "eyJlMmJmYjczMC1lY2FhLTExZTYtOGY4OC0zNDM2M2JjN2M0YzAiOnsiY3JlYXRlIjoxODAwMDAwMDAwMDAwLCJkZWxldGUiOjE4MDAwMDAwMDAwMDAsInJlYWQiOjMwMDAwMDAwMDAwMCwidXBkYXRlIjoxODAwMDAwMDAwMDAwfX0=",
          "dependencies": [
            "module.region_deployment.azurerm_resource_group.region-rg",
            "module.region_deployment.data.azurerm_client_config.regional-current",
            "random_string.base_id"
          ]
        }
      ]
    },
    {
      "module": "module.region_deployment[\"eastus-unreal-rg\"]",
      "mode": "managed",
      "type": "azurerm_resource_group",
      "name": "region-rg",
      "provider": "provider[\"registry.terraform.io/hashicorp/azurerm\"]",
      "instances": [
        {
          "schema_version": 0,
          "attributes": {
            "id": "/subscriptions/0cbfc5fe-8f57-4f7f-a5f4-cc9b1feb4bc0/resourceGroups/jvh9q-eastus-unreal-rg",
            "location": "eastus",
            "name": "jvh9q-eastus-unreal-rg",
            "tags": {
              "client_id": "04b07795-8ddb-461a-bbee-02f9e1bf7b46"
            },
            "timeouts": null
          },
          "sensitive_attributes": [],
          "private": "eyJlMmJmYjczMC1lY2FhLTExZTYtOGY4OC0zNDM2M2JjN2M0YzAiOnsiY3JlYXRlIjo1NDAwMDAwMDAwMDAwLCJkZWxldGUiOjU0MDAwMDAwMDAwMDAsInJlYWQiOjMwMDAwMDAwMDAwMCwidXBkYXRlIjo1NDAwMDAwMDAwMDAwfX0=",
          "dependencies": [
            "module.region_deployment.data.azurerm_client_config.regional-current",
            "random_string.base_id"
          ]
        }
      ]
    },
    {
      "module": "module.region_deployment[\"eastus-unreal-rg\"]",
      "mode": "managed",
      "type": "azurerm_role_assignment",
      "name": "role_assignment",
      "provider": "provider[\"registry.terraform.io/hashicorp/azurerm\"]",
      "instances": [
        {
          "schema_version": 0,
          "attributes": {
            "id": "/subscriptions/0cbfc5fe-8f57-4f7f-a5f4-cc9b1feb4bc0/providers/Microsoft.Authorization/roleAssignments/49086acc-38cb-9615-732b-58afaf6dba38",
            "name": "49086acc-38cb-9615-732b-58afaf6dba38",
            "principal_id": "0d527eb6-37f4-4c4f-be50-a800f33792fa",
            "principal_type": "ServicePrincipal",
            "role_definition_id": "/subscriptions/0cbfc5fe-8f57-4f7f-a5f4-cc9b1feb4bc0/providers/Microsoft.Authorization/roleDefinitions/b24988ac-6180-42a0-ab88-20f7382dd24c",
            "role_definition_name": "Contributor",
            "scope": "/subscriptions/0cbfc5fe-8f57-4f7f-a5f4-cc9b1feb4bc0",
            "skip_service_principal_aad_check": null,
            "timeouts": null
          },
          "sensitive_attributes": [],
          "private": "eyJlMmJmYjczMC1lY2FhLTExZTYtOGY4OC0zNDM2M2JjN2M0YzAiOnsiY3JlYXRlIjoxODAwMDAwMDAwMDAwLCJkZWxldGUiOjE4MDAwMDAwMDAwMDAsInJlYWQiOjMwMDAwMDAwMDAwMCwidXBkYXRlIjoxODAwMDAwMDAwMDAwfX0=",
          "dependencies": [
            "module.region_deployment.azurerm_network_interface.nic",
            "module.region_deployment.azurerm_public_ip.pip",
            "module.region_deployment.azurerm_resource_group.region-rg",
            "module.region_deployment.azurerm_subnet.subnet",
            "module.region_deployment.azurerm_virtual_network.vnet",
            "module.region_deployment.azurerm_windows_virtual_machine.vm",
            "module.region_deployment.data.azurerm_client_config.regional-current",
            "module.region_deployment.data.azurerm_subscription.primary",
            "module.region_deployment.random_string.admin_password",
            "random_string.base_id"
          ]
        }
      ]
    },
    {
      "module": "module.region_deployment[\"eastus-unreal-rg\"]",
      "mode": "managed",
      "type": "azurerm_role_assignment",
      "name": "vmss_role_assignment",
      "provider": "provider[\"registry.terraform.io/hashicorp/azurerm\"]",
      "instances": [
        {
          "schema_version": 0,
          "attributes": {
            "id": "/subscriptions/0cbfc5fe-8f57-4f7f-a5f4-cc9b1feb4bc0/providers/Microsoft.Authorization/roleAssignments/dbd299de-3dde-16c3-3886-9164fde39c4b",
            "name": "dbd299de-3dde-16c3-3886-9164fde39c4b",
            "principal_id": "2736169f-721a-4fab-b3c2-ab9a065c58da",
            "principal_type": "ServicePrincipal",
            "role_definition_id": "/subscriptions/0cbfc5fe-8f57-4f7f-a5f4-cc9b1feb4bc0/providers/Microsoft.Authorization/roleDefinitions/b24988ac-6180-42a0-ab88-20f7382dd24c",
            "role_definition_name": "Contributor",
            "scope": "/subscriptions/0cbfc5fe-8f57-4f7f-a5f4-cc9b1feb4bc0",
            "skip_service_principal_aad_check": null,
            "timeouts": null
          },
          "sensitive_attributes": [],
          "private": "eyJlMmJmYjczMC1lY2FhLTExZTYtOGY4OC0zNDM2M2JjN2M0YzAiOnsiY3JlYXRlIjoxODAwMDAwMDAwMDAwLCJkZWxldGUiOjE4MDAwMDAwMDAwMDAsInJlYWQiOjMwMDAwMDAwMDAwMCwidXBkYXRlIjoxODAwMDAwMDAwMDAwfX0=",
          "dependencies": [
            "module.region_deployment.azurerm_network_security_group.backend-nsg",
            "module.region_deployment.azurerm_resource_group.region-rg",
            "module.region_deployment.azurerm_subnet.subnet",
            "module.region_deployment.azurerm_virtual_network.vnet",
            "module.region_deployment.azurerm_windows_virtual_machine_scale_set.vmss",
            "module.region_deployment.data.azurerm_client_config.regional-current",
            "module.region_deployment.data.azurerm_subscription.primary",
            "module.region_deployment.random_string.admin_password",
            "random_string.base_id"
          ]
        }
      ]
    },
    {
      "module": "module.region_deployment[\"eastus-unreal-rg\"]",
      "mode": "managed",
      "type": "azurerm_subnet",
      "name": "subnet",
      "provider": "provider[\"registry.terraform.io/hashicorp/azurerm\"]",
      "instances": [
        {
          "schema_version": 0,
          "attributes": {
            "address_prefix": "10.100.0.0/22",
            "address_prefixes": [
              "10.100.0.0/22"
            ],
            "delegation": [],
            "enforce_private_link_endpoint_network_policies": false,
            "enforce_private_link_service_network_policies": false,
            "id": "/subscriptions/0cbfc5fe-8f57-4f7f-a5f4-cc9b1feb4bc0/resourceGroups/jvh9q-eastus-unreal-rg/providers/Microsoft.Network/virtualNetworks/jvh9q-vnet-eastus/subnets/jvh9q-subnet-eastus",
            "name": "jvh9q-subnet-eastus",
            "resource_group_name": "jvh9q-eastus-unreal-rg",
            "service_endpoint_policy_ids": null,
            "service_endpoints": null,
            "timeouts": null,
            "virtual_network_name": "jvh9q-vnet-eastus"
          },
          "sensitive_attributes": [],
          "private": "eyJlMmJmYjczMC1lY2FhLTExZTYtOGY4OC0zNDM2M2JjN2M0YzAiOnsiY3JlYXRlIjoxODAwMDAwMDAwMDAwLCJkZWxldGUiOjE4MDAwMDAwMDAwMDAsInJlYWQiOjMwMDAwMDAwMDAwMCwidXBkYXRlIjoxODAwMDAwMDAwMDAwfX0=",
          "dependencies": [
            "module.region_deployment.azurerm_resource_group.region-rg",
            "module.region_deployment.azurerm_virtual_network.vnet",
            "module.region_deployment.data.azurerm_client_config.regional-current",
            "random_string.base_id"
          ]
        }
      ]
    },
    {
      "module": "module.region_deployment[\"eastus-unreal-rg\"]",
      "mode": "managed",
      "type": "azurerm_traffic_manager_endpoint",
      "name": "traffic_manager_endpoint",
      "provider": "provider[\"registry.terraform.io/hashicorp/azurerm\"]",
      "instances": [
        {
          "schema_version": 0,
          "attributes": {
            "custom_header": [],
            "endpoint_location": "East US",
            "endpoint_monitor_status": "CheckingEndpoint",
            "endpoint_status": "Enabled",
            "geo_mappings": null,
            "id": "/subscriptions/0cbfc5fe-8f57-4f7f-a5f4-cc9b1feb4bc0/resourceGroups/jvh9q-global-unreal-rg/providers/Microsoft.Network/trafficManagerProfiles/jvh9q-trafficmgr/externalEndpoints/jvh9q-trafficmgr-eastus",
            "min_child_endpoints": 0,
            "name": "jvh9q-trafficmgr-eastus",
            "priority": 1,
            "profile_name": "jvh9q-trafficmgr",
            "resource_group_name": "jvh9q-global-unreal-rg",
            "subnet": [],
            "target": "mmvm-jvh9q.eastus.cloudapp.azure.com",
            "target_resource_id": "",
            "timeouts": null,
            "type": "externalEndpoints",
            "weight": 1
          },
          "sensitive_attributes": [],
          "private": "eyJlMmJmYjczMC1lY2FhLTExZTYtOGY4OC0zNDM2M2JjN2M0YzAiOnsiY3JlYXRlIjoxODAwMDAwMDAwMDAwLCJkZWxldGUiOjE4MDAwMDAwMDAwMDAsInJlYWQiOjMwMDAwMDAwMDAwMCwidXBkYXRlIjoxODAwMDAwMDAwMDAwfX0=",
          "dependencies": [
            "azurerm_resource_group.rg_global",
            "azurerm_traffic_manager_profile.traffic_manager_profile",
            "data.azurerm_client_config.current",
            "module.region_deployment.azurerm_public_ip.pip",
            "module.region_deployment.azurerm_resource_group.region-rg",
            "module.region_deployment.data.azurerm_client_config.regional-current",
            "random_string.base_id"
          ]
        }
      ]
    },
    {
      "module": "module.region_deployment[\"eastus-unreal-rg\"]",
      "mode": "managed",
      "type": "azurerm_virtual_machine_extension",
      "name": "mmextension",
      "provider": "provider[\"registry.terraform.io/hashicorp/azurerm\"]",
      "instances": [
        {
          "schema_version": 0,
          "attributes": {
            "auto_upgrade_minor_version": false,
            "id": "/subscriptions/0cbfc5fe-8f57-4f7f-a5f4-cc9b1feb4bc0/resourceGroups/jvh9q-eastus-unreal-rg/providers/Microsoft.Compute/virtualMachines/mm-vm/extensions/MM-CS-Extension",
            "name": "MM-CS-Extension",
            "protected_settings": "  {\n    \"commandToExecute\": \"powershell -ExecutionPolicy Unrestricted -NoProfile -NonInteractive -command cp c:/AzureData/CustomData.bin c:/AzureData/install.ps1; c:/AzureData/install.ps1 -subscription_id 0cbfc5fe-8f57-4f7f-a5f4-cc9b1feb4bc0 -resource_group_name jvh9q-eastus-unreal-rg -vmss_name jvh9qvmss -application_insights_key 84490d89-9f51-4442-8097-fa88f1f06905 -gitpath https://github.com/ddkclaudio/Unreal-Pixel-Streaming.git -pat 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;\",\n    \"managedIdentity\" : { \"objectId\": \"0d527eb6-37f4-4c4f-be50-a800f33792fa\" }\n  }\n",
            "publisher": "Microsoft.Compute",
            "settings": "",
            "tags": null,
            "timeouts": null,
            "type": "CustomScriptExtension",
            "type_handler_version": "1.10",
            "virtual_machine_id": "/subscriptions/0cbfc5fe-8f57-4f7f-a5f4-cc9b1feb4bc0/resourceGroups/jvh9q-eastus-unreal-rg/providers/Microsoft.Compute/virtualMachines/mm-vm"
          },
          "sensitive_attributes": [],
          "private": "eyJlMmJmYjczMC1lY2FhLTExZTYtOGY4OC0zNDM2M2JjN2M0YzAiOnsiY3JlYXRlIjoxODAwMDAwMDAwMDAwLCJkZWxldGUiOjE4MDAwMDAwMDAwMDAsInJlYWQiOjMwMDAwMDAwMDAwMCwidXBkYXRlIjoxODAwMDAwMDAwMDAwfX0=",
          "dependencies": [
            "azurerm_application_insights.appI",
            "azurerm_resource_group.rg_global",
            "data.azurerm_client_config.current",
            "module.region_deployment.azurerm_network_interface.nic",
            "module.region_deployment.azurerm_public_ip.pip",
            "module.region_deployment.azurerm_resource_group.region-rg",
            "module.region_deployment.azurerm_role_assignment.role_assignment",
            "module.region_deployment.azurerm_subnet.subnet",
            "module.region_deployment.azurerm_virtual_network.vnet",
            "module.region_deployment.azurerm_windows_virtual_machine.vm",
            "module.region_deployment.data.azurerm_client_config.regional-current",
            "module.region_deployment.data.azurerm_subscription.primary",
            "module.region_deployment.random_string.admin_password",
            "random_string.base_id"
          ]
        }
      ]
    },
    {
      "module": "module.region_deployment[\"eastus-unreal-rg\"]",
      "mode": "managed",
      "type": "azurerm_virtual_machine_scale_set_extension",
      "name": "ue4extension",
      "provider": "provider[\"registry.terraform.io/hashicorp/azurerm\"]",
      "instances": [
        {
          "schema_version": 0,
          "attributes": {
            "auto_upgrade_minor_version": true,
            "force_update_tag": "",
            "id": "/subscriptions/0cbfc5fe-8f57-4f7f-a5f4-cc9b1feb4bc0/resourceGroups/jvh9q-eastus-unreal-rg/providers/Microsoft.Compute/virtualMachineScaleSets/jvh9qvmss/extensions/BE-CS-Extension",
            "name": "BE-CS-Extension",
            "protected_settings": "  {\n    \"commandToExecute\": \"powershell -ExecutionPolicy Unrestricted -NoProfile -NonInteractive -command cp c:/AzureData/CustomData.bin c:/AzureData/install.ps1; c:/AzureData/install.ps1 -subscription_id 0cbfc5fe-8f57-4f7f-a5f4-cc9b1feb4bc0 -resource_group_name jvh9q-eastus-unreal-rg -vmss_name jvh9qvmss -application_insights_key 84490d89-9f51-4442-8097-fa88f1f06905 -mm_lb_fqdn mm-jvh9q-local.4fx3vt1bi1oupl0atgrfppjglf.bx.internal.cloudapp.net -instancesPerNode 1 -streamingPort 8888 -resolutionWidth 1920 -resolutionHeight 1080 -pixel_stream_application_name PixelStreamingDemo -fps -1 -gitpath https://github.com/ddkclaudio/Unreal-Pixel-Streaming.git -pat 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;\",\n    \"managedIdentity\" : { \"objectId\": \"2736169f-721a-4fab-b3c2-ab9a065c58da\" }\n  }\n",
            "provision_after_extensions": null,
            "publisher": "Microsoft.Compute",
            "settings": "",
            "timeouts": null,
            "type": "CustomScriptExtension",
            "type_handler_version": "1.10",
            "virtual_machine_scale_set_id": "/subscriptions/0cbfc5fe-8f57-4f7f-a5f4-cc9b1feb4bc0/resourceGroups/jvh9q-eastus-unreal-rg/providers/Microsoft.Compute/virtualMachineScaleSets/jvh9qvmss"
          },
          "sensitive_attributes": [],
          "private": "eyJlMmJmYjczMC1lY2FhLTExZTYtOGY4OC0zNDM2M2JjN2M0YzAiOnsiY3JlYXRlIjoxODAwMDAwMDAwMDAwLCJkZWxldGUiOjE4MDAwMDAwMDAwMDAsInJlYWQiOjMwMDAwMDAwMDAwMCwidXBkYXRlIjoxODAwMDAwMDAwMDAwfX0=",
          "dependencies": [
            "azurerm_application_insights.appI",
            "azurerm_resource_group.rg_global",
            "data.azurerm_client_config.current",
            "module.region_deployment.azurerm_network_interface.nic",
            "module.region_deployment.azurerm_network_security_group.backend-nsg",
            "module.region_deployment.azurerm_public_ip.pip",
            "module.region_deployment.azurerm_resource_group.region-rg",
            "module.region_deployment.azurerm_role_assignment.vmss_role_assignment",
            "module.region_deployment.azurerm_subnet.subnet",
            "module.region_deployment.azurerm_virtual_network.vnet",
            "module.region_deployment.azurerm_windows_virtual_machine_scale_set.vmss",
            "module.region_deployment.data.azurerm_client_config.regional-current",
            "module.region_deployment.data.azurerm_subscription.primary",
            "module.region_deployment.random_string.admin_password",
            "random_string.base_id"
          ]
        }
      ]
    },
    {
      "module": "module.region_deployment[\"eastus-unreal-rg\"]",
      "mode": "managed",
      "type": "azurerm_virtual_network",
      "name": "vnet",
      "provider": "provider[\"registry.terraform.io/hashicorp/azurerm\"]",
      "instances": [
        {
          "schema_version": 0,
          "attributes": {
            "address_space": [
              "10.100.0.0/16"
            ],
            "bgp_community": "",
            "ddos_protection_plan": [],
            "dns_servers": null,
            "guid": "cfda6ff1-4661-47dd-af40-99a257bd265d",
            "id": "/subscriptions/0cbfc5fe-8f57-4f7f-a5f4-cc9b1feb4bc0/resourceGroups/jvh9q-eastus-unreal-rg/providers/Microsoft.Network/virtualNetworks/jvh9q-vnet-eastus",
            "location": "eastus",
            "name": "jvh9q-vnet-eastus",
            "resource_group_name": "jvh9q-eastus-unreal-rg",
            "subnet": [],
            "tags": null,
            "timeouts": null,
            "vm_protection_enabled": false
          },
          "sensitive_attributes": [],
          "private": "eyJlMmJmYjczMC1lY2FhLTExZTYtOGY4OC0zNDM2M2JjN2M0YzAiOnsiY3JlYXRlIjoxODAwMDAwMDAwMDAwLCJkZWxldGUiOjE4MDAwMDAwMDAwMDAsInJlYWQiOjMwMDAwMDAwMDAwMCwidXBkYXRlIjoxODAwMDAwMDAwMDAwfX0=",
          "dependencies": [
            "module.region_deployment.azurerm_resource_group.region-rg",
            "module.region_deployment.data.azurerm_client_config.regional-current",
            "random_string.base_id"
          ]
        }
      ]
    },
    {
      "module": "module.region_deployment[\"eastus-unreal-rg\"]",
      "mode": "managed",
      "type": "azurerm_windows_virtual_machine",
      "name": "vm",
      "provider": "provider[\"registry.terraform.io/hashicorp/azurerm\"]",
      "instances": [
        {
          "schema_version": 0,
          "attributes": {
            "additional_capabilities": [],
            "additional_unattend_content": [],
            "admin_password": "kYTn3dWU7{FXUPD",
            "admin_username": "azureadmin",
            "allow_extension_operations": true,
            "availability_set_id": "",
            "boot_diagnostics": [],
            "computer_name": "mm-vm",
            "custom_data": "IyBDb3B5cmlnaHQgKGMpIE1pY3Jvc29mdCBDb3Jwb3JhdGlvbi4KIyBMaWNlbnNlZCB1bmRlciB0aGUgTUlUIGxpY2Vuc2UuClBhcmFtICgKICBbUGFyYW1ldGVyKE1hbmRhdG9yeSA9ICRUcnVlLCBIZWxwTWVzc2FnZSA9ICJzdWJzY3JpcHRpb24gaWQgZnJvbSB0ZXJyYWZvcm0iKV0KICBbU3RyaW5nXSRzdWJzY3JpcHRpb25faWQgPSAiIiwKICBbUGFyYW1ldGVyKE1hbmRhdG9yeSA9ICRUcnVlLCBIZWxwTWVzc2FnZSA9ICJyZXNvdXJjZSBncm91cCBuYW1lIildCiAgW1N0cmluZ10kcmVzb3VyY2VfZ3JvdXBfbmFtZSA9ICIiLAogIFtQYXJhbWV0ZXIoTWFuZGF0b3J5ID0gJFRydWUsIEhlbHBNZXNzYWdlID0gInZtc3MgbmFtZSIpXQogIFtTdHJpbmddJHZtc3NfbmFtZSA9ICIiLAogIFtQYXJhbWV0ZXIoTWFuZGF0b3J5ID0gJFRydWUsIEhlbHBNZXNzYWdlID0gImFwcGxpY2F0aW9uIGluc2lnaHRzIGtleSIpXQogIFtTdHJpbmddJGFwcGxpY2F0aW9uX2luc2lnaHRzX2tleSA9ICIiLAogIFtQYXJhbWV0ZXIoTWFuZGF0b3J5ID0gJFRydWUsIEhlbHBNZXNzYWdlID0gImdpdCBwYXRoIildCiAgW1N0cmluZ10kZ2l0cGF0aCA9ICIiLAogIFtQYXJhbWV0ZXIoTWFuZGF0b3J5ID0gJEZhbHNlLCBIZWxwTWVzc2FnZSA9ICJnaXRodWIgYWNjZXNzIHRva2VuIildCiAgW1N0cmluZ10kcGF0ID0gIiIKKQoKJFN0YXJ0VGltZSA9IEdldC1EYXRlCgojIyMjIyMjIyMjIyMjIyMjIyMjIyMjIyMjIyMjIyMjIyMjIyMjIyMjIyMjIyMjIyMjIyMjIyMjIyMjIyMjIyMjIyMjIyMjIyMjIyMjIyMjIyMjIyMjIyMjIyMjIyMjIyMjIyMjIwojYmFzZSB2YXJpYWJsZXMKIyMjIyMjIyMjIyMjIyMjIyMjIyMjIyMjIyMjIyMjIyMjIyMjIyMjIyMjIyMjIyMjIyMjIyMjIyMjIyMjIyMjIyMjIyMjIyMjIyMjIyMjIyMjIyMjIyMjIyMjIyMjIyMjIyMjIyMKJGxvZ3Nmb2xkZXIgPSAiYzpcZ2FtaW5nXGxvZ3MiCiRsb2dvdXRwdXQgPSAkbG9nc2ZvbGRlciArICdcdWU0LXNldHVwTU0tb3V0cHV0LScgKyAoZ2V0LWRhdGUpLlRvU3RyaW5nKCdNTWRkeXloaG1tc3MnKSArICcudHh0JwokZm9sZGVyID0gImM6XFVucmVhbFwiCgokZm9sZGVyTm9UcmFpbCA9ICRmb2xkZXIKaWYgKCRmb2xkZXJOb1RyYWlsLkVuZHNXaXRoKCJcIikpIHsKICAkbCA9ICRmb2xkZXJOb1RyYWlsLkxlbmd0aCAtIDEKICAkZm9sZGVyTm9UcmFpbCA9ICRmb2xkZXJOb1RyYWlsLlN1YnN0cmluZygwLCAkbCkKfQoKJG1tU2VydmljZUZvbGRlciA9ICIkZm9sZGVyTm9UcmFpbFxFbmdpbmVcU291cmNlXFByb2dyYW1zXFBpeGVsU3RyZWFtaW5nXFdlYlNlcnZlcnNcTWF0Y2htYWtlciIKJG1tQ2VydEZvbGRlciA9ICRtbVNlcnZpY2VGb2xkZXIgKyAiXENlcnRpZmljYXRlcyIKJGV4ZWN1dGlvbmZpbGVwYXRoID0gIiRmb2xkZXJOb1RyYWlsXHNjcmlwdHNcc3RhcnRNTVMucHMxIgokZGVwbG95bWVudExvY2F0aW9uID0gJHJlc291cmNlX2dyb3VwX25hbWUuU3BsaXQoJy0nKVsxXQoKJGJhc2VfbmFtZSA9ICRyZXNvdXJjZV9ncm91cF9uYW1lLlN1YnN0cmluZygwLCAkcmVzb3VyY2VfZ3JvdXBfbmFtZS5JbmRleE9mKCItIikpCiRha3YgPSAiYWt2LSIgKyAkYmFzZV9uYW1lICsgIi1lYXN0dXMiCgojaGFuZGxlIGlmIGEgUGVyc29uYWwgQWNjZXNzIFRva2VuIGlzIGJlaW5nIHBhc3NlZAojJEI2NFBhdCA9IFtDb252ZXJ0XTo6VG9CYXNlNjRTdHJpbmcoW1N5c3RlbS5UZXh0LkVuY29kaW5nXTo6VVRGOC5HZXRCeXRlcygiJHBhdCIpKQppZiAoJHBhdC5MZW5ndGggLWd0IDApIHsKICAjaGFuZGxlIGlmIGEgUEFUIHdhcyBwYXNzZWQgYW5kIHVzZSB0aGF0IGluIHRoZSB1cmwKICAkbmV3cHJlZml4ID0gImh0dHBzOi8vJHBhdEAiCiAgJGdpdHBhdGggPSAkZ2l0cGF0aCAtcmVwbGFjZSAiaHR0cHM6Ly8iLCAkbmV3cHJlZml4ICAKfQojIyMjIyMjIyMjIyMjIyMjIyMjIyMjIyMjIyMjIyMjIyMjIyMjIyMjIyMjIyMjIyMjIyMjIyMjIyMjIyMjIyMjIyMjIyMjIyMjIyMjIyMjIyMjIyMjIyMjIyMjIyMjIyMjIyMjIwoKW1N5c3RlbS5OZXQuU2VydmljZVBvaW50TWFuYWdlcl06OlNlY3VyaXR5UHJvdG9jb2wgPSBbU3lzdGVtLk5ldC5TZWN1cml0eVByb3RvY29sVHlwZV06OlRsczEyOwpTZXQtRXhlY3V0aW9uUG9saWN5IEJ5cGFzcyAtU2NvcGUgUHJvY2VzcyAtRm9yY2UKCk5ldy1JdGVtIC1QYXRoICRsb2dzZm9sZGVyIC1JdGVtVHlwZSBkaXJlY3RvcnkgLUZvcmNlCmZ1bmN0aW9uIGxvZ21lc3NhZ2UoKSB7CiAgJGxvZ21lc3NhZ2UgPSAkYXJnc1swXSAgICAKICAkTWVzc2FnZVRpbWUgPSBHZXQtRGF0ZSAtRm9ybWF0ICJbTU0vZGQveXl5eSBISDptbTpzc10iCgogICRvdXRwdXQgPSAiJE1lc3NhZ2VUaW1lIC0gJGxvZ21lc3NhZ2UiCiAgQWRkLUNvbnRlbnQgLVBhdGggJGxvZ291dHB1dCAtVmFsdWUgJG91dHB1dAp9Cgpsb2dtZXNzYWdlICJTdGFydGluZyBCRSBTZXR1cCBhdDokU3RhcnRUaW1lIgpsb2dtZXNzYWdlICJEaXNhYmxpbmcgV2luZG93cyBGaXJld2FsbHMgc3RhcnRlZCIKTmV3LU5ldEZpcmV3YWxsUnVsZSAtRGlzcGxheU5hbWUgJ01hdGNobWFrZXItSUItODAnIC1EaXJlY3Rpb24gSW5ib3VuZCAtQWN0aW9uIEFsbG93IC1Qcm90b2NvbCBUQ1AgLUxvY2FsUG9ydCA4MApOZXctTmV0RmlyZXdhbGxSdWxlIC1EaXNwbGF5TmFtZSAnTWF0Y2htYWtlci1JQi05MCcgLURpcmVjdGlvbiBJbmJvdW5kIC1BY3Rpb24gQWxsb3cgLVByb3RvY29sIFRDUCAtTG9jYWxQb3J0IDkwCk5ldy1OZXRGaXJld2FsbFJ1bGUgLURpc3BsYXlOYW1lICdNYXRjaG1ha2VyLUlCLTk5OTknIC1EaXJlY3Rpb24gSW5ib3VuZCAtQWN0aW9uIEFsbG93IC1Qcm90b2NvbCBUQ1AgLUxvY2FsUG9ydCA5OTk5Ck5ldy1OZXRGaXJld2FsbFJ1bGUgLURpc3BsYXlOYW1lICdNYXRjaG1ha2VyLUlCLTQ0MycgLURpcmVjdGlvbiBJbmJvdW5kIC1BY3Rpb24gQWxsb3cgLVByb3RvY29sIFRDUCAtTG9jYWxQb3J0IDQ0MwoKTmV3LU5ldEZpcmV3YWxsUnVsZSAtRGlzcGxheU5hbWUgJ01hdGNobWFrZXItT0ItODAnIC1EaXJlY3Rpb24gT3V0Ym91bmQgLUFjdGlvbiBBbGxvdyAtUHJvdG9jb2wgVENQIC1Mb2NhbFBvcnQgODAKTmV3LU5ldEZpcmV3YWxsUnVsZSAtRGlzcGxheU5hbWUgJ01hdGNobWFrZXItT0ItMTkzMDInIC1EaXJlY3Rpb24gT3V0Ym91bmQgLUFjdGlvbiBBbGxvdyAtUHJvdG9jb2wgVENQIC1Mb2NhbFBvcnQgMTkzMDIKTmV3LU5ldEZpcmV3YWxsUnVsZSAtRGlzcGxheU5hbWUgJ01hdGNobWFrZXItT0ItMTkzMDMnIC1EaXJlY3Rpb24gT3V0Ym91bmQgLUFjdGlvbiBBbGxvdyAtUHJvdG9jb2wgVENQIC1Mb2NhbFBvcnQgMTkzMDMKTmV3LU5ldEZpcmV3YWxsUnVsZSAtRGlzcGxheU5hbWUgJ01hdGNobWFrZXItT0ItNDQzJyAtRGlyZWN0aW9uIE91dGJvdW5kIC1BY3Rpb24gQWxsb3cgLVByb3RvY29sIFRDUCAtTG9jYWxQb3J0IDQ0Mwpsb2dtZXNzYWdlICJEaXNhYmxpbmcgV2luZG93cyBGaXJld2FsbHMgY29tcGxldGUiCgojZ2l0IGFuZCBnaXQtbGZzIGlzIG9uIHRoZSBpbWFnZSBhbHJlYWR5CltyZWZsZWN0aW9uLmFzc2VtYmx5XTo6TG9hZFdpdGhQYXJ0aWFsTmFtZSgiU3lzdGVtLkRpcmVjdG9yeVNlcnZpY2VzLkFjY291bnRNYW5hZ2VtZW50IikKJHdob2FtaSA9IFtTeXN0ZW0uRGlyZWN0b3J5U2VydmljZXMuQWNjb3VudE1hbmFnZW1lbnQuVXNlclByaW5jaXBhbF06OkN1cnJlbnQKbG9nbWVzc2FnZSAiQ3VycmVudCBDb250ZXh0OiAkd2hvYW1pIgoKbG9nbWVzc2FnZSAiQ3JlYXRpbmc6ICRmb2xkZXIiCk5ldy1JdGVtIC1QYXRoICRmb2xkZXIgLUl0ZW1UeXBlIGRpcmVjdG9yeQoKbG9nbWVzc2FnZSAiQ2xvbmluZyBjb2RlIHByb2Nlc3MgZnJvbSBHaXQgU3RhcnQiCmlmICggKEdldC1DaGlsZEl0ZW0gJGZvbGRlck5vVHJhaWwgfCBNZWFzdXJlLU9iamVjdCkuQ291bnQgLWVxIDApIHsKICB0cnkgewogICAgbG9nbWVzc2FnZSAiU2V0IFBhdGggdG86ICRmb2xkZXIiCiAgICBTZXQtTG9jYXRpb24gLVBhdGggJGZvbGRlciAKCiAgICBsb2dtZXNzYWdlICJHaXQgTEZTIEluc3RhbGwiCiAgICBnaXQgbGZzIGluc3RhbGwKICAgIFN0YXJ0LVNsZWVwIDEwCgogICAgbG9nbWVzc2FnZSAiR2l0IENsb25lIFN0YXJ0IgogICAgZ2l0IGNsb25lIC0tZGVwdGggMSAkZ2l0cGF0aCAkZm9sZGVyTm9UcmFpbCAtLXEKICAgIGxvZ21lc3NhZ2UgIkdpdCBDbG9uZSBDb21wbGV0ZSIKCiAgICBsb2dtZXNzYWdlICJHaXQgY2xvbmluZyBwcm9jZXNzIENvbXBsZXRlIgogIH0KICBjYXRjaCB7CiAgICBsb2dtZXNzYWdlICRfLkV4Y2VwdGlvbi5NZXNzYWdlCiAgICBicmVhawogIH0KICBmaW5hbGx5IHsKICAgICRlcnJvci5jbGVhcigpCiAgfQp9IAplbHNlIHsgCiAgbG9nbWVzc2FnZSAiVW5yZWFsIEZvbGRlciB3YXMgbm90IEVtcHR5LiBBQk9SVElORy4iCiAgYnJlYWsKfQoKI3B1dCBhIGNoZWNrIGhlcmUgaWYgdGhlIGNsb25lIGFjdHVhbGx5IG9jY3VycmVkLCBpZiBub3QgYnJlYWsKdHJ5IHsKICBTZXQtTG9jYXRpb24gLVBhdGggJG1tU2VydmljZUZvbGRlciAKfQpjYXRjaCB7CiAgbG9nbWVzc2FnZSAkXy5FeGNlcHRpb24uTWVzc2FnZQogIGJyZWFrCn0KZmluYWxseSB7CiAgJGVycm9yLmNsZWFyKCkKfQoKbG9nbWVzc2FnZSAiQ3VycmVudCBmb2xkZXI6ICRtbVNlcnZpY2VGb2xkZXIiCgpsb2dtZXNzYWdlICRzdWJzY3JpcHRpb25faWQKbG9nbWVzc2FnZSAkcmVzb3VyY2VfZ3JvdXBfbmFtZQpsb2dtZXNzYWdlICR2bXNzX25hbWUKbG9nbWVzc2FnZSAkYXBwbGljYXRpb25faW5zaWdodHNfa2V5CgokbW1Db25maWdKc29uID0gKEdldC1Db250ZW50ICAiY29uZmlnLmpzb24iIC1SYXcpIHwgQ29udmVydEZyb20tSnNvbgpsb2dtZXNzYWdlICJDb25maWcganNvbiBiZWZvcmUgdXBkYXRlIDogJG1tQ29uZmlnSnNvbiIKCiRtbUNvbmZpZ0pzb24ucmVzb3VyY2VHcm91cCA9ICRyZXNvdXJjZV9ncm91cF9uYW1lCiRtbUNvbmZpZ0pzb24uc3Vic2NyaXB0aW9uSWQgPSAkc3Vic2NyaXB0aW9uX2lkCiRtbUNvbmZpZ0pzb24udmlydHVhbE1hY2hpbmVTY2FsZVNldCA9ICR2bXNzX25hbWUKJG1tQ29uZmlnSnNvbi5hcHBJbnNpZ2h0c0luc3RydW1lbnRhdGlvbktleSA9ICRhcHBsaWNhdGlvbl9pbnNpZ2h0c19rZXkKJG1tQ29uZmlnSnNvbi5yZWdpb24gPSAkZGVwbG95bWVudExvY2F0aW9uCgokbW1Db25maWdKc29uIHwgQ29udmVydFRvLUpzb24gfCBzZXQtY29udGVudCAiY29uZmlnLmpzb24iCgojIFJlYWRpbmcgYWdhaW4gdG8gY29uZmlybSB0aGUgdXBkYXRlCiRtbUNvbmZpZ0pzb24gPSAoR2V0LUNvbnRlbnQgICJjb25maWcuanNvbiIgLVJhdykgfCBDb252ZXJ0RnJvbS1Kc29uCmxvZ21lc3NhZ2UgIldyaXRpbmcgcGFyYW1ldGVycyBmcm9tIGV4dGVuc2lvbiBjb21wbGV0ZS4iIApsb2dtZXNzYWdlICJVcGRhdGVkIGNvbmZpZyA6ICRtbUNvbmZpZ0pzb24iCgojY3JlYXRlIHRoZSBjZXJ0aWZpY2F0ZXMgZm9sZGVyCiRtbUNlcnRGb2xkZXIgPSAkbW1TZXJ2aWNlRm9sZGVyICsgIlxjZXJ0aWZpY2F0ZXMiCgppZiAoLW5vdCAoVGVzdC1QYXRoIC1MaXRlcmFsUGF0aCAkbW1DZXJ0Rm9sZGVyKSkgewogICRmc28gPSBuZXctb2JqZWN0IC1Db21PYmplY3Qgc2NyaXB0aW5nLmZpbGVzeXN0ZW1vYmplY3QKICAkZnNvLkNyZWF0ZUZvbGRlcigkbW1DZXJ0Rm9sZGVyKQp9CmVsc2UgewogIGxvZ21lc3NhZ2UgIlBhdGggYWxyZWFkeSBleGlzdHM6ICRtbUNlcnRGb2xkZXIiCn0KCiNzZXQgdGhlIHBhdGggdG8gdGhlIGNlcnRpZmljYXRlcyBmb2xkZXIKU2V0LUxvY2F0aW9uIC1QYXRoICRtbUNlcnRGb2xkZXIgCgpsb2dtZXNzYWdlICJTdGFydGluZyBDZXJ0aWZpY2F0ZSBQcm9jZXNzIgoKbG9nbWVzc2FnZSAiQXogTG9naW4iCmF6IGxvZ2luIC0taWRlbnRpdHkKbG9nbWVzc2FnZSAiQXogU2V0IFN1YnNjcmlwdGlvbiIKYXogYWNjb3VudCBzZXQgLS1zdWJzY3JpcHRpb24gJHN1YnNjcmlwdGlvbl9pZApsb2dtZXNzYWdlICJBS1Y6ICRha3YiCgpbcmVmbGVjdGlvbi5hc3NlbWJseV06OkxvYWRXaXRoUGFydGlhbE5hbWUoIlN5c3RlbS5EaXJlY3RvcnlTZXJ2aWNlcy5BY2NvdW50TWFuYWdlbWVudCIpCiR3aG9hbWkgPSBbU3lzdGVtLkRpcmVjdG9yeVNlcnZpY2VzLkFjY291bnRNYW5hZ2VtZW50LlVzZXJQcmluY2lwYWxdOjpDdXJyZW50CmxvZ21lc3NhZ2UgIkN1cnJlbnQgQ29udGV4dDogJHdob2FtaSIKCiNjaGVjayB0byBzZWUgaWYgdGhlIGtleSBleGlzdHM/CiRha3ZjZXJ0ID0gKGF6IGtleXZhdWx0IGNlcnRpZmljYXRlIGxpc3QtdmVyc2lvbnMgLS12YXVsdC1uYW1lICRha3YgLW4gInVucmVhbHBpeGVsc3RyZWFtaW5nIiAtLXF1ZXJ5ICJbXS57TmFtZTpuYW1lfSIgLW8gdGFibGUpLkNvdW50CgojZG93bmxvYWQgdGhlIGNlcnQgdG8gdGhlIGZvbGRlciAoMSBtZWFucyB0aGVyZSBpcyBubyBjZXJ0LCAzIG9yIG1vcmUgaW5kaWNhdGVzIHRoZSBzcGVjaWZpYyBjZXJ0IHdhcyBmb3VuZCkKaWYgKCRha3ZjZXJ0IC1ndCAxKSB7CiAgdHJ5IHsKICAgIGxvZ21lc3NhZ2UgIlN0YXJ0aW5nIERvd25sb2FkaW5nIG9mIGNlcnRzIgogICAgIyMjIGVuZCBwcm9jZXNzIHRvIGRvd25sb2FkIGNlcnRzCgogICAgYXoga2V5dmF1bHQgY2VydGlmaWNhdGUgZG93bmxvYWQgLS12YXVsdC1uYW1lICRha3YgLW4gInVucmVhbHBpeGVsc3RyZWFtaW5nIiAtZiBjbGllbnQtY2VydC5wZW0KCiAgICBsb2dtZXNzYWdlICJDZXJ0aWZpY2F0ZXMgRG93bmxvYWQgU3VjY2VlZGVkIgogIH0KICBjYXRjaCB7CiAgICBsb2dtZXNzYWdlICJDZXJ0aWZpY2F0ZXMgRG93bmxvYWQgRmFpbGVkIgogIH0KfQplbHNlIHsKICBsb2dtZXNzYWdlICJDZXJ0aWZpY2F0ZSBkb2VzIG5vdCBleGlzdCIKfQoKbG9nbWVzc2FnZSAiQ3JlYXRpbmcgYSBqb2Igc2NoZWR1bGUgIgoKJHRyaWdnZXIgPSBOZXctSm9iVHJpZ2dlciAtQXRTdGFydHVwIC1SYW5kb21EZWxheSAwMDowMDoxMAp0cnkgewogICRVc2VyID0gIk5UIEFVVEhPUklUWVxTWVNURU0iCiAgJFBTID0gTmV3LVNjaGVkdWxlZFRhc2tBY3Rpb24gLUV4ZWN1dGUgInBvd2Vyc2hlbGwuZXhlIiAtQXJndW1lbnQgIi1leGVjdXRpb25wb2xpY3kgYnlwYXNzIC1ub3Byb2ZpbGUgLWZpbGUgJGV4ZWN1dGlvbmZpbGVwYXRoIgogIFJlZ2lzdGVyLVNjaGVkdWxlZFRhc2sgLVRyaWdnZXIgJHRyaWdnZXIgLVVzZXIgJFVzZXIgLVRhc2tOYW1lICJTdGFydE1NUyIgLUFjdGlvbiAkUFMgLVJ1bkxldmVsIEhpZ2hlc3QgLUZvcmNlIAp9CmNhdGNoIHsKICBsb2dtZXNzYWdlICJFeGNlcHRpb246ICIgKyAkXy5FeGNlcHRpb24KfQpmaW5hbGx5IHsKICAkZXJyb3IuY2xlYXIoKSAgICAKfQoKbG9nbWVzc2FnZSAiQ3JlYXRpbmcgYSBqb2Igc2NoZWR1bGUgY29tcGxldGUiCmxvZ21lc3NhZ2UgIlN0YXJ0aW5nIHRoZSBNTVMgUHJvY2VzcyAiCgojaW52b2tlIHRoZSBzY3JpcHQgdG8gc3RhcnQgaXQgdGhpcyB0aW1lCiNJbnZva2UtRXhwcmVzc2lvbiAtQ29tbWFuZCAkZXhlY3V0aW9uZmlsZXBhdGgKU3RhcnQtU2NoZWR1bGVkVGFzayAtVGFza05hbWUgIlN0YXJ0TU1TIiAtQXNKb2IKCiRFbmRUaW1lID0gR2V0LURhdGUKbG9nbWVzc2FnZSAiQ29tcGxldGVkIGF0OiRFbmRUaW1lIg==",
            "dedicated_host_id": "",
            "enable_automatic_updates": true,
            "encryption_at_host_enabled": false,
            "eviction_policy": "",
            "extensions_time_budget": "PT1H30M",
            "id": "/subscriptions/0cbfc5fe-8f57-4f7f-a5f4-cc9b1feb4bc0/resourceGroups/jvh9q-eastus-unreal-rg/providers/Microsoft.Compute/virtualMachines/mm-vm",
            "identity": [
              {
                "identity_ids": null,
                "principal_id": "0d527eb6-37f4-4c4f-be50-a800f33792fa",
                "tenant_id": "40656ed8-88a4-4578-87e8-04444b36a28f",
                "type": "SystemAssigned"
              }
            ],
            "license_type": "",
            "location": "eastus",
            "max_bid_price": -1,
            "name": "mm-vm",
            "network_interface_ids": [
              "/subscriptions/0cbfc5fe-8f57-4f7f-a5f4-cc9b1feb4bc0/resourceGroups/jvh9q-eastus-unreal-rg/providers/Microsoft.Network/networkInterfaces/mm-nic-eastus"
            ],
            "os_disk": [
              {
                "caching": "ReadWrite",
                "diff_disk_settings": [],
                "disk_encryption_set_id": "",
                "disk_size_gb": 127,
                "name": "mm-vm_OsDisk_1_0e3934d083354460b917c576d5174838",
                "storage_account_type": "Standard_LRS",
                "write_accelerator_enabled": false
              }
            ],
            "patch_mode": "AutomaticByOS",
            "plan": [],
            "priority": "Regular",
            "private_ip_address": "10.100.0.4",
            "private_ip_addresses": [
              "10.100.0.4"
            ],
            "provision_vm_agent": true,
            "proximity_placement_group_id": "",
            "public_ip_address": "20.81.85.94",
            "public_ip_addresses": [
              "20.81.85.94"
            ],
            "resource_group_name": "jvh9q-eastus-unreal-rg",
            "secret": [],
            "size": "Standard_F8s_v2",
            "source_image_id": "",
            "source_image_reference": [
              {
                "offer": "msftpixelstreaming",
                "publisher": "microsoft-agci-gaming",
                "sku": "nvidia",
                "version": "latest"
              }
            ],
            "tags": null,
            "timeouts": null,
            "timezone": "",
            "virtual_machine_id": "4f9fa42e-504d-40fe-a647-c2f32ede05c2",
            "virtual_machine_scale_set_id": "",
            "winrm_listener": [],
            "zone": ""
          },
          "sensitive_attributes": [],
          "private": "eyJlMmJmYjczMC1lY2FhLTExZTYtOGY4OC0zNDM2M2JjN2M0YzAiOnsiY3JlYXRlIjoyNzAwMDAwMDAwMDAwLCJkZWxldGUiOjI3MDAwMDAwMDAwMDAsInJlYWQiOjMwMDAwMDAwMDAwMCwidXBkYXRlIjoyNzAwMDAwMDAwMDAwfX0=",
          "dependencies": [
            "module.region_deployment.azurerm_network_interface.nic",
            "module.region_deployment.azurerm_public_ip.pip",
            "module.region_deployment.azurerm_resource_group.region-rg",
            "module.region_deployment.azurerm_subnet.subnet",
            "module.region_deployment.azurerm_virtual_network.vnet",
            "module.region_deployment.data.azurerm_client_config.regional-current",
            "module.region_deployment.random_string.admin_password",
            "random_string.base_id"
          ]
        }
      ]
    },
    {
      "module": "module.region_deployment[\"eastus-unreal-rg\"]",
      "mode": "managed",
      "type": "azurerm_windows_virtual_machine_scale_set",
      "name": "vmss",
      "provider": "provider[\"registry.terraform.io/hashicorp/azurerm\"]",
      "instances": [
        {
          "schema_version": 0,
          "attributes": {
            "additional_capabilities": [],
            "additional_unattend_content": [],
            "admin_password": "kYTn3dWU7{FXUPD",
            "admin_username": "azureadmin",
            "automatic_instance_repair": [
              {
                "enabled": false,
                "grace_period": "PT30M"
              }
            ],
            "automatic_os_upgrade_policy": [],
            "boot_diagnostics": [],
            "computer_name_prefix": "jvh9qvmss",
            "custom_data": "I0NvcHlyaWdodCAoYykgTWljcm9zb2Z0IENvcnBvcmF0aW9uLgojIExpY2Vuc2VkIHVuZGVyIHRoZSBNSVQgbGljZW5zZS4KUGFyYW0gKAogIFtQYXJhbWV0ZXIoTWFuZGF0b3J5ID0gJFRydWUsIEhlbHBNZXNzYWdlID0gInN1YnNjcmlwdGlvbiBpZCBmcm9tIHRlcnJhZm9ybSIpXQogIFtTdHJpbmddJHN1YnNjcmlwdGlvbl9pZCA9ICIiLAogIFtQYXJhbWV0ZXIoTWFuZGF0b3J5ID0gJFRydWUsIEhlbHBNZXNzYWdlID0gInJlc291cmNlIGdyb3VwIG5hbWUiKV0KICBbU3RyaW5nXSRyZXNvdXJjZV9ncm91cF9uYW1lID0gIiIsCiAgW1BhcmFtZXRlcihNYW5kYXRvcnkgPSAkVHJ1ZSwgSGVscE1lc3NhZ2UgPSAidm1zcyBuYW1lIildCiAgW1N0cmluZ10kdm1zc19uYW1lID0gIiIsCiAgW1BhcmFtZXRlcihNYW5kYXRvcnkgPSAkVHJ1ZSwgSGVscE1lc3NhZ2UgPSAiYXBwbGljYXRpb24gaW5zaWdodHMga2V5IildCiAgW1N0cmluZ10kYXBwbGljYXRpb25faW5zaWdodHNfa2V5ID0gIiIsCiAgW1BhcmFtZXRlcihNYW5kYXRvcnkgPSAkVHJ1ZSwgSGVscE1lc3NhZ2UgPSAibWF0Y2htYWtlciBsb2FkIGJhbGFuY2VyIGZxZG4iKV0KICBbU3RyaW5nXSRtbV9sYl9mcWRuID0gIiIsCiAgW1BhcmFtZXRlcihNYW5kYXRvcnkgPSAkZmFsc2UsIEhlbHBNZXNzYWdlID0gIkRlc2lyZWQgaW5zdGFuY2VzIG9mIDNEIGFwcHMgcnVubmluZyBwZXIgVk0sIGRlZmF1bHQgMSIpXQogIFtpbnRdICRpbnN0YW5jZXNQZXJOb2RlID0gMSwKICBbUGFyYW1ldGVyKE1hbmRhdG9yeSA9ICRmYWxzZSwgSGVscE1lc3NhZ2UgPSAiVGhlIHN0cmVhbWluZyBwb3J0IHN0YXJ0IGZvciBtdWx0aXBsZSBpbnN0YW5jZXMsIGRlZmF1bHQgODg4OCIpXQogIFtpbnRdICRzdHJlYW1pbmdQb3J0ID0gODg4OCwKICBbUGFyYW1ldGVyKE1hbmRhdG9yeSA9ICRmYWxzZSwgSGVscE1lc3NhZ2UgPSAiVGhlIHJlc29sdXRpb24gd2lkdGggb2YgdGhlIDNEIGFwcCwgZGVmYXVsdCAxOTIwIildCiAgW2ludF0gJHJlc29sdXRpb25XaWR0aCA9IDE5MjAsCiAgW1BhcmFtZXRlcihNYW5kYXRvcnkgPSAkZmFsc2UsIEhlbHBNZXNzYWdlID0gIlRoZSByZXNvbHV0aW9uIGhlaWdodCBvZiB0aGUgM0QgYXBwLCBkZWZhdWx0IDEwODAiKV0KICBbaW50XSAkcmVzb2x1dGlvbkhlaWdodCA9IDEwODAsCiAgW1BhcmFtZXRlcihNYW5kYXRvcnkgPSAkZmFsc2UsIEhlbHBNZXNzYWdlID0gIlRoZSBuYW1lIG9mIHRoZSAzRCBhcHAsIGRlZmF1bHQgUGl4ZWxTdHJlYW1pbmdEZW1vIildCiAgW3N0cmluZ10gJHBpeGVsX3N0cmVhbV9hcHBsaWNhdGlvbl9uYW1lID0gIlBpeGVsU3RyZWFtaW5nRGVtbyIsCiAgW1BhcmFtZXRlcihNYW5kYXRvcnkgPSAkZmFsc2UsIEhlbHBNZXNzYWdlID0gIlRoZSBmcmFtZXMgcGVyIHNlY29uZCBvZiB0aGUgM0QgYXBwLCBkZWZhdWx0IC0xIHdoaWNoIHJldmVydHMgdG8gZGVmYXVsdCBiZWhhdmlvciBvZiBVRSIpXQogIFtpbnRdICRmcHMgPSAtMSwKICBbUGFyYW1ldGVyKE1hbmRhdG9yeSA9ICRUcnVlLCBIZWxwTWVzc2FnZSA9ICJnaXQgcGF0aCIpXQogIFtTdHJpbmddJGdpdHBhdGggPSAiIiwKICBbUGFyYW1ldGVyKE1hbmRhdG9yeSA9ICRGYWxzZSwgSGVscE1lc3NhZ2UgPSAiZ2l0aHViIGFjY2VzcyB0b2tlbiIpXQogIFtTdHJpbmddJHBhdCA9ICIiCikKCiRTdGFydFRpbWUgPSBHZXQtRGF0ZQoKIyMjIyMjIyMjIyMjIyMjIyMjIyMjIyMjIyMjIyMjIyMjIyMjIyMjIyMjIyMjIyMjIyMjIyMjIyMjIyMjIyMjIyMjIyMjIyMjIyMjIyMjIyMjIyMjIyMjIyMjIyMjIyMjIyMjIyMKI2Jhc2UgdmFyaWFibGVzCiMjIyMjIyMjIyMjIyMjIyMjIyMjIyMjIyMjIyMjIyMjIyMjIyMjIyMjIyMjIyMjIyMjIyMjIyMjIyMjIyMjIyMjIyMjIyMjIyMjIyMjIyMjIyMjIyMjIyMjIyMjIyMjIyMjIyMjCiRsb2dzZm9sZGVyID0gImM6XGdhbWluZ1xsb2dzIgokbG9nb3V0cHV0ID0gJGxvZ3Nmb2xkZXIgKyAnXHVlNC1zZXR1cFZNU1Mtb3V0cHV0LScgKyAoZ2V0LWRhdGUpLlRvU3RyaW5nKCdNTWRkeXloaG1tc3MnKSArICcudHh0JwokZm9sZGVyID0gImM6XFVucmVhbFwiCgokZm9sZGVyTm9UcmFpbCA9ICRmb2xkZXIKaWYgKCRmb2xkZXJOb1RyYWlsLkVuZHNXaXRoKCJcIikpIHsKICAkbCA9ICRmb2xkZXJOb1RyYWlsLkxlbmd0aCAtIDEKICAkZm9sZGVyTm9UcmFpbCA9ICRmb2xkZXJOb1RyYWlsLlN1YnN0cmluZygwLCAkbCkKfQoKJHZtU2VydmljZUZvbGRlciA9ICIkZm9sZGVyTm9UcmFpbFxFbmdpbmVcU291cmNlXFByb2dyYW1zXFBpeGVsU3RyZWFtaW5nXFdlYlNlcnZlcnNcU2lnbmFsbGluZ1dlYlNlcnZlciIKJHZtV2ViU2VydmljZXNGb2xkZXIgPSAiJGZvbGRlck5vVHJhaWxcRW5naW5lXFNvdXJjZVxQcm9ncmFtc1xQaXhlbFN0cmVhbWluZ1xXZWJTZXJ2ZXJzXCIKJGVuZ2luZUluaUZpbGVwYXRoID0gIiRmb2xkZXJOb1RyYWlsXCIgKyAkcGl4ZWxfc3RyZWFtX2FwcGxpY2F0aW9uX25hbWUgKyAiXFNhdmVkXENvbmZpZ1xXaW5kb3dzTm9FZGl0b3JcRW5naW5lLmluaSIKJGV4ZWN1dGlvbmZpbGVwYXRoID0gIiRmb2xkZXJOb1RyYWlsXHNjcmlwdHNcc3RhcnRWTVNTLnBzMSIKJHRhc2tOYW1lID0gIlN0YXJ0Vk1TUyIKJGRlZmF1bHRIdHRwUG9ydCA9IDgwCiRkZWZhdWx0SHR0cHNQb3J0ID0gNDQzCiRkZXBsb3ltZW50TG9jYXRpb24gPSAkcmVzb3VyY2VfZ3JvdXBfbmFtZS5TcGxpdCgnLScpWzFdCgokYmFzZV9uYW1lID0gJHJlc291cmNlX2dyb3VwX25hbWUuU3Vic3RyaW5nKDAsICRyZXNvdXJjZV9ncm91cF9uYW1lLkluZGV4T2YoIi0iKSkKJGFrdiA9ICJha3YtIiArICRiYXNlX25hbWUgKyAiLWVhc3R1cyIKCiRkZWZhdWx0SHR0cFBvcnQgPSA4MAokZGVmYXVsdEh0dHBzUG9ydCA9IDQ0MwoKaWYgKCRwYXQuTGVuZ3RoIC1ndCAwKSB7CiAgI2hhbmRsZSBpZiBhIFBBVCB3YXMgcGFzc2VkIGFuZCB1c2UgdGhhdCBpbiB0aGUgdXJsCiAgJG5ld3ByZWZpeCA9ICJodHRwczovLyRwYXRAIgogICRnaXRwYXRoID0gJGdpdHBhdGggLXJlcGxhY2UgImh0dHBzOi8vIiwgJG5ld3ByZWZpeAp9CiMjIyMjIyMjIyMjIyMjIyMjIyMjIyMjIyMjIyMjIyMjIyMjIyMjIyMjIyMjIyMjIyMjIyMjIyMjIyMjIyMjIyMjIyMjIyMjIyMjIyMjIyMjIyMjIyMjIyMjIyMjIyMjIyMjIyMjCltTeXN0ZW0uTmV0LlNlcnZpY2VQb2ludE1hbmFnZXJdOjpTZWN1cml0eVByb3RvY29sID0gW1N5c3RlbS5OZXQuU2VjdXJpdHlQcm90b2NvbFR5cGVdOjpUbHMxMjsKU2V0LUV4ZWN1dGlvblBvbGljeSBCeXBhc3MgLVNjb3BlIFByb2Nlc3MgLUZvcmNlCgpOZXctSXRlbSAtUGF0aCAkbG9nc2ZvbGRlciAtSXRlbVR5cGUgZGlyZWN0b3J5IC1Gb3JjZQpmdW5jdGlvbiBsb2dtZXNzYWdlKCkgewogICRsb2dtZXNzYWdlID0gJGFyZ3NbMF0KICAkTWVzc2FnZVRpbWUgPSBHZXQtRGF0ZSAtRm9ybWF0ICJbTU0vZGQveXl5eSBISDptbTpzc10iCgogICRvdXRwdXQgPSAiJE1lc3NhZ2VUaW1lIC0gJGxvZ21lc3NhZ2UiCiAgQWRkLUNvbnRlbnQgLVBhdGggJGxvZ291dHB1dCAtVmFsdWUgJG91dHB1dAp9Cgpsb2dtZXNzYWdlICJTdGFydGluZyBCRSBTZXR1cCBhdDokU3RhcnRUaW1lIgpsb2dtZXNzYWdlICJEaXNhYmxpbmcgV2luZG93cyBGaXJld2FsbHMgc3RhcnRlZCIKTmV3LU5ldEZpcmV3YWxsUnVsZSAtRGlzcGxheU5hbWUgJ01hdGNobWFrZXItSUItODAnIC1EaXJlY3Rpb24gSW5ib3VuZCAtQWN0aW9uIEFsbG93IC1Qcm90b2NvbCBUQ1AgLUxvY2FsUG9ydCA4MApOZXctTmV0RmlyZXdhbGxSdWxlIC1EaXNwbGF5TmFtZSAnTWF0Y2htYWtlci1JQi05OTk5JyAtRGlyZWN0aW9uIEluYm91bmQgLUFjdGlvbiBBbGxvdyAtUHJvdG9jb2wgVENQIC1Mb2NhbFBvcnQgOTk5OQpOZXctTmV0RmlyZXdhbGxSdWxlIC1EaXNwbGF5TmFtZSAnTWF0Y2htYWtlci1JQi04ODg4JyAtRGlyZWN0aW9uIEluYm91bmQgLUFjdGlvbiBBbGxvdyAtUHJvdG9jb2wgVENQIC1Mb2NhbFBvcnQgODg4OApOZXctTmV0RmlyZXdhbGxSdWxlIC1EaXNwbGF5TmFtZSAnTWF0Y2htYWtlci1JQi04ODg5JyAtRGlyZWN0aW9uIEluYm91bmQgLUFjdGlvbiBBbGxvdyAtUHJvdG9jb2wgVENQIC1Mb2NhbFBvcnQgODg4OQpOZXctTmV0RmlyZXdhbGxSdWxlIC1EaXNwbGF5TmFtZSAnTWF0Y2htYWtlci1JQi04ODkwJyAtRGlyZWN0aW9uIEluYm91bmQgLUFjdGlvbiBBbGxvdyAtUHJvdG9jb2wgVENQIC1Mb2NhbFBvcnQgODg5MApOZXctTmV0RmlyZXdhbGxSdWxlIC1EaXNwbGF5TmFtZSAnTWF0Y2htYWtlci1JQi04ODkxJyAtRGlyZWN0aW9uIEluYm91bmQgLUFjdGlvbiBBbGxvdyAtUHJvdG9jb2wgVENQIC1Mb2NhbFBvcnQgODg5MQpOZXctTmV0RmlyZXdhbGxSdWxlIC1EaXNwbGF5TmFtZSAnTWF0Y2htYWtlci1JQi0xOTMwMicgLURpcmVjdGlvbiBJbmJvdW5kIC1BY3Rpb24gQWxsb3cgLVByb3RvY29sIFRDUCAtTG9jYWxQb3J0IDE5MzAyCk5ldy1OZXRGaXJld2FsbFJ1bGUgLURpc3BsYXlOYW1lICdNYXRjaG1ha2VyLUlCLTE5MzAzJyAtRGlyZWN0aW9uIEluYm91bmQgLUFjdGlvbiBBbGxvdyAtUHJvdG9jb2wgVENQIC1Mb2NhbFBvcnQgMTkzMDMKTmV3LU5ldEZpcmV3YWxsUnVsZSAtRGlzcGxheU5hbWUgJ01hdGNobWFrZXItSUItNDQzJyAtRGlyZWN0aW9uIEluYm91bmQgLUFjdGlvbiBBbGxvdyAtUHJvdG9jb2wgVENQIC1Mb2NhbFBvcnQgNDQzCgpOZXctTmV0RmlyZXdhbGxSdWxlIC1EaXNwbGF5TmFtZSAnTWF0Y2htYWtlci1PQi04MCcgLURpcmVjdGlvbiBPdXRib3VuZCAtQWN0aW9uIEFsbG93IC1Qcm90b2NvbCBUQ1AgLUxvY2FsUG9ydCA4MApOZXctTmV0RmlyZXdhbGxSdWxlIC1EaXNwbGF5TmFtZSAnTWF0Y2htYWtlci1PQi05OTk5JyAtRGlyZWN0aW9uIE91dGJvdW5kIC1BY3Rpb24gQWxsb3cgLVByb3RvY29sIFRDUCAtTG9jYWxQb3J0IDk5OTkKTmV3LU5ldEZpcmV3YWxsUnVsZSAtRGlzcGxheU5hbWUgJ01hdGNobWFrZXItT0ItMTkzMDInIC1EaXJlY3Rpb24gT3V0Ym91bmQgLUFjdGlvbiBBbGxvdyAtUHJvdG9jb2wgVENQIC1Mb2NhbFBvcnQgMTkzMDIKTmV3LU5ldEZpcmV3YWxsUnVsZSAtRGlzcGxheU5hbWUgJ01hdGNobWFrZXItT0ItMTkzMDMnIC1EaXJlY3Rpb24gT3V0Ym91bmQgLUFjdGlvbiBBbGxvdyAtUHJvdG9jb2wgVENQIC1Mb2NhbFBvcnQgMTkzMDMKTmV3LU5ldEZpcmV3YWxsUnVsZSAtRGlzcGxheU5hbWUgJ01hdGNobWFrZXItT0ItNDQzJyAtRGlyZWN0aW9uIE91dGJvdW5kIC1BY3Rpb24gQWxsb3cgLVByb3RvY29sIFRDUCAtTG9jYWxQb3J0IDQ0MwoKbG9nbWVzc2FnZSAiRGlzYWJsaW5nIFdpbmRvd3MgRmlyZXdhbGxzIGNvbXBsZXRlIgoKI2dpdCBhbmQgZ2l0LWxmcyBpcyBvbiB0aGUgaW1hZ2UgYWxyZWFkeQpbcmVmbGVjdGlvbi5hc3NlbWJseV06OkxvYWRXaXRoUGFydGlhbE5hbWUoIlN5c3RlbS5EaXJlY3RvcnlTZXJ2aWNlcy5BY2NvdW50TWFuYWdlbWVudCIpCiR3aG9hbWkgPSBbU3lzdGVtLkRpcmVjdG9yeVNlcnZpY2VzLkFjY291bnRNYW5hZ2VtZW50LlVzZXJQcmluY2lwYWxdOjpDdXJyZW50CmxvZ21lc3NhZ2UgIkN1cnJlbnQgQ29udGV4dDogJHdob2FtaSIKCmxvZ21lc3NhZ2UgIkNyZWF0aW5nOiAkZm9sZGVyIgpOZXctSXRlbSAtUGF0aCAkZm9sZGVyIC1JdGVtVHlwZSBkaXJlY3RvcnkKCmxvZ21lc3NhZ2UgIkNsb25pbmcgY29kZSBwcm9jZXNzIGZyb20gR2l0IFN0YXJ0IgppZiAoIChHZXQtQ2hpbGRJdGVtICRmb2xkZXJOb1RyYWlsIHwgTWVhc3VyZS1PYmplY3QpLkNvdW50IC1lcSAwKSB7CiAgdHJ5IHsKICAgIGxvZ21lc3NhZ2UgIlNldCBQYXRoIHRvOiAkZm9sZGVyIgogICAgU2V0LUxvY2F0aW9uIC1QYXRoICRmb2xkZXIKCiAgICBsb2dtZXNzYWdlICJHaXQgTEZTIEluc3RhbGwiCiAgICAjIFNraXAgc211ZGdlCiAgICBnaXQgbGZzIGluc3RhbGwgLS1za2lwLXNtdWRnZQoKICAgIGxvZ21lc3NhZ2UgIkdpdCBDbG9uZSBTdGFydCIKICAgIGdpdCBjbG9uZSAtLWRlcHRoIDEgJGdpdHBhdGggJGZvbGRlck5vVHJhaWwgLS1xCgogICAgI0ZldGNoIGFsbCB0aGUgYmluYXJ5IGZpbGVzIGluIHRoZSBuZXcgY2xvbmUKICAgIGdpdCBsZnMgcHVsbAoKICAgICMgUmVpbnN0YXRlIHNtdWRnZQogICAgZ2l0IGxmcyBpbnN0YWxsIC0tZm9yY2UKCiAgICBsb2dtZXNzYWdlICJHaXQgQ2xvbmUgQ29tcGxldGUiCgogICAgbG9nbWVzc2FnZSAiR2l0IGNsb25pbmcgcHJvY2VzcyBDb21wbGV0ZSIKICB9CiAgY2F0Y2ggewogICAgbG9nbWVzc2FnZSAkXy5FeGNlcHRpb24uTWVzc2FnZQogICAgYnJlYWsKICB9CiAgZmluYWxseSB7CiAgICAkZXJyb3IuY2xlYXIoKQogIH0KfQplbHNlIHsKICBsb2dtZXNzYWdlICJVbnJlYWwgRm9sZGVyIHdhcyBub3QgRW1wdHkuIEFCT1JUSU5HLiIKICBicmVhawp9Cgpsb2dtZXNzYWdlICJTdGFydCBEaXJlY3RYIEluc3RhbGxhdGlvbiIKY2hvY28gdXBncmFkZSBkaXJlY3R4IC1zIGM6XFxjaG9jby1wYWNrYWdlc1xcZGlyZWN0eCAteSAtLW5vLXByb2dyZXNzCmxvZ21lc3NhZ2UgIkNvbXBsZXRlZCBEaXJlY3RYIEluc3RhbGxhdGlvbiIKCmxvZ21lc3NhZ2UgIlN0YXJ0aW5nIGEgQ2hvY28gVXBncmFkZSBBbGwiCmNob2NvIHVwZ3JhZGUgYWxsIC15IC0tbm8tcHJvZ3Jlc3MKbG9nbWVzc2FnZSAiQ29tcGxldGVkIHRoZSBDaG9jbyBVcGdyYWRlIEFsbCIKCiNBZGQgRlBTIHRvIEVuZ2luZS5pbmkgaWYgRlBTIGlzIHNldCB0byA+IC0xCmlmICgkZnBzIC1ndCAtMSkgewogIGxvZ21lc3NhZ2UgIlN0YXJ0IC0gQWRkaW5nIEZQUyBjb25maWcgdG8gRW5naW5lLmluaSIKCiAgdHJ5IHsKICAgIGlmICgtbm90IChUZXN0LVBhdGggLUxpdGVyYWxQYXRoICRlbmdpbmVJbmlGaWxlcGF0aCkpIHsKICAgICAgbG9nbWVzc2FnZSAiQ2Fubm90IGZpbmQgRW5naW5lLmluaSBmb2xkZXIgLSBjcmVhdGluZyBpdCBhbmQgYWRkaW5nIEVuZ2luZS5pbmkiCiAgICAgIE5ldy1JdGVtIC1QYXRoICRlbmdpbmVJbmlGaWxlcGF0aCAtSXRlbVR5cGUgZGlyZWN0b3J5CiAgICAgIE5ldy1JdGVtIC1QYXRoICgkZW5naW5lSW5pRmlsZXBhdGgrIlxFbmdpbmUuaW5pIikgLUl0ZW1UeXBlIEZpbGUKICAgIH0KICAgIGVsc2UgewogICAgICBsb2dtZXNzYWdlICJBZGRpbmcgRlBTIGNvbmZpZyB0byBFbmdpbmUuaW5pIgoKICAgICAgQWRkLUNvbnRlbnQgLVBhdGggJGVuZ2luZUluaUZpbGVwYXRoIC1WYWx1ZSAiIgogICAgICBBZGQtQ29udGVudCAtUGF0aCAkZW5naW5lSW5pRmlsZXBhdGggLVZhbHVlICJbL1NjcmlwdC9FbmdpbmUuRW5naW5lXSIKICAgICAgQWRkLUNvbnRlbnQgLVBhdGggJGVuZ2luZUluaUZpbGVwYXRoIC1WYWx1ZSAiYlVzZUZpeGVkRnJhbWVSYXRlPVRydWUiCiAgICAgIEFkZC1Db250ZW50IC1QYXRoICRlbmdpbmVJbmlGaWxlcGF0aCAtVmFsdWUgKCJGaXhlZEZyYW1lUmF0ZT0iICsgJGZwcyArICIuMDAwMDAwIikKICAgIH0KICAgIGxvZ21lc3NhZ2UgIkZpbmlzaCAtIEFkZGluZyBGUFMgY29uZmlnIGNvbXBsZXRlIgogIH0KICBjYXRjaCB7CiAgICBsb2dtZXNzYWdlICRfLkV4Y2VwdGlvbi5NZXNzYWdlCiAgfQogIGZpbmFsbHkgewogICAgJGVycm9yLmNsZWFyKCkKICB9Cn0KCmxvZ21lc3NhZ2UgIlN0YXJ0aW5nIExvb3AiCiMjIyMjIyMjIyMjIyMjIyMjIyMjIyMjIyMjIyMjIyMjIyMjIyMjIyMjIyMjIwojTG9vcHMgdGhyb3VnaCBhbGwgdGhlIGluc3RhbmNlcyBvZiB0aGUgU1Mgd2Ugd2FudCwgYW5kIGR1cGxjaWF0ZSB0aGUgZGlyZWN0b3J5IGFuZCBzZXR1cCB0aGUgY29uZmlnL3N0YXJ0dXAgcHJvY2Vzcwpmb3IgKCRpbnN0YW5jZU51bSA9IDE7ICRpbnN0YW5jZU51bSAtbGUgJGluc3RhbmNlc1Blck5vZGU7ICRpbnN0YW5jZU51bSsrKSB7CiAgdHJ5IHsKICAgICRTU0ZvbGRlciA9ICR2bVNlcnZpY2VGb2xkZXIKCiAgICAjaWYgd2UgYXJlIGF0IG1vcmUgdGhhbiBvbmUgaW5zdGFuY2UgaW4gdGhlIGxvb3Agd2UgbmVlZCB0byBkdXBsaWNhdGUgdGhlIFNTIGRpcgogICAgaWYgKCRpbnN0YW5jZU51bSAtZ3QgMSkgewogICAgICAkdGFza05hbWUgPSAiU3RhcnRWTVNTIiArICRpbnN0YW5jZU51bQogICAgICAkU1NGb2xkZXIgPSAkdm1XZWJTZXJ2aWNlc0ZvbGRlciArICJTaWduYWxsaW5nV2ViU2VydmVyIiArICRpbnN0YW5jZU51bQoKICAgICAgI2R1cGxpY2F0ZSB2bVNlcnZpY2VGb2xkZXIgZGlyZWN0b3J5CiAgICAgICRuZXdTU0ZvbGRlciA9ICR2bVdlYlNlcnZpY2VzRm9sZGVyICsgIlNpZ25hbGxpbmdXZWJTZXJ2ZXIiICsgJGluc3RhbmNlTnVtCiAgICAgICRzb3VyY2VGb2xkZXIgPSAkdm1TZXJ2aWNlRm9sZGVyICsgIioiCiAgICAgIENvcHktSXRlbSAtUGF0aCAkc291cmNlRm9sZGVyIC1EZXN0aW5hdGlvbiAkbmV3U1NGb2xkZXIgLVJlY3Vyc2UKICAgIH0KCiAgICB0cnkgewogICAgICBTZXQtTG9jYXRpb24gLVBhdGggJFNTRm9sZGVyCiAgICB9CiAgICBjYXRjaCB7CiAgICAgIGxvZ21lc3NhZ2UgJF8uRXhjZXB0aW9uLk1lc3NhZ2UKICAgICAgYnJlYWsKICAgIH0KICAgIGZpbmFsbHkgewogICAgICAkZXJyb3IuY2xlYXIoKQogICAgfQoKICAgIGxvZ21lc3NhZ2UgIldyaXRpbmcgcGFyYW10ZXJzIGZyb20gZXh0ZW5zaW9uOiAkU1NGb2xkZXIiCgogICAgJHZtc3NDb25maWdKc29uID0gKEdldC1Db250ZW50ICAiY29uZmlnLmpzb24iIC1SYXcpIHwgQ29udmVydEZyb20tSnNvbgogICAgbG9nbWVzc2FnZSAiY3VycmVudCBjb25maWcgOiAkdm1zc0NvbmZpZ0pzb24iCgogICAgJHZtc3NDb25maWdKc29uLnJlc291cmNlR3JvdXAgPSAkcmVzb3VyY2VfZ3JvdXBfbmFtZQogICAgJHZtc3NDb25maWdKc29uLnN1YnNjcmlwdGlvbklkID0gJHN1YnNjcmlwdGlvbl9pZAogICAgJHZtc3NDb25maWdKc29uLnZpcnR1YWxNYWNoaW5lU2NhbGVTZXQgPSAkdm1zc19uYW1lCiAgICAkdm1zc0NvbmZpZ0pzb24uYXBwSW5zaWdodHNJbnN0cnVtZW50YXRpb25LZXkgPSAkYXBwbGljYXRpb25faW5zaWdodHNfa2V5CiAgICAkdm1zc0NvbmZpZ0pzb24ubWF0Y2htYWtlckFkZHJlc3MgPSAkbW1fbGJfZnFkbgogICAgJHZtc3NDb25maWdKc29uLnB1YmxpY0lwID0gJHRoaXNwdWJsaWNpcAogICAgJHZtc3NDb25maWdKc29uLmh0dHBQb3J0ID0gKCRkZWZhdWx0SHR0cFBvcnQgKyAoJGluc3RhbmNlTnVtIC0gMSkpCiAgICAkdm1zc0NvbmZpZ0pzb24uaHR0cHNQb3J0ID0gKCRkZWZhdWx0SHR0cHNQb3J0ICsgKCRpbnN0YW5jZU51bSAtIDEpKQogICAgJHZtc3NDb25maWdKc29uLnN0cmVhbWVyUG9ydCA9ICgkc3RyZWFtaW5nUG9ydCArICgkaW5zdGFuY2VOdW0gLSAxKSkKICAgICR2bXNzQ29uZmlnSnNvbi51bnJlYWxBcHBOYW1lID0gJHBpeGVsX3N0cmVhbV9hcHBsaWNhdGlvbl9uYW1lCiAgICAkdm1zc0NvbmZpZ0pzb24ucmVnaW9uID0gJGRlcGxveW1lbnRMb2NhdGlvbgoKICAgICR2bXNzQ29uZmlnSnNvbiB8IENvbnZlcnRUby1Kc29uIHwgc2V0LWNvbnRlbnQgImNvbmZpZy5qc29uIgogICAgJHZtc3NDb25maWdKc29uID0gKEdldC1Db250ZW50ICAiY29uZmlnLmpzb24iIC1SYXcpIHwgQ29udmVydEZyb20tSnNvbgogICAgbG9nbWVzc2FnZSAkdm1zc0NvbmZpZ0pzb24KCiAgICBsb2dtZXNzYWdlICJXcml0aW5nIHBhcmFtZXRlcnMgZnJvbSBleHRlbnNpb24gY29tcGxldGUuIFVwZGF0ZWQgY29uZmlnIDogJHZtc3NDb25maWdKc29uIgogIH0KICBjYXRjaCB7CiAgICBsb2dtZXNzYWdlICJFeGNlcHRpb246ICIgKyAkXy5FeGNlcHRpb24KICB9CiAgZmluYWxseSB7CiAgICAkZXJyb3IuY2xlYXIoKQogIH0KCiAgbG9nbWVzc2FnZSAiQ3JlYXRpbmcgYSBqb2Igc2NoZWR1bGUgIgoKICAkdHJpZ2dlciA9IE5ldy1Kb2JUcmlnZ2VyIC1BdFN0YXJ0dXAgLVJhbmRvbURlbGF5IDAwOjAwOjEwCiAgdHJ5IHsKICAgICRVc2VyID0gIk5UIEFVVEhPUklUWVxTWVNURU0iCiAgICAkUFMgPSBOZXctU2NoZWR1bGVkVGFza0FjdGlvbiAtRXhlY3V0ZSAicG93ZXJzaGVsbC5leGUiIC1Bcmd1bWVudCAiLWV4ZWN1dGlvbnBvbGljeSBieXBhc3MgLW5vcHJvZmlsZSAtZmlsZSAkZXhlY3V0aW9uZmlsZXBhdGggJGluc3RhbmNlTnVtICRzdHJlYW1pbmdQb3J0ICRyZXNvbHV0aW9uV2lkdGggJHJlc29sdXRpb25IZWlnaHQgIiIkcGl4ZWxfc3RyZWFtX2FwcGxpY2F0aW9uX25hbWUiIiIKICAgIFJlZ2lzdGVyLVNjaGVkdWxlZFRhc2sgLVRyaWdnZXIgJHRyaWdnZXIgLVVzZXIgJFVzZXIgLVRhc2tOYW1lICR0YXNrTmFtZSAtQWN0aW9uICRQUyAtUnVuTGV2ZWwgSGlnaGVzdCAtQXNKb2IgLUZvcmNlCiAgfQogIGNhdGNoIHsKICAgIGxvZ21lc3NhZ2UgIkV4Y2VwdGlvbjogIiArICRfLkV4Y2VwdGlvbgogIH0KICBmaW5hbGx5IHsKICAgICRlcnJvci5jbGVhcigpCiAgfQoKICBsb2dtZXNzYWdlICJDcmVhdGluZyBhIGpvYiBzY2hlZHVsZSBjb21wbGV0ZSIKCiAgbG9nbWVzc2FnZSAiQXogTG9naW4iCiAgYXogbG9naW4gLS1pZGVudGl0eQogIGxvZ21lc3NhZ2UgIkF6IFNldCBTdWJzY3JpcHRpb24iCiAgYXogYWNjb3VudCBzZXQgLS1zdWJzY3JpcHRpb24gJHN1YnNjcmlwdGlvbl9pZAoKICBbcmVmbGVjdGlvbi5hc3NlbWJseV06OkxvYWRXaXRoUGFydGlhbE5hbWUoIlN5c3RlbS5EaXJlY3RvcnlTZXJ2aWNlcy5BY2NvdW50TWFuYWdlbWVudCIpCiAgJHdob2FtaSA9IFtTeXN0ZW0uRGlyZWN0b3J5U2VydmljZXMuQWNjb3VudE1hbmFnZW1lbnQuVXNlclByaW5jaXBhbF06OkN1cnJlbnQKICBsb2dtZXNzYWdlICJDdXJyZW50IENvbnRleHQ6ICR3aG9hbWkiCgogICMjIyBhZGRpbmcgcHJvY2VzcyB0byBkb3dubG9hZCBjZXJ0cwogIGxvZ21lc3NhZ2UgIlN0YXJ0aW5nIGRvd25sb2FkIG9mIGNlcnRzIgoKICAjY3JlYXRlIHRoZSBjZXJ0aWZpY2F0ZXMgZm9sZGVyCiAgJHZtQ2VydEZvbGRlciA9ICRTU0ZvbGRlciArICJcY2VydGlmaWNhdGVzIgoKICBpZiAoLW5vdCAoVGVzdC1QYXRoIC1MaXRlcmFsUGF0aCAkdm1DZXJ0Rm9sZGVyKSkgewogICAgJGZzbyA9IG5ldy1vYmplY3QgLUNvbU9iamVjdCBzY3JpcHRpbmcuZmlsZXN5c3RlbW9iamVjdAogICAgJGZzby5DcmVhdGVGb2xkZXIoJHZtQ2VydEZvbGRlcikKICB9CiAgZWxzZSB7CiAgICBsb2dtZXNzYWdlICJQYXRoIGFscmVhZHkgZXhpc3RzOiAkdm1DZXJ0Rm9sZGVyIgogIH0KCiAgI3NldCB0aGUgcGF0aCB0byB0aGUgY2VydGlmaWNhdGVzIGZvbGRlcgogIFNldC1Mb2NhdGlvbiAtUGF0aCAkdm1DZXJ0Rm9sZGVyCgogIHRyeSB7CiAgICAjY2hlY2sgdG8gc2VlIGlmIHRoZSBrZXkgZXhpc3RzPwogICAgJGFrdmNlcnQgPSAoYXoga2V5dmF1bHQgY2VydGlmaWNhdGUgbGlzdC12ZXJzaW9ucyAtLXZhdWx0LW5hbWUgJGFrdiAtbiAidW5yZWFscGl4ZWxzdHJlYW1pbmciIC0tcXVlcnkgIltdLntOYW1lOm5hbWV9IiAtbyB0YWJsZSkuQ291bnQKCiAgICAjZG93bmxvYWQgdGhlIGNlcnQgdG8gdGhlIGZvbGRlciAoMSBtZWFucyB0aGVyZSBpcyBubyBjZXJ0LCAzIG9yIG1vcmUgaW5kaWNhdGVzIHRoZSBzcGVjaWZpYyBjZXJ0IHdhcyBmb3VuZCkKICAgIGlmICgkYWt2Y2VydCAtZ3QgMSkgewogICAgICB0cnkgewogICAgICAgIGF6IGtleXZhdWx0IGNlcnRpZmljYXRlIGRvd25sb2FkIC0tdmF1bHQtbmFtZSAkYWt2IC1uICJ1bnJlYWxwaXhlbHN0cmVhbWluZyIgLWYgY2xpZW50LWNlcnQucGVtCiAgICAgICAgbG9nbWVzc2FnZSAiQ2VydGlmaWNhdGVzIERvd25sb2FkIFN1Y2NlZWRlZCIKICAgICAgfQogICAgICBjYXRjaCB7CiAgICAgICAgbG9nbWVzc2FnZSAiQ2VydGlmaWNhdGVzIERvd25sb2FkIEZhaWxlZCIKICAgICAgfQogICAgfQogICAgZWxzZSB7CiAgICAgIGxvZ21lc3NhZ2UgIkNlcnRpZmljYXRlIGRvZXMgbm90IGV4aXN0IgogICAgfQoKICAgIGxvZ21lc3NhZ2UgIkNvbXBsZXRlZCBkb3dubG9hZCBvZiBjZXJ0cyIKICAgICMjIyBlbmQgcHJvY2VzcyB0byBkb3dubG9hZCBjZXJ0cwogIH0KICBjYXRjaCB7CiAgICBsb2dtZXNzYWdlICJFeGNlcHRpb246ICIgKyAkXy5FeGNlcHRpb24KICB9CiAgZmluYWxseSB7CiAgICAkZXJyb3IuY2xlYXIoKQogIH0KICBsb2dtZXNzYWdlICJTdGFydGluZyB0aGUgVk1TUyBQcm9jZXNzICIKCiAgI2ludm9rZSB0aGUgc2NyaXB0IHRvIHN0YXJ0IGl0IHRoaXMgdGltZQogIFNldC1FeGVjdXRpb25Qb2xpY3kgQnlwYXNzIC1TY29wZSBDdXJyZW50VXNlciAtRm9yY2UKCiAgI0FkZCBwYXJhbSBmb3Igd2hpY2ggdmVyc2lvbiBvZiBTUyBmb2xkZXIgd2UgYXJlIGF0CiAgI0ludm9rZS1FeHByZXNzaW9uICIkZXhlY3V0aW9uZmlsZXBhdGggJGluc3RhbmNlTnVtICRzdHJlYW1pbmdQb3J0ICRyZXNvbHV0aW9uV2lkdGggJHJlc29sdXRpb25IZWlnaHQgJHBpeGVsX3N0cmVhbV9hcHBsaWNhdGlvbl9uYW1lIgogIFN0YXJ0LVNjaGVkdWxlZFRhc2sgLVRhc2tOYW1lICR0YXNrTmFtZSAtQXNKb2IKfQoKJEVuZFRpbWUgPSBHZXQtRGF0ZQpsb2dtZXNzYWdlICJDb21wbGV0ZWQgYXQ6JEVuZFRpbWUi",
            "data_disk": [],
            "do_not_run_extensions_on_overprovisioned_machines": false,
            "enable_automatic_updates": true,
            "encryption_at_host_enabled": false,
            "eviction_policy": "",
            "extension": null,
            "extensions_time_budget": "PT1H30M",
            "health_probe_id": "",
            "id": "/subscriptions/0cbfc5fe-8f57-4f7f-a5f4-cc9b1feb4bc0/resourceGroups/jvh9q-eastus-unreal-rg/providers/Microsoft.Compute/virtualMachineScaleSets/jvh9qvmss",
            "identity": [
              {
                "identity_ids": null,
                "principal_id": "2736169f-721a-4fab-b3c2-ab9a065c58da",
                "type": "SystemAssigned"
              }
            ],
            "instances": 1,
            "license_type": "",
            "location": "eastus",
            "max_bid_price": -1,
            "name": "jvh9qvmss",
            "network_interface": [
              {
                "dns_servers": null,
                "enable_accelerated_networking": false,
                "enable_ip_forwarding": false,
                "ip_configuration": [
                  {
                    "application_gateway_backend_address_pool_ids": null,
                    "application_security_group_ids": null,
                    "load_balancer_backend_address_pool_ids": null,
                    "load_balancer_inbound_nat_rules_ids": null,
                    "name": "external",
                    "primary": true,
                    "public_ip_address": [
                      {
                        "domain_name_label": "vmss-jvh9q",
                        "idle_timeout_in_minutes": 4,
                        "ip_tag": [],
                        "name": "vmss_public_ip",
                        "public_ip_prefix_id": ""
                      }
                    ],
                    "subnet_id": "/subscriptions/0cbfc5fe-8f57-4f7f-a5f4-cc9b1feb4bc0/resourceGroups/jvh9q-eastus-unreal-rg/providers/Microsoft.Network/virtualNetworks/jvh9q-vnet-eastus/subnets/jvh9q-subnet-eastus",
                    "version": "IPv4"
                  }
                ],
                "name": "vmss-nic-eastus",
                "network_security_group_id": "/subscriptions/0cbfc5fe-8f57-4f7f-a5f4-cc9b1feb4bc0/resourceGroups/jvh9q-eastus-unreal-rg/providers/Microsoft.Network/networkSecurityGroups/jvh9q-be-nsg",
                "primary": true
              }
            ],
            "os_disk": [
              {
                "caching": "ReadWrite",
                "diff_disk_settings": [],
                "disk_encryption_set_id": "",
                "disk_size_gb": 127,
                "storage_account_type": "Standard_LRS",
                "write_accelerator_enabled": false
              }
            ],
            "overprovision": true,
            "plan": [],
            "platform_fault_domain_count": 0,
            "priority": "Regular",
            "provision_vm_agent": true,
            "proximity_placement_group_id": "",
            "resource_group_name": "jvh9q-eastus-unreal-rg",
            "rolling_upgrade_policy": [],
            "scale_in_policy": "Default",
            "secret": [],
            "single_placement_group": true,
            "sku": "Standard_DS3_v2",
            "source_image_id": "",
            "source_image_reference": [
              {
                "offer": "msftpixelstreaming",
                "publisher": "microsoft-agci-gaming",
                "sku": "nvidia",
                "version": "latest"
              }
            ],
            "tags": null,
            "terminate_notification": null,
            "timeouts": null,
            "timezone": "",
            "unique_id": "209f42de-8417-473e-8703-a99435b3010b",
            "upgrade_mode": "Automatic",
            "winrm_listener": [],
            "zone_balance": false,
            "zones": null
          },
          "sensitive_attributes": [],
          "private": "eyJlMmJmYjczMC1lY2FhLTExZTYtOGY4OC0zNDM2M2JjN2M0YzAiOnsiY3JlYXRlIjozNjAwMDAwMDAwMDAwLCJkZWxldGUiOjM2MDAwMDAwMDAwMDAsInJlYWQiOjMwMDAwMDAwMDAwMCwidXBkYXRlIjozNjAwMDAwMDAwMDAwfX0=",
          "dependencies": [
            "module.region_deployment.azurerm_network_security_group.backend-nsg",
            "module.region_deployment.azurerm_resource_group.region-rg",
            "module.region_deployment.azurerm_subnet.subnet",
            "module.region_deployment.azurerm_virtual_network.vnet",
            "module.region_deployment.data.azurerm_client_config.regional-current",
            "module.region_deployment.random_string.admin_password",
            "random_string.base_id"
          ]
        }
      ]
    },
    {
      "module": "module.region_deployment[\"eastus-unreal-rg\"]",
      "mode": "managed",
      "type": "random_string",
      "name": "admin_password",
      "provider": "provider[\"registry.terraform.io/hashicorp/random\"]",
      "instances": [
        {
          "schema_version": 1,
          "attributes": {
            "id": "kYTn3dWU7{FXUPD",
            "keepers": null,
            "length": 15,
            "lower": true,
            "min_lower": 0,
            "min_numeric": 0,
            "min_special": 1,
            "min_upper": 0,
            "number": true,
            "override_special": null,
            "result": "kYTn3dWU7{FXUPD",
            "special": true,
            "upper": true
          },
          "sensitive_attributes": [],
          "private": "eyJzY2hlbWFfdmVyc2lvbiI6IjEifQ=="
        }
      ]
    }
  ]
}
