{
  "version": 4,
  "terraform_version": "1.0.8",
  "serial": 744,
  "lineage": "e43e447a-bf86-9729-9858-87b39de506f4",
  "outputs": {},
  "resources": [
    {
      "mode": "data",
      "type": "azurerm_client_config",
      "name": "current",
      "provider": "provider[\"registry.terraform.io/hashicorp/azurerm\"]",
      "instances": [
        {
          "schema_version": 0,
          "attributes": {
            "client_id": "04b07795-8ddb-461a-bbee-02f9e1bf7b46",
            "id": "2021-10-22 14:31:18.2587576 +0000 UTC",
            "object_id": "6f2b0c2c-5b93-4ee7-b6d6-57cad1d038e3",
            "subscription_id": "0cbfc5fe-8f57-4f7f-a5f4-cc9b1feb4bc0",
            "tenant_id": "40656ed8-88a4-4578-87e8-04444b36a28f",
            "timeouts": null
          },
          "sensitive_attributes": []
        }
      ]
    },
    {
      "mode": "managed",
      "type": "azurerm_key_vault",
      "name": "akv",
      "provider": "provider[\"registry.terraform.io/hashicorp/azurerm\"]",
      "instances": [
        {
          "schema_version": 2,
          "attributes": {
            "access_policy": [
              {
                "application_id": "",
                "certificate_permissions": [
                  "get",
                  "delete",
                  "list",
                  "import",
                  "update"
                ],
                "key_permissions": [
                  "create",
                  "get",
                  "list",
                  "verify"
                ],
                "object_id": "6f2b0c2c-5b93-4ee7-b6d6-57cad1d038e3",
                "secret_permissions": [
                  "set",
                  "get",
                  "delete",
                  "list",
                  "recover"
                ],
                "storage_permissions": [],
                "tenant_id": "40656ed8-88a4-4578-87e8-04444b36a28f"
              },
              {
                "application_id": "",
                "certificate_permissions": [
                  "get",
                  "list"
                ],
                "key_permissions": [],
                "object_id": "ec0205de-4f35-4658-a77f-adb7c4d6b823",
                "secret_permissions": [],
                "storage_permissions": [],
                "tenant_id": "40656ed8-88a4-4578-87e8-04444b36a28f"
              }
            ],
            "contact": [],
            "enable_rbac_authorization": false,
            "enabled_for_deployment": false,
            "enabled_for_disk_encryption": false,
            "enabled_for_template_deployment": false,
            "id": "/subscriptions/0cbfc5fe-8f57-4f7f-a5f4-cc9b1feb4bc0/resourceGroups/1db4j-global-unreal-rg/providers/Microsoft.KeyVault/vaults/akv-1db4j-eastus",
            "location": "eastus",
            "name": "akv-1db4j-eastus",
            "network_acls": [
              {
                "bypass": "AzureServices",
                "default_action": "Allow",
                "ip_rules": [],
                "virtual_network_subnet_ids": []
              }
            ],
            "purge_protection_enabled": false,
            "resource_group_name": "1db4j-global-unreal-rg",
            "sku_name": "premium",
            "soft_delete_enabled": true,
            "soft_delete_retention_days": 7,
            "tags": {},
            "tenant_id": "40656ed8-88a4-4578-87e8-04444b36a28f",
            "timeouts": null,
            "vault_uri": "https://akv-1db4j-eastus.vault.azure.net/"
          },
          "sensitive_attributes": [],
          "private": "eyJlMmJmYjczMC1lY2FhLTExZTYtOGY4OC0zNDM2M2JjN2M0YzAiOnsiY3JlYXRlIjoxODAwMDAwMDAwMDAwLCJkZWxldGUiOjE4MDAwMDAwMDAwMDAsInJlYWQiOjMwMDAwMDAwMDAwMCwidXBkYXRlIjoxODAwMDAwMDAwMDAwfSwic2NoZW1hX3ZlcnNpb24iOiIyIn0=",
          "dependencies": [
            "azurerm_resource_group.rg_global",
            "data.azurerm_client_config.current",
            "random_string.base_id"
          ]
        }
      ]
    },
    {
      "mode": "managed",
      "type": "azurerm_resource_group",
      "name": "rg_global",
      "provider": "provider[\"registry.terraform.io/hashicorp/azurerm\"]",
      "instances": [
        {
          "schema_version": 0,
          "attributes": {
            "id": "/subscriptions/0cbfc5fe-8f57-4f7f-a5f4-cc9b1feb4bc0/resourceGroups/1db4j-global-unreal-rg",
            "location": "eastus",
            "name": "1db4j-global-unreal-rg",
            "tags": {
              "client_id": "04b07795-8ddb-461a-bbee-02f9e1bf7b46"
            },
            "timeouts": null
          },
          "sensitive_attributes": [],
          "private": "eyJlMmJmYjczMC1lY2FhLTExZTYtOGY4OC0zNDM2M2JjN2M0YzAiOnsiY3JlYXRlIjo1NDAwMDAwMDAwMDAwLCJkZWxldGUiOjU0MDAwMDAwMDAwMDAsInJlYWQiOjMwMDAwMDAwMDAwMCwidXBkYXRlIjo1NDAwMDAwMDAwMDAwfX0=",
          "dependencies": [
            "data.azurerm_client_config.current",
            "random_string.base_id"
          ]
        }
      ]
    },
    {
      "mode": "managed",
      "type": "random_string",
      "name": "base_id",
      "provider": "provider[\"registry.terraform.io/hashicorp/random\"]",
      "instances": [
        {
          "schema_version": 1,
          "attributes": {
            "id": "1db4j",
            "keepers": null,
            "length": 5,
            "lower": true,
            "min_lower": 0,
            "min_numeric": 0,
            "min_special": 0,
            "min_upper": 0,
            "number": true,
            "override_special": null,
            "result": "1db4j",
            "special": false,
            "upper": false
          },
          "sensitive_attributes": [],
          "private": "eyJzY2hlbWFfdmVyc2lvbiI6IjEifQ=="
        }
      ]
    },
    {
      "module": "module.region_deployment[\"eastus-unreal-rg\"]",
      "mode": "data",
      "type": "azurerm_client_config",
      "name": "regional-current",
      "provider": "provider[\"registry.terraform.io/hashicorp/azurerm\"]",
      "instances": [
        {
          "schema_version": 0,
          "attributes": {
            "client_id": "04b07795-8ddb-461a-bbee-02f9e1bf7b46",
            "id": "2021-10-22 14:31:18.2587576 +0000 UTC",
            "object_id": "6f2b0c2c-5b93-4ee7-b6d6-57cad1d038e3",
            "subscription_id": "0cbfc5fe-8f57-4f7f-a5f4-cc9b1feb4bc0",
            "tenant_id": "40656ed8-88a4-4578-87e8-04444b36a28f",
            "timeouts": null
          },
          "sensitive_attributes": []
        }
      ]
    },
    {
      "module": "module.region_deployment[\"eastus-unreal-rg\"]",
      "mode": "managed",
      "type": "azurerm_key_vault_secret",
      "name": "pwd_secret",
      "provider": "provider[\"registry.terraform.io/hashicorp/azurerm\"]",
      "instances": [
        {
          "schema_version": 0,
          "attributes": {
            "content_type": "",
            "expiration_date": null,
            "id": "https://akv-1db4j-eastus.vault.azure.net/secrets/1db4j-eastus-password/ea1df302f7e94f5383ec30c5ba3b63ca",
            "key_vault_id": "/subscriptions/0cbfc5fe-8f57-4f7f-a5f4-cc9b1feb4bc0/resourceGroups/1db4j-global-unreal-rg/providers/Microsoft.KeyVault/vaults/akv-1db4j-eastus",
            "name": "1db4j-eastus-password",
            "not_before_date": null,
            "tags": {},
            "timeouts": null,
            "value": "*Uv5A_V#Wx*2z*+",
            "version": "ea1df302f7e94f5383ec30c5ba3b63ca"
          },
          "sensitive_attributes": [],
          "private": "eyJlMmJmYjczMC1lY2FhLTExZTYtOGY4OC0zNDM2M2JjN2M0YzAiOnsiY3JlYXRlIjoxODAwMDAwMDAwMDAwLCJkZWxldGUiOjE4MDAwMDAwMDAwMDAsInJlYWQiOjMwMDAwMDAwMDAwMCwidXBkYXRlIjoxODAwMDAwMDAwMDAwfX0=",
          "dependencies": [
            "azurerm_key_vault.akv",
            "azurerm_resource_group.rg_global",
            "data.azurerm_client_config.current",
            "module.region_deployment.random_string.admin_password",
            "random_string.base_id"
          ]
        }
      ]
    },
    {
      "module": "module.region_deployment[\"eastus-unreal-rg\"]",
      "mode": "managed",
      "type": "azurerm_network_interface",
      "name": "nic",
      "provider": "provider[\"registry.terraform.io/hashicorp/azurerm\"]",
      "instances": [
        {
          "schema_version": 0,
          "attributes": {
            "applied_dns_servers": [],
            "dns_servers": [],
            "enable_accelerated_networking": false,
            "enable_ip_forwarding": false,
            "id": "/subscriptions/0cbfc5fe-8f57-4f7f-a5f4-cc9b1feb4bc0/resourceGroups/1db4j-eastus-unreal-rg/providers/Microsoft.Network/networkInterfaces/mm-nic-eastus",
            "internal_dns_name_label": "mm-1db4j-local",
            "internal_domain_name_suffix": "q3bqcq4vg4jurgm3ix02e5wo2e.bx.internal.cloudapp.net",
            "ip_configuration": [
              {
                "name": "1db4j-mm-config",
                "primary": true,
                "private_ip_address": "10.100.0.4",
                "private_ip_address_allocation": "Dynamic",
                "private_ip_address_version": "IPv4",
                "public_ip_address_id": "/subscriptions/0cbfc5fe-8f57-4f7f-a5f4-cc9b1feb4bc0/resourceGroups/1db4j-eastus-unreal-rg/providers/Microsoft.Network/publicIPAddresses/1db4j-mmvm-eastus-pip",
                "subnet_id": "/subscriptions/0cbfc5fe-8f57-4f7f-a5f4-cc9b1feb4bc0/resourceGroups/1db4j-eastus-unreal-rg/providers/Microsoft.Network/virtualNetworks/1db4j-vnet-eastus/subnets/1db4j-subnet-eastus"
              }
            ],
            "location": "eastus",
            "mac_address": "00-0D-3A-8E-CC-68",
            "name": "mm-nic-eastus",
            "private_ip_address": "10.100.0.4",
            "private_ip_addresses": [
              "10.100.0.4"
            ],
            "resource_group_name": "1db4j-eastus-unreal-rg",
            "tags": {},
            "timeouts": null,
            "virtual_machine_id": "/subscriptions/0cbfc5fe-8f57-4f7f-a5f4-cc9b1feb4bc0/resourceGroups/1db4j-eastus-unreal-rg/providers/Microsoft.Compute/virtualMachines/mm-vm"
          },
          "sensitive_attributes": [],
          "private": "eyJlMmJmYjczMC1lY2FhLTExZTYtOGY4OC0zNDM2M2JjN2M0YzAiOnsiY3JlYXRlIjoxODAwMDAwMDAwMDAwLCJkZWxldGUiOjE4MDAwMDAwMDAwMDAsInJlYWQiOjMwMDAwMDAwMDAwMCwidXBkYXRlIjoxODAwMDAwMDAwMDAwfX0=",
          "dependencies": [
            "module.region_deployment.azurerm_public_ip.pip",
            "module.region_deployment.azurerm_resource_group.region-rg",
            "module.region_deployment.azurerm_subnet.subnet",
            "module.region_deployment.azurerm_virtual_network.vnet",
            "module.region_deployment.data.azurerm_client_config.regional-current",
            "random_string.base_id"
          ]
        }
      ]
    },
    {
      "module": "module.region_deployment[\"eastus-unreal-rg\"]",
      "mode": "managed",
      "type": "azurerm_public_ip",
      "name": "pip",
      "provider": "provider[\"registry.terraform.io/hashicorp/azurerm\"]",
      "instances": [
        {
          "schema_version": 0,
          "attributes": {
            "allocation_method": "Static",
            "domain_name_label": "mmvm-1db4j",
            "fqdn": "mmvm-1db4j.eastus.cloudapp.azure.com",
            "id": "/subscriptions/0cbfc5fe-8f57-4f7f-a5f4-cc9b1feb4bc0/resourceGroups/1db4j-eastus-unreal-rg/providers/Microsoft.Network/publicIPAddresses/1db4j-mmvm-eastus-pip",
            "idle_timeout_in_minutes": 4,
            "ip_address": "20.62.227.133",
            "ip_version": "IPv4",
            "location": "eastus",
            "name": "1db4j-mmvm-eastus-pip",
            "public_ip_prefix_id": null,
            "resource_group_name": "1db4j-eastus-unreal-rg",
            "reverse_fqdn": "",
            "sku": "Standard",
            "tags": {},
            "timeouts": null,
            "zones": []
          },
          "sensitive_attributes": [],
          "private": "eyJlMmJmYjczMC1lY2FhLTExZTYtOGY4OC0zNDM2M2JjN2M0YzAiOnsiY3JlYXRlIjoxODAwMDAwMDAwMDAwLCJkZWxldGUiOjE4MDAwMDAwMDAwMDAsInJlYWQiOjMwMDAwMDAwMDAwMCwidXBkYXRlIjoxODAwMDAwMDAwMDAwfX0=",
          "dependencies": [
            "module.region_deployment.azurerm_resource_group.region-rg",
            "module.region_deployment.data.azurerm_client_config.regional-current",
            "random_string.base_id"
          ]
        }
      ]
    },
    {
      "module": "module.region_deployment[\"eastus-unreal-rg\"]",
      "mode": "managed",
      "type": "azurerm_resource_group",
      "name": "region-rg",
      "provider": "provider[\"registry.terraform.io/hashicorp/azurerm\"]",
      "instances": [
        {
          "schema_version": 0,
          "attributes": {
            "id": "/subscriptions/0cbfc5fe-8f57-4f7f-a5f4-cc9b1feb4bc0/resourceGroups/1db4j-eastus-unreal-rg",
            "location": "eastus",
            "name": "1db4j-eastus-unreal-rg",
            "tags": {
              "client_id": "04b07795-8ddb-461a-bbee-02f9e1bf7b46"
            },
            "timeouts": null
          },
          "sensitive_attributes": [],
          "private": "eyJlMmJmYjczMC1lY2FhLTExZTYtOGY4OC0zNDM2M2JjN2M0YzAiOnsiY3JlYXRlIjo1NDAwMDAwMDAwMDAwLCJkZWxldGUiOjU0MDAwMDAwMDAwMDAsInJlYWQiOjMwMDAwMDAwMDAwMCwidXBkYXRlIjo1NDAwMDAwMDAwMDAwfX0=",
          "dependencies": [
            "module.region_deployment.data.azurerm_client_config.regional-current",
            "random_string.base_id"
          ]
        }
      ]
    },
    {
      "module": "module.region_deployment[\"eastus-unreal-rg\"]",
      "mode": "managed",
      "type": "azurerm_subnet",
      "name": "subnet",
      "provider": "provider[\"registry.terraform.io/hashicorp/azurerm\"]",
      "instances": [
        {
          "schema_version": 0,
          "attributes": {
            "address_prefix": "10.100.0.0/22",
            "address_prefixes": [
              "10.100.0.0/22"
            ],
            "delegation": [],
            "enforce_private_link_endpoint_network_policies": false,
            "enforce_private_link_service_network_policies": false,
            "id": "/subscriptions/0cbfc5fe-8f57-4f7f-a5f4-cc9b1feb4bc0/resourceGroups/1db4j-eastus-unreal-rg/providers/Microsoft.Network/virtualNetworks/1db4j-vnet-eastus/subnets/1db4j-subnet-eastus",
            "name": "1db4j-subnet-eastus",
            "resource_group_name": "1db4j-eastus-unreal-rg",
            "service_endpoint_policy_ids": [],
            "service_endpoints": [],
            "timeouts": null,
            "virtual_network_name": "1db4j-vnet-eastus"
          },
          "sensitive_attributes": [],
          "private": "eyJlMmJmYjczMC1lY2FhLTExZTYtOGY4OC0zNDM2M2JjN2M0YzAiOnsiY3JlYXRlIjoxODAwMDAwMDAwMDAwLCJkZWxldGUiOjE4MDAwMDAwMDAwMDAsInJlYWQiOjMwMDAwMDAwMDAwMCwidXBkYXRlIjoxODAwMDAwMDAwMDAwfX0=",
          "dependencies": [
            "module.region_deployment.azurerm_resource_group.region-rg",
            "module.region_deployment.azurerm_virtual_network.vnet",
            "module.region_deployment.data.azurerm_client_config.regional-current",
            "random_string.base_id"
          ]
        }
      ]
    },
    {
      "module": "module.region_deployment[\"eastus-unreal-rg\"]",
      "mode": "managed",
      "type": "azurerm_virtual_network",
      "name": "vnet",
      "provider": "provider[\"registry.terraform.io/hashicorp/azurerm\"]",
      "instances": [
        {
          "schema_version": 0,
          "attributes": {
            "address_space": [
              "10.100.0.0/16"
            ],
            "bgp_community": "",
            "ddos_protection_plan": [],
            "dns_servers": [],
            "guid": "43014387-37d5-4893-999d-45f5c27ecee4",
            "id": "/subscriptions/0cbfc5fe-8f57-4f7f-a5f4-cc9b1feb4bc0/resourceGroups/1db4j-eastus-unreal-rg/providers/Microsoft.Network/virtualNetworks/1db4j-vnet-eastus",
            "location": "eastus",
            "name": "1db4j-vnet-eastus",
            "resource_group_name": "1db4j-eastus-unreal-rg",
            "subnet": [
              {
                "address_prefix": "10.100.0.0/22",
                "id": "/subscriptions/0cbfc5fe-8f57-4f7f-a5f4-cc9b1feb4bc0/resourceGroups/1db4j-eastus-unreal-rg/providers/Microsoft.Network/virtualNetworks/1db4j-vnet-eastus/subnets/1db4j-subnet-eastus",
                "name": "1db4j-subnet-eastus",
                "security_group": ""
              }
            ],
            "tags": {},
            "timeouts": null,
            "vm_protection_enabled": false
          },
          "sensitive_attributes": [],
          "private": "eyJlMmJmYjczMC1lY2FhLTExZTYtOGY4OC0zNDM2M2JjN2M0YzAiOnsiY3JlYXRlIjoxODAwMDAwMDAwMDAwLCJkZWxldGUiOjE4MDAwMDAwMDAwMDAsInJlYWQiOjMwMDAwMDAwMDAwMCwidXBkYXRlIjoxODAwMDAwMDAwMDAwfX0=",
          "dependencies": [
            "module.region_deployment.azurerm_resource_group.region-rg",
            "module.region_deployment.data.azurerm_client_config.regional-current",
            "random_string.base_id"
          ]
        }
      ]
    },
    {
      "module": "module.region_deployment[\"eastus-unreal-rg\"]",
      "mode": "managed",
      "type": "random_string",
      "name": "admin_password",
      "provider": "provider[\"registry.terraform.io/hashicorp/random\"]",
      "instances": [
        {
          "schema_version": 1,
          "attributes": {
            "id": "*Uv5A_V#Wx*2z*+",
            "keepers": null,
            "length": 15,
            "lower": true,
            "min_lower": 0,
            "min_numeric": 0,
            "min_special": 1,
            "min_upper": 0,
            "number": true,
            "override_special": null,
            "result": "*Uv5A_V#Wx*2z*+",
            "special": true,
            "upper": true
          },
          "sensitive_attributes": [],
          "private": "eyJzY2hlbWFfdmVyc2lvbiI6IjEifQ=="
        }
      ]
    }
  ]
}
