{
  "version": 4,
  "terraform_version": "1.0.8",
  "serial": 1159,
  "lineage": "e43e447a-bf86-9729-9858-87b39de506f4",
  "outputs": {},
  "resources": [
    {
      "mode": "data",
      "type": "azurerm_client_config",
      "name": "current",
      "provider": "provider[\"registry.terraform.io/hashicorp/azurerm\"]",
      "instances": [
        {
          "schema_version": 0,
          "attributes": {
            "client_id": "04b07795-8ddb-461a-bbee-02f9e1bf7b46",
            "id": "2021-11-02 18:11:29.4553999 +0000 UTC",
            "object_id": "6f2b0c2c-5b93-4ee7-b6d6-57cad1d038e3",
            "subscription_id": "0cbfc5fe-8f57-4f7f-a5f4-cc9b1feb4bc0",
            "tenant_id": "40656ed8-88a4-4578-87e8-04444b36a28f",
            "timeouts": null
          },
          "sensitive_attributes": []
        }
      ]
    },
    {
      "mode": "managed",
      "type": "azurerm_key_vault",
      "name": "akv",
      "provider": "provider[\"registry.terraform.io/hashicorp/azurerm\"]",
      "instances": [
        {
          "schema_version": 2,
          "attributes": {
            "access_policy": [
              {
                "application_id": "",
                "certificate_permissions": [
                  "get",
                  "delete",
                  "list",
                  "import",
                  "update"
                ],
                "key_permissions": [
                  "create",
                  "get",
                  "list",
                  "verify"
                ],
                "object_id": "6f2b0c2c-5b93-4ee7-b6d6-57cad1d038e3",
                "secret_permissions": [
                  "set",
                  "get",
                  "delete",
                  "list",
                  "recover"
                ],
                "storage_permissions": [],
                "tenant_id": "40656ed8-88a4-4578-87e8-04444b36a28f"
              }
            ],
            "contact": [],
            "enable_rbac_authorization": false,
            "enabled_for_deployment": false,
            "enabled_for_disk_encryption": false,
            "enabled_for_template_deployment": false,
            "id": "/subscriptions/0cbfc5fe-8f57-4f7f-a5f4-cc9b1feb4bc0/resourceGroups/dser6-global-unreal-rg/providers/Microsoft.KeyVault/vaults/akv-dser6-eastus",
            "location": "eastus",
            "name": "akv-dser6-eastus",
            "network_acls": [
              {
                "bypass": "AzureServices",
                "default_action": "Allow",
                "ip_rules": [],
                "virtual_network_subnet_ids": []
              }
            ],
            "purge_protection_enabled": false,
            "resource_group_name": "dser6-global-unreal-rg",
            "sku_name": "premium",
            "soft_delete_enabled": true,
            "soft_delete_retention_days": 7,
            "tags": {},
            "tenant_id": "40656ed8-88a4-4578-87e8-04444b36a28f",
            "timeouts": null,
            "vault_uri": "https://akv-dser6-eastus.vault.azure.net/"
          },
          "sensitive_attributes": [],
          "private": "eyJlMmJmYjczMC1lY2FhLTExZTYtOGY4OC0zNDM2M2JjN2M0YzAiOnsiY3JlYXRlIjoxODAwMDAwMDAwMDAwLCJkZWxldGUiOjE4MDAwMDAwMDAwMDAsInJlYWQiOjMwMDAwMDAwMDAwMCwidXBkYXRlIjoxODAwMDAwMDAwMDAwfSwic2NoZW1hX3ZlcnNpb24iOiIyIn0=",
          "dependencies": [
            "azurerm_resource_group.rg_global",
            "data.azurerm_client_config.current",
            "random_string.base_id"
          ]
        }
      ]
    },
    {
      "mode": "managed",
      "type": "azurerm_resource_group",
      "name": "rg_global",
      "provider": "provider[\"registry.terraform.io/hashicorp/azurerm\"]",
      "instances": [
        {
          "schema_version": 0,
          "attributes": {
            "id": "/subscriptions/0cbfc5fe-8f57-4f7f-a5f4-cc9b1feb4bc0/resourceGroups/dser6-global-unreal-rg",
            "location": "eastus",
            "name": "dser6-global-unreal-rg",
            "tags": {
              "client_id": "04b07795-8ddb-461a-bbee-02f9e1bf7b46"
            },
            "timeouts": null
          },
          "sensitive_attributes": [],
          "private": "eyJlMmJmYjczMC1lY2FhLTExZTYtOGY4OC0zNDM2M2JjN2M0YzAiOnsiY3JlYXRlIjo1NDAwMDAwMDAwMDAwLCJkZWxldGUiOjU0MDAwMDAwMDAwMDAsInJlYWQiOjMwMDAwMDAwMDAwMCwidXBkYXRlIjo1NDAwMDAwMDAwMDAwfX0=",
          "dependencies": [
            "random_string.base_id",
            "data.azurerm_client_config.current"
          ]
        }
      ]
    },
    {
      "mode": "managed",
      "type": "random_string",
      "name": "base_id",
      "provider": "provider[\"registry.terraform.io/hashicorp/random\"]",
      "instances": [
        {
          "schema_version": 1,
          "attributes": {
            "id": "dser6",
            "keepers": null,
            "length": 5,
            "lower": true,
            "min_lower": 0,
            "min_numeric": 0,
            "min_special": 0,
            "min_upper": 0,
            "number": true,
            "override_special": null,
            "result": "dser6",
            "special": false,
            "upper": false
          },
          "sensitive_attributes": [],
          "private": "eyJzY2hlbWFfdmVyc2lvbiI6IjEifQ=="
        }
      ]
    },
    {
      "module": "module.region_deployment[\"eastus-unreal-rg\"]",
      "mode": "managed",
      "type": "azurerm_key_vault_secret",
      "name": "pwd_secret",
      "provider": "provider[\"registry.terraform.io/hashicorp/azurerm\"]",
      "instances": [
        {
          "schema_version": 0,
          "attributes": {
            "content_type": "",
            "expiration_date": null,
            "id": "https://akv-dser6-eastus.vault.azure.net/secrets/dser6-eastus-password/2eea8e879de54fe29bdfb9d3377739be",
            "key_vault_id": "/subscriptions/0cbfc5fe-8f57-4f7f-a5f4-cc9b1feb4bc0/resourceGroups/dser6-global-unreal-rg/providers/Microsoft.KeyVault/vaults/akv-dser6-eastus",
            "name": "dser6-eastus-password",
            "not_before_date": null,
            "tags": {},
            "timeouts": null,
            "value": "sFyMt:QI52]CBm(",
            "version": "2eea8e879de54fe29bdfb9d3377739be"
          },
          "sensitive_attributes": [],
          "private": "eyJlMmJmYjczMC1lY2FhLTExZTYtOGY4OC0zNDM2M2JjN2M0YzAiOnsiY3JlYXRlIjoxODAwMDAwMDAwMDAwLCJkZWxldGUiOjE4MDAwMDAwMDAwMDAsInJlYWQiOjMwMDAwMDAwMDAwMCwidXBkYXRlIjoxODAwMDAwMDAwMDAwfX0=",
          "dependencies": [
            "module.region_deployment.random_string.admin_password",
            "random_string.base_id",
            "azurerm_key_vault.akv",
            "azurerm_resource_group.rg_global",
            "data.azurerm_client_config.current"
          ]
        }
      ]
    },
    {
      "module": "module.region_deployment[\"eastus-unreal-rg\"]",
      "mode": "managed",
      "type": "random_string",
      "name": "admin_password",
      "provider": "provider[\"registry.terraform.io/hashicorp/random\"]",
      "instances": [
        {
          "schema_version": 1,
          "attributes": {
            "id": "sFyMt:QI52]CBm(",
            "keepers": null,
            "length": 15,
            "lower": true,
            "min_lower": 0,
            "min_numeric": 0,
            "min_special": 1,
            "min_upper": 0,
            "number": true,
            "override_special": null,
            "result": "sFyMt:QI52]CBm(",
            "special": true,
            "upper": true
          },
          "sensitive_attributes": [],
          "private": "eyJzY2hlbWFfdmVyc2lvbiI6IjEifQ=="
        }
      ]
    }
  ]
}
